// !$*UTF8*$!
{
	archiveVersion = 1;
	classes = {
	};
	objectVersion = 50;
	objects = {

/* Begin PBXBuildFile section */
		CBA9D75523187F17001ED558 /* AppDelegate.mm in Sources */ = {isa = PBXBuildFile; fileRef = CBA9D75423187F17001ED558 /* AppDelegate.mm */; };
		CBA9D75A23187F19001ED558 /* Assets.xcassets in Resources */ = {isa = PBXBuildFile; fileRef = CBA9D75923187F19001ED558 /* Assets.xcassets */; };
		CBA9D75D23187F19001ED558 /* Main.storyboard in Resources */ = {isa = PBXBuildFile; fileRef = CBA9D75B23187F19001ED558 /* Main.storyboard */; };
		CBA9D76023187F19001ED558 /* main.m in Sources */ = {isa = PBXBuildFile; fileRef = CBA9D75F23187F19001ED558 /* main.m */; };
		CBA9D76B23187F19001ED558 /* FileSaverTests.m in Sources */ = {isa = PBXBuildFile; fileRef = CBA9D76A23187F19001ED558 /* FileSaverTests.m */; };
		CBA9D77623187F19001ED558 /* FileSaverUITests.m in Sources */ = {isa = PBXBuildFile; fileRef = CBA9D77523187F19001ED558 /* FileSaverUITests.m */; };
		CBEDB5D22357CCF300787ED4 /* liblfilesaver.a in Frameworks */ = {isa = PBXBuildFile; fileRef = CBEDB570235710CC00787ED4 /* liblfilesaver.a */; };
		E430B17CF9FC2DD98F00CAFD /* ForwardingScrollView.mm in Sources */ = {isa = PBXBuildFile; fileRef = E430B014AC469550BF21D099 /* ForwardingScrollView.mm */; };
		E430B25C44D422ED7148F92C /* FileTableCell.mm in Sources */ = {isa = PBXBuildFile; fileRef = E430B503FEC22F0E38C55D48 /* FileTableCell.mm */; };
		E430B2B15189F8A994FADED8 /* WorkerManagerService.cpp in Sources */ = {isa = PBXBuildFile; fileRef = E430B2F1C983B3DC3CFFA550 /* WorkerManagerService.cpp */; };
		E430B3F5F00FDD85DAD4F10A /* StatisticsViewController.mm in Sources */ = {isa = PBXBuildFile; fileRef = E430B466E147399488572AA5 /* StatisticsViewController.mm */; };
		E430B55F6E482651F831C9CC /* ForwardingScrollView.mm in Sources */ = {isa = PBXBuildFile; fileRef = E430B014AC469550BF21D099 /* ForwardingScrollView.mm */; };
		E430B590FE8E42458EC30369 /* WorkerManagerService.cpp in Sources */ = {isa = PBXBuildFile; fileRef = E430B2F1C983B3DC3CFFA550 /* WorkerManagerService.cpp */; };
		E430B7564B13852675B8D7C5 /* StatisticsViewController.mm in Sources */ = {isa = PBXBuildFile; fileRef = E430B466E147399488572AA5 /* StatisticsViewController.mm */; };
		E430B7784225B363A7282C62 /* DirectoryTableViewController.mm in Sources */ = {isa = PBXBuildFile; fileRef = E430B60348D22DD17F898933 /* DirectoryTableViewController.mm */; };
		E430BA08A4705DD726D56479 /* DirectoryTableViewController.mm in Sources */ = {isa = PBXBuildFile; fileRef = E430B60348D22DD17F898933 /* DirectoryTableViewController.mm */; };
		E430BA7C8B798B012FC6974D /* WorkerManagerService.cpp in Sources */ = {isa = PBXBuildFile; fileRef = E430B2F1C983B3DC3CFFA550 /* WorkerManagerService.cpp */; };
		E430BA89B417C0D1CA843F26 /* VisualizationsViewController.mm in Sources */ = {isa = PBXBuildFile; fileRef = E430B0DACEE672729AB72735 /* VisualizationsViewController.mm */; };
		E430BB096650899D92447BFE /* ForwardingScrollView.mm in Sources */ = {isa = PBXBuildFile; fileRef = E430B014AC469550BF21D099 /* ForwardingScrollView.mm */; };
		E430BBB8AB338143B996D953 /* DirectoryTableViewController.mm in Sources */ = {isa = PBXBuildFile; fileRef = E430B60348D22DD17F898933 /* DirectoryTableViewController.mm */; };
		E430BD0578EA205721937E7B /* VisualizationsViewController.mm in Sources */ = {isa = PBXBuildFile; fileRef = E430B0DACEE672729AB72735 /* VisualizationsViewController.mm */; };
		E430BD7A51F1ABEADC0EDBED /* FileTableCell.mm in Sources */ = {isa = PBXBuildFile; fileRef = E430B503FEC22F0E38C55D48 /* FileTableCell.mm */; };
		E430BD81056A0A8E8E3E876E /* StatisticsViewController.mm in Sources */ = {isa = PBXBuildFile; fileRef = E430B466E147399488572AA5 /* StatisticsViewController.mm */; };
		E430BDB2476337A94C01A44B /* VisualizationsViewController.mm in Sources */ = {isa = PBXBuildFile; fileRef = E430B0DACEE672729AB72735 /* VisualizationsViewController.mm */; };
		E430BF4401D712C5FD708F3B /* FileTableFileController.mm in Sources */ = {isa = PBXBuildFile; fileRef = E430BDFC6821B3E7831D8B76 /* FileTableFileController.mm */; };
		E430BF473EB7FD7CA4882FA5 /* FileTableCell.mm in Sources */ = {isa = PBXBuildFile; fileRef = E430B503FEC22F0E38C55D48 /* FileTableCell.mm */; };
/* End PBXBuildFile section */

/* Begin PBXContainerItemProxy section */
		CBA9D76723187F19001ED558 /* PBXContainerItemProxy */ = {
			isa = PBXContainerItemProxy;
			containerPortal = CBA9D74823187F17001ED558 /* Project object */;
			proxyType = 1;
			remoteGlobalIDString = CBA9D74F23187F17001ED558;
			remoteInfo = FileSaver;
		};
		CBA9D77223187F19001ED558 /* PBXContainerItemProxy */ = {
			isa = PBXContainerItemProxy;
			containerPortal = CBA9D74823187F17001ED558 /* Project object */;
			proxyType = 1;
			remoteGlobalIDString = CBA9D74F23187F17001ED558;
			remoteInfo = FileSaver;
		};
		CBC8879A2322564C00C7BAB4 /* PBXContainerItemProxy */ = {
			isa = PBXContainerItemProxy;
			containerPortal = CBC887422322564B00C7BAB4 /* filesaver.xcodeproj */;
			proxyType = 2;
			remoteGlobalIDString = 2A25670EB79D4D859C68F053;
			remoteInfo = filesaver;
		};
		CBC8879C2322564C00C7BAB4 /* PBXContainerItemProxy */ = {
			isa = PBXContainerItemProxy;
			containerPortal = CBC887422322564B00C7BAB4 /* filesaver.xcodeproj */;
			proxyType = 2;
			remoteGlobalIDString = BC24E0104EA942319E91D36E;
			remoteInfo = filesaver_tests;
		};
		CBEDB56F235710CC00787ED4 /* PBXContainerItemProxy */ = {
			isa = PBXContainerItemProxy;
			containerPortal = CBC887422322564B00C7BAB4 /* filesaver.xcodeproj */;
			proxyType = 2;
			remoteGlobalIDString = A9472C26043F4F3F81D7A923;
			remoteInfo = lfilesaver;
		};
/* End PBXContainerItemProxy section */

/* Begin PBXFileReference section */
		CBA9D75023187F17001ED558 /* FileSaver.app */ = {isa = PBXFileReference; explicitFileType = wrapper.application; includeInIndex = 0; path = FileSaver.app; sourceTree = BUILT_PRODUCTS_DIR; };
		CBA9D75323187F17001ED558 /* AppDelegate.h */ = {isa = PBXFileReference; lastKnownFileType = sourcecode.c.h; path = AppDelegate.h; sourceTree = "<group>"; };
		CBA9D75423187F17001ED558 /* AppDelegate.mm */ = {isa = PBXFileReference; lastKnownFileType = sourcecode.cpp.objcpp; path = AppDelegate.mm; sourceTree = "<group>"; };
		CBA9D75923187F19001ED558 /* Assets.xcassets */ = {isa = PBXFileReference; lastKnownFileType = folder.assetcatalog; path = Assets.xcassets; sourceTree = "<group>"; };
		CBA9D75C23187F19001ED558 /* Base */ = {isa = PBXFileReference; lastKnownFileType = file.storyboard; name = Base; path = Base.lproj/Main.storyboard; sourceTree = "<group>"; };
		CBA9D75E23187F19001ED558 /* Info.plist */ = {isa = PBXFileReference; lastKnownFileType = text.plist.xml; path = Info.plist; sourceTree = "<group>"; };
		CBA9D75F23187F19001ED558 /* main.m */ = {isa = PBXFileReference; lastKnownFileType = sourcecode.c.objc; path = main.m; sourceTree = "<group>"; };
		CBA9D76123187F19001ED558 /* FileSaver.entitlements */ = {isa = PBXFileReference; lastKnownFileType = text.plist.entitlements; path = FileSaver.entitlements; sourceTree = "<group>"; };
		CBA9D76623187F19001ED558 /* FileSaverTests.xctest */ = {isa = PBXFileReference; explicitFileType = wrapper.cfbundle; includeInIndex = 0; path = FileSaverTests.xctest; sourceTree = BUILT_PRODUCTS_DIR; };
		CBA9D76A23187F19001ED558 /* FileSaverTests.m */ = {isa = PBXFileReference; lastKnownFileType = sourcecode.c.objc; path = FileSaverTests.m; sourceTree = "<group>"; };
		CBA9D76C23187F19001ED558 /* Info.plist */ = {isa = PBXFileReference; lastKnownFileType = text.plist.xml; path = Info.plist; sourceTree = "<group>"; };
		CBA9D77123187F19001ED558 /* FileSaverUITests.xctest */ = {isa = PBXFileReference; explicitFileType = wrapper.cfbundle; includeInIndex = 0; path = FileSaverUITests.xctest; sourceTree = BUILT_PRODUCTS_DIR; };
		CBA9D77523187F19001ED558 /* FileSaverUITests.m */ = {isa = PBXFileReference; lastKnownFileType = sourcecode.c.objc; path = FileSaverUITests.m; sourceTree = "<group>"; };
		CBA9D77723187F19001ED558 /* Info.plist */ = {isa = PBXFileReference; lastKnownFileType = text.plist.xml; path = Info.plist; sourceTree = "<group>"; };
		CBA9D7A623188338001ED558 /* libboost_filesystem.a */ = {isa = PBXFileReference; lastKnownFileType = archive.ar; name = libboost_filesystem.a; path = ../../../../../usr/local/Cellar/boost/1.68.0/lib/libboost_filesystem.a; sourceTree = "<group>"; };
		CBA9D7A823188459001ED558 /* libboost_filesystem-mt.a */ = {isa = PBXFileReference; lastKnownFileType = archive.ar; name = "libboost_filesystem-mt.a"; path = "../../../../../usr/local/Cellar/boost/1.68.0/lib/libboost_filesystem-mt.a"; sourceTree = "<group>"; };
		CBA9D7A923188459001ED558 /* libboost_system-mt.a */ = {isa = PBXFileReference; lastKnownFileType = archive.ar; name = "libboost_system-mt.a"; path = "../../../../../usr/local/Cellar/boost/1.68.0/lib/libboost_system-mt.a"; sourceTree = "<group>"; };
		CBA9D7AF23188ACF001ED558 /* libboost_system.a */ = {isa = PBXFileReference; lastKnownFileType = archive.ar; name = libboost_system.a; path = ../../../../../usr/local/Cellar/boost/1.68.0/lib/libboost_system.a; sourceTree = "<group>"; };
		CBC887422322564B00C7BAB4 /* filesaver.xcodeproj */ = {isa = PBXFileReference; lastKnownFileType = "wrapper.pb-project"; name = filesaver.xcodeproj; path = ../xcode/filesaver.xcodeproj; sourceTree = "<group>"; };
		E430B014AC469550BF21D099 /* ForwardingScrollView.mm */ = {isa = PBXFileReference; fileEncoding = 4; lastKnownFileType = sourcecode.cpp.objcpp; path = ForwardingScrollView.mm; sourceTree = "<group>"; };
		E430B0DACEE672729AB72735 /* VisualizationsViewController.mm */ = {isa = PBXFileReference; fileEncoding = 4; lastKnownFileType = sourcecode.cpp.objcpp; path = VisualizationsViewController.mm; sourceTree = "<group>"; };
		E430B0E648FB328F98080DE8 /* VisualizationsViewController.h */ = {isa = PBXFileReference; fileEncoding = 4; lastKnownFileType = sourcecode.c.h; path = VisualizationsViewController.h; sourceTree = "<group>"; };
		E430B2F1C983B3DC3CFFA550 /* WorkerManagerService.cpp */ = {isa = PBXFileReference; fileEncoding = 4; lastKnownFileType = sourcecode.cpp.cpp; path = WorkerManagerService.cpp; sourceTree = "<group>"; };
		E430B466E147399488572AA5 /* StatisticsViewController.mm */ = {isa = PBXFileReference; fileEncoding = 4; lastKnownFileType = sourcecode.cpp.objcpp; path = StatisticsViewController.mm; sourceTree = "<group>"; };
		E430B503FEC22F0E38C55D48 /* FileTableCell.mm */ = {isa = PBXFileReference; fileEncoding = 4; lastKnownFileType = sourcecode.cpp.objcpp; path = FileTableCell.mm; sourceTree = "<group>"; };
		E430B55CBBF6C9090526C476 /* WorkerManagerService.h */ = {isa = PBXFileReference; fileEncoding = 4; lastKnownFileType = sourcecode.c.h; path = WorkerManagerService.h; sourceTree = "<group>"; };
		E430B60348D22DD17F898933 /* DirectoryTableViewController.mm */ = {isa = PBXFileReference; fileEncoding = 4; lastKnownFileType = sourcecode.cpp.objcpp; path = DirectoryTableViewController.mm; sourceTree = "<group>"; };
		E430B6AE9AC0329CBAD7DD24 /* FileTableCell.h */ = {isa = PBXFileReference; fileEncoding = 4; lastKnownFileType = sourcecode.c.h; path = FileTableCell.h; sourceTree = "<group>"; };
		E430B9A4C7AB6911716179B9 /* ForwardingScrollView.h */ = {isa = PBXFileReference; fileEncoding = 4; lastKnownFileType = sourcecode.c.h; path = ForwardingScrollView.h; sourceTree = "<group>"; };
		E430BBCBDE3B8AC71C305354 /* FileTableFileController.h */ = {isa = PBXFileReference; fileEncoding = 4; lastKnownFileType = sourcecode.c.h; path = FileTableFileController.h; sourceTree = "<group>"; };
		E430BC2D2753658EECE4730F /* StatisticsViewController.h */ = {isa = PBXFileReference; fileEncoding = 4; lastKnownFileType = sourcecode.c.h; path = StatisticsViewController.h; sourceTree = "<group>"; };
		E430BC6841A41788F11DCB5B /* DirectoryTableViewController.h */ = {isa = PBXFileReference; fileEncoding = 4; lastKnownFileType = sourcecode.c.h; path = DirectoryTableViewController.h; sourceTree = "<group>"; };
		E430BDFC6821B3E7831D8B76 /* FileTableFileController.mm */ = {isa = PBXFileReference; fileEncoding = 4; lastKnownFileType = sourcecode.cpp.objcpp; path = FileTableFileController.mm; sourceTree = "<group>"; };
/* End PBXFileReference section */

/* Begin PBXFrameworksBuildPhase section */
		CBA9D74D23187F17001ED558 /* Frameworks */ = {
			isa = PBXFrameworksBuildPhase;
			buildActionMask = 2147483647;
			files = (
				CBEDB5D22357CCF300787ED4 /* liblfilesaver.a in Frameworks */,
			);
			runOnlyForDeploymentPostprocessing = 0;
		};
		CBA9D76323187F19001ED558 /* Frameworks */ = {
			isa = PBXFrameworksBuildPhase;
			buildActionMask = 2147483647;
			files = (
			);
			runOnlyForDeploymentPostprocessing = 0;
		};
		CBA9D76E23187F19001ED558 /* Frameworks */ = {
			isa = PBXFrameworksBuildPhase;
			buildActionMask = 2147483647;
			files = (
			);
			runOnlyForDeploymentPostprocessing = 0;
		};
/* End PBXFrameworksBuildPhase section */

/* Begin PBXGroup section */
		CBA9D74723187F17001ED558 = {
			isa = PBXGroup;
			children = (
				CBC887422322564B00C7BAB4 /* filesaver.xcodeproj */,
				CBA9D75223187F17001ED558 /* FileSaver */,
				CBA9D76923187F19001ED558 /* FileSaverTests */,
				CBA9D77423187F19001ED558 /* FileSaverUITests */,
				CBA9D75123187F17001ED558 /* Products */,
				CBA9D7A1231881F9001ED558 /* Frameworks */,
			);
			sourceTree = "<group>";
		};
		CBA9D75123187F17001ED558 /* Products */ = {
			isa = PBXGroup;
			children = (
				CBA9D75023187F17001ED558 /* FileSaver.app */,
				CBA9D76623187F19001ED558 /* FileSaverTests.xctest */,
				CBA9D77123187F19001ED558 /* FileSaverUITests.xctest */,
			);
			name = Products;
			sourceTree = "<group>";
		};
		CBA9D75223187F17001ED558 /* FileSaver */ = {
			isa = PBXGroup;
			children = (
				CBA9D75323187F17001ED558 /* AppDelegate.h */,
				CBA9D75423187F17001ED558 /* AppDelegate.mm */,
				CBA9D75923187F19001ED558 /* Assets.xcassets */,
				CBA9D75B23187F19001ED558 /* Main.storyboard */,
				CBA9D75E23187F19001ED558 /* Info.plist */,
				CBA9D75F23187F19001ED558 /* main.m */,
				CBA9D76123187F19001ED558 /* FileSaver.entitlements */,
				E430B70913CB98F3EECE67F4 /* views */,
				E430B8D485992CE6907A9430 /* controllers */,
				E430BFC3B35EDB5632D83B60 /* services */,
			);
			path = FileSaver;
			sourceTree = "<group>";
		};
		CBA9D76923187F19001ED558 /* FileSaverTests */ = {
			isa = PBXGroup;
			children = (
				CBA9D76A23187F19001ED558 /* FileSaverTests.m */,
				CBA9D76C23187F19001ED558 /* Info.plist */,
			);
			path = FileSaverTests;
			sourceTree = "<group>";
		};
		CBA9D77423187F19001ED558 /* FileSaverUITests */ = {
			isa = PBXGroup;
			children = (
				CBA9D77523187F19001ED558 /* FileSaverUITests.m */,
				CBA9D77723187F19001ED558 /* Info.plist */,
			);
			path = FileSaverUITests;
			sourceTree = "<group>";
		};
		CBA9D7A1231881F9001ED558 /* Frameworks */ = {
			isa = PBXGroup;
			children = (
				CBA9D7AF23188ACF001ED558 /* libboost_system.a */,
				CBA9D7A823188459001ED558 /* libboost_filesystem-mt.a */,
				CBA9D7A923188459001ED558 /* libboost_system-mt.a */,
				CBA9D7A623188338001ED558 /* libboost_filesystem.a */,
			);
			name = Frameworks;
			sourceTree = "<group>";
		};
		CBC887432322564B00C7BAB4 /* Products */ = {
			isa = PBXGroup;
			children = (
				CBC8879B2322564C00C7BAB4 /* filesaver */,
				CBC8879D2322564C00C7BAB4 /* filesaver_tests */,
				CBEDB570235710CC00787ED4 /* liblfilesaver.a */,
			);
			name = Products;
			sourceTree = "<group>";
		};
		E430B70913CB98F3EECE67F4 /* views */ = {
			isa = PBXGroup;
			children = (
				E430B6AE9AC0329CBAD7DD24 /* FileTableCell.h */,
				E430B503FEC22F0E38C55D48 /* FileTableCell.mm */,
				E430B014AC469550BF21D099 /* ForwardingScrollView.mm */,
				E430B9A4C7AB6911716179B9 /* ForwardingScrollView.h */,
			);
			path = views;
			sourceTree = "<group>";
		};
		E430B8D485992CE6907A9430 /* controllers */ = {
			isa = PBXGroup;
			children = (
				E430BBCBDE3B8AC71C305354 /* FileTableFileController.h */,
				E430BDFC6821B3E7831D8B76 /* FileTableFileController.mm */,
				E430B466E147399488572AA5 /* StatisticsViewController.mm */,
				E430BC2D2753658EECE4730F /* StatisticsViewController.h */,
				E430B60348D22DD17F898933 /* DirectoryTableViewController.mm */,
				E430BC6841A41788F11DCB5B /* DirectoryTableViewController.h */,
				E430B0DACEE672729AB72735 /* VisualizationsViewController.mm */,
				E430B0E648FB328F98080DE8 /* VisualizationsViewController.h */,
			);
			path = controllers;
			sourceTree = "<group>";
		};
		E430BFC3B35EDB5632D83B60 /* services */ = {
			isa = PBXGroup;
			children = (
				E430B2F1C983B3DC3CFFA550 /* WorkerManagerService.cpp */,
				E430B55CBBF6C9090526C476 /* WorkerManagerService.h */,
			);
			path = services;
			sourceTree = "<group>";
		};
/* End PBXGroup section */

/* Begin PBXNativeTarget section */
		CBA9D74F23187F17001ED558 /* FileSaver */ = {
			isa = PBXNativeTarget;
			buildConfigurationList = CBA9D77A23187F19001ED558 /* Build configuration list for PBXNativeTarget "FileSaver" */;
			buildPhases = (
				CBA9D74C23187F17001ED558 /* Sources */,
				CBA9D74D23187F17001ED558 /* Frameworks */,
				CBA9D74E23187F17001ED558 /* Resources */,
			);
			buildRules = (
			);
			dependencies = (
			);
			name = FileSaver;
			productName = FileSaver;
			productReference = CBA9D75023187F17001ED558 /* FileSaver.app */;
			productType = "com.apple.product-type.application";
		};
		CBA9D76523187F19001ED558 /* FileSaverTests */ = {
			isa = PBXNativeTarget;
			buildConfigurationList = CBA9D77D23187F19001ED558 /* Build configuration list for PBXNativeTarget "FileSaverTests" */;
			buildPhases = (
				CBA9D76223187F19001ED558 /* Sources */,
				CBA9D76323187F19001ED558 /* Frameworks */,
				CBA9D76423187F19001ED558 /* Resources */,
			);
			buildRules = (
			);
			dependencies = (
				CBA9D76823187F19001ED558 /* PBXTargetDependency */,
			);
			name = FileSaverTests;
			productName = FileSaverTests;
			productReference = CBA9D76623187F19001ED558 /* FileSaverTests.xctest */;
			productType = "com.apple.product-type.bundle.unit-test";
		};
		CBA9D77023187F19001ED558 /* FileSaverUITests */ = {
			isa = PBXNativeTarget;
			buildConfigurationList = CBA9D78023187F19001ED558 /* Build configuration list for PBXNativeTarget "FileSaverUITests" */;
			buildPhases = (
				CBA9D76D23187F19001ED558 /* Sources */,
				CBA9D76E23187F19001ED558 /* Frameworks */,
				CBA9D76F23187F19001ED558 /* Resources */,
			);
			buildRules = (
			);
			dependencies = (
				CBA9D77323187F19001ED558 /* PBXTargetDependency */,
			);
			name = FileSaverUITests;
			productName = FileSaverUITests;
			productReference = CBA9D77123187F19001ED558 /* FileSaverUITests.xctest */;
			productType = "com.apple.product-type.bundle.ui-testing";
		};
/* End PBXNativeTarget section */

/* Begin PBXProject section */
		CBA9D74823187F17001ED558 /* Project object */ = {
			isa = PBXProject;
			attributes = {
				LastUpgradeCheck = 1100;
				ORGANIZATIONNAME = "Pedro Tacla Yamada";
				TargetAttributes = {
					CBA9D74F23187F17001ED558 = {
						CreatedOnToolsVersion = 11.0;
					};
					CBA9D76523187F19001ED558 = {
						CreatedOnToolsVersion = 11.0;
						TestTargetID = CBA9D74F23187F17001ED558;
					};
					CBA9D77023187F19001ED558 = {
						CreatedOnToolsVersion = 11.0;
						TestTargetID = CBA9D74F23187F17001ED558;
					};
				};
			};
			buildConfigurationList = CBA9D74B23187F17001ED558 /* Build configuration list for PBXProject "FileSaver" */;
			compatibilityVersion = "Xcode 9.3";
			developmentRegion = en;
			hasScannedForEncodings = 0;
			knownRegions = (
				en,
				Base,
			);
			mainGroup = CBA9D74723187F17001ED558;
			productRefGroup = CBA9D75123187F17001ED558 /* Products */;
			projectDirPath = "";
			projectReferences = (
				{
					ProductGroup = CBC887432322564B00C7BAB4 /* Products */;
					ProjectRef = CBC887422322564B00C7BAB4 /* filesaver.xcodeproj */;
				},
			);
			projectRoot = "";
			targets = (
				CBA9D74F23187F17001ED558 /* FileSaver */,
				CBA9D76523187F19001ED558 /* FileSaverTests */,
				CBA9D77023187F19001ED558 /* FileSaverUITests */,
			);
		};
/* End PBXProject section */

/* Begin PBXReferenceProxy section */
		CBC8879B2322564C00C7BAB4 /* filesaver */ = {
			isa = PBXReferenceProxy;
			fileType = "compiled.mach-o.executable";
			path = filesaver;
			remoteRef = CBC8879A2322564C00C7BAB4 /* PBXContainerItemProxy */;
			sourceTree = BUILT_PRODUCTS_DIR;
		};
		CBC8879D2322564C00C7BAB4 /* filesaver_tests */ = {
			isa = PBXReferenceProxy;
			fileType = "compiled.mach-o.executable";
			path = filesaver_tests;
			remoteRef = CBC8879C2322564C00C7BAB4 /* PBXContainerItemProxy */;
			sourceTree = BUILT_PRODUCTS_DIR;
		};
		CBEDB570235710CC00787ED4 /* liblfilesaver.a */ = {
			isa = PBXReferenceProxy;
			fileType = archive.ar;
			path = liblfilesaver.a;
			remoteRef = CBEDB56F235710CC00787ED4 /* PBXContainerItemProxy */;
			sourceTree = BUILT_PRODUCTS_DIR;
		};
/* End PBXReferenceProxy section */

/* Begin PBXResourcesBuildPhase section */
		CBA9D74E23187F17001ED558 /* Resources */ = {
			isa = PBXResourcesBuildPhase;
			buildActionMask = 2147483647;
			files = (
				CBA9D75A23187F19001ED558 /* Assets.xcassets in Resources */,
				CBA9D75D23187F19001ED558 /* Main.storyboard in Resources */,
			);
			runOnlyForDeploymentPostprocessing = 0;
		};
		CBA9D76423187F19001ED558 /* Resources */ = {
			isa = PBXResourcesBuildPhase;
			buildActionMask = 2147483647;
			files = (
			);
			runOnlyForDeploymentPostprocessing = 0;
		};
		CBA9D76F23187F19001ED558 /* Resources */ = {
			isa = PBXResourcesBuildPhase;
			buildActionMask = 2147483647;
			files = (
			);
			runOnlyForDeploymentPostprocessing = 0;
		};
/* End PBXResourcesBuildPhase section */

/* Begin PBXSourcesBuildPhase section */
		CBA9D74C23187F17001ED558 /* Sources */ = {
			isa = PBXSourcesBuildPhase;
			buildActionMask = 2147483647;
			files = (
				CBA9D76023187F19001ED558 /* main.m in Sources */,
				CBA9D75523187F17001ED558 /* AppDelegate.mm in Sources */,
				E430BF473EB7FD7CA4882FA5 /* FileTableCell.mm in Sources */,
				E430BF4401D712C5FD708F3B /* FileTableFileController.mm in Sources */,
				E430BD81056A0A8E8E3E876E /* StatisticsViewController.mm in Sources */,
				E430BA7C8B798B012FC6974D /* WorkerManagerService.cpp in Sources */,
				E430BA08A4705DD726D56479 /* DirectoryTableViewController.mm in Sources */,
				E430B17CF9FC2DD98F00CAFD /* ForwardingScrollView.mm in Sources */,
				E430BA89B417C0D1CA843F26 /* VisualizationsViewController.mm in Sources */,
			);
			runOnlyForDeploymentPostprocessing = 0;
		};
		CBA9D76223187F19001ED558 /* Sources */ = {
			isa = PBXSourcesBuildPhase;
			buildActionMask = 2147483647;
			files = (
				CBA9D76B23187F19001ED558 /* FileSaverTests.m in Sources */,
				E430BD7A51F1ABEADC0EDBED /* FileTableCell.mm in Sources */,
				E430B3F5F00FDD85DAD4F10A /* StatisticsViewController.mm in Sources */,
				E430B590FE8E42458EC30369 /* WorkerManagerService.cpp in Sources */,
				E430B7784225B363A7282C62 /* DirectoryTableViewController.mm in Sources */,
				E430BB096650899D92447BFE /* ForwardingScrollView.mm in Sources */,
				E430BD0578EA205721937E7B /* VisualizationsViewController.mm in Sources */,
			);
			runOnlyForDeploymentPostprocessing = 0;
		};
		CBA9D76D23187F19001ED558 /* Sources */ = {
			isa = PBXSourcesBuildPhase;
			buildActionMask = 2147483647;
			files = (
				CBA9D77623187F19001ED558 /* FileSaverUITests.m in Sources */,
				E430B25C44D422ED7148F92C /* FileTableCell.mm in Sources */,
				E430B7564B13852675B8D7C5 /* StatisticsViewController.mm in Sources */,
				E430B2B15189F8A994FADED8 /* WorkerManagerService.cpp in Sources */,
				E430BBB8AB338143B996D953 /* DirectoryTableViewController.mm in Sources */,
				E430B55F6E482651F831C9CC /* ForwardingScrollView.mm in Sources */,
				E430BDB2476337A94C01A44B /* VisualizationsViewController.mm in Sources */,
			);
			runOnlyForDeploymentPostprocessing = 0;
		};
/* End PBXSourcesBuildPhase section */

/* Begin PBXTargetDependency section */
		CBA9D76823187F19001ED558 /* PBXTargetDependency */ = {
			isa = PBXTargetDependency;
			target = CBA9D74F23187F17001ED558 /* FileSaver */;
			targetProxy = CBA9D76723187F19001ED558 /* PBXContainerItemProxy */;
		};
		CBA9D77323187F19001ED558 /* PBXTargetDependency */ = {
			isa = PBXTargetDependency;
			target = CBA9D74F23187F17001ED558 /* FileSaver */;
			targetProxy = CBA9D77223187F19001ED558 /* PBXContainerItemProxy */;
		};
/* End PBXTargetDependency section */

/* Begin PBXVariantGroup section */
		CBA9D75B23187F19001ED558 /* Main.storyboard */ = {
			isa = PBXVariantGroup;
			children = (
				CBA9D75C23187F19001ED558 /* Base */,
			);
			name = Main.storyboard;
			sourceTree = "<group>";
		};
/* End PBXVariantGroup section */

/* Begin XCBuildConfiguration section */
		CBA9D77823187F19001ED558 /* Debug */ = {
			isa = XCBuildConfiguration;
			buildSettings = {
				ALWAYS_SEARCH_USER_PATHS = NO;
				CLANG_ANALYZER_NONNULL = YES;
				CLANG_ANALYZER_NUMBER_OBJECT_CONVERSION = YES_AGGRESSIVE;
				CLANG_CXX_LANGUAGE_STANDARD = "c++17";
				CLANG_CXX_LIBRARY = "libc++";
				CLANG_ENABLE_MODULES = YES;
				CLANG_ENABLE_OBJC_ARC = YES;
				CLANG_ENABLE_OBJC_WEAK = YES;
				CLANG_WARN_BLOCK_CAPTURE_AUTORELEASING = YES;
				CLANG_WARN_BOOL_CONVERSION = YES;
				CLANG_WARN_COMMA = YES;
				CLANG_WARN_CONSTANT_CONVERSION = YES;
				CLANG_WARN_DEPRECATED_OBJC_IMPLEMENTATIONS = YES;
				CLANG_WARN_DIRECT_OBJC_ISA_USAGE = YES_ERROR;
				CLANG_WARN_DOCUMENTATION_COMMENTS = YES;
				CLANG_WARN_EMPTY_BODY = YES;
				CLANG_WARN_ENUM_CONVERSION = YES;
				CLANG_WARN_INFINITE_RECURSION = YES;
				CLANG_WARN_INT_CONVERSION = YES;
				CLANG_WARN_NON_LITERAL_NULL_CONVERSION = YES;
				CLANG_WARN_OBJC_IMPLICIT_RETAIN_SELF = YES;
				CLANG_WARN_OBJC_LITERAL_CONVERSION = YES;
				CLANG_WARN_OBJC_ROOT_CLASS = YES_ERROR;
				CLANG_WARN_RANGE_LOOP_ANALYSIS = YES;
				CLANG_WARN_STRICT_PROTOTYPES = YES;
				CLANG_WARN_SUSPICIOUS_MOVE = YES;
				CLANG_WARN_UNGUARDED_AVAILABILITY = YES_AGGRESSIVE;
				CLANG_WARN_UNREACHABLE_CODE = YES;
				CLANG_WARN__DUPLICATE_METHOD_MATCH = YES;
				COPY_PHASE_STRIP = NO;
				DEBUG_INFORMATION_FORMAT = dwarf;
				ENABLE_STRICT_OBJC_MSGSEND = YES;
				ENABLE_TESTABILITY = YES;
				GCC_C_LANGUAGE_STANDARD = gnu11;
				GCC_DYNAMIC_NO_PIC = NO;
				GCC_NO_COMMON_BLOCKS = YES;
				GCC_OPTIMIZATION_LEVEL = 0;
				GCC_PREPROCESSOR_DEFINITIONS = (
					"DEBUG=1",
					"$(inherited)",
				);
				GCC_WARN_64_TO_32_BIT_CONVERSION = YES;
				GCC_WARN_ABOUT_RETURN_TYPE = YES_ERROR;
				GCC_WARN_UNDECLARED_SELECTOR = YES;
				GCC_WARN_UNINITIALIZED_AUTOS = YES_AGGRESSIVE;
				GCC_WARN_UNUSED_FUNCTION = YES;
				GCC_WARN_UNUSED_VARIABLE = YES;
				HEADER_SEARCH_PATHS = (
					"../src/**",
					/usr/local/include,
					../vendor/leveldb/include,
					../vendor/SQLiteCpp/include,
				);
				MACOSX_DEPLOYMENT_TARGET = 10.15;
				MTL_ENABLE_DEBUG_INFO = INCLUDE_SOURCE;
				MTL_FAST_MATH = YES;
				ONLY_ACTIVE_ARCH = YES;
				OTHER_LDFLAGS = (
					"/usr/local/lib/libboost_system-mt.a",
					"/usr/local/lib/libboost_filesystem-mt.a",
				);
				SDKROOT = macosx;
			};
			name = Debug;
		};
		CBA9D77923187F19001ED558 /* Release */ = {
			isa = XCBuildConfiguration;
			buildSettings = {
				ALWAYS_SEARCH_USER_PATHS = NO;
				CLANG_ANALYZER_NONNULL = YES;
				CLANG_ANALYZER_NUMBER_OBJECT_CONVERSION = YES_AGGRESSIVE;
				CLANG_CXX_LANGUAGE_STANDARD = "c++17";
				CLANG_CXX_LIBRARY = "libc++";
				CLANG_ENABLE_MODULES = YES;
				CLANG_ENABLE_OBJC_ARC = YES;
				CLANG_ENABLE_OBJC_WEAK = YES;
				CLANG_WARN_BLOCK_CAPTURE_AUTORELEASING = YES;
				CLANG_WARN_BOOL_CONVERSION = YES;
				CLANG_WARN_COMMA = YES;
				CLANG_WARN_CONSTANT_CONVERSION = YES;
				CLANG_WARN_DEPRECATED_OBJC_IMPLEMENTATIONS = YES;
				CLANG_WARN_DIRECT_OBJC_ISA_USAGE = YES_ERROR;
				CLANG_WARN_DOCUMENTATION_COMMENTS = YES;
				CLANG_WARN_EMPTY_BODY = YES;
				CLANG_WARN_ENUM_CONVERSION = YES;
				CLANG_WARN_INFINITE_RECURSION = YES;
				CLANG_WARN_INT_CONVERSION = YES;
				CLANG_WARN_NON_LITERAL_NULL_CONVERSION = YES;
				CLANG_WARN_OBJC_IMPLICIT_RETAIN_SELF = YES;
				CLANG_WARN_OBJC_LITERAL_CONVERSION = YES;
				CLANG_WARN_OBJC_ROOT_CLASS = YES_ERROR;
				CLANG_WARN_RANGE_LOOP_ANALYSIS = YES;
				CLANG_WARN_STRICT_PROTOTYPES = YES;
				CLANG_WARN_SUSPICIOUS_MOVE = YES;
				CLANG_WARN_UNGUARDED_AVAILABILITY = YES_AGGRESSIVE;
				CLANG_WARN_UNREACHABLE_CODE = YES;
				CLANG_WARN__DUPLICATE_METHOD_MATCH = YES;
				COPY_PHASE_STRIP = NO;
				DEBUG_INFORMATION_FORMAT = "dwarf-with-dsym";
				ENABLE_NS_ASSERTIONS = NO;
				ENABLE_STRICT_OBJC_MSGSEND = YES;
				GCC_C_LANGUAGE_STANDARD = gnu11;
				GCC_NO_COMMON_BLOCKS = YES;
				GCC_WARN_64_TO_32_BIT_CONVERSION = YES;
				GCC_WARN_ABOUT_RETURN_TYPE = YES_ERROR;
				GCC_WARN_UNDECLARED_SELECTOR = YES;
				GCC_WARN_UNINITIALIZED_AUTOS = YES_AGGRESSIVE;
				GCC_WARN_UNUSED_FUNCTION = YES;
				GCC_WARN_UNUSED_VARIABLE = YES;
				HEADER_SEARCH_PATHS = (
					"../src/**",
					/usr/local/include,
					../vendor/leveldb/include,
					../vendor/SQLiteCpp/include,
				);
				MACOSX_DEPLOYMENT_TARGET = 10.15;
				MTL_ENABLE_DEBUG_INFO = NO;
				MTL_FAST_MATH = YES;
				OTHER_LDFLAGS = (
					"/usr/local/lib/libboost_system-mt.a",
					"/usr/local/lib/libboost_filesystem-mt.a",
				);
				SDKROOT = macosx;
			};
			name = Release;
		};
		CBA9D77B23187F19001ED558 /* Debug */ = {
			isa = XCBuildConfiguration;
			buildSettings = {
				ASSETCATALOG_COMPILER_APPICON_NAME = AppIcon;
				CODE_SIGN_ENTITLEMENTS = FileSaver/FileSaver.entitlements;
				CODE_SIGN_IDENTITY = "-";
				CODE_SIGN_STYLE = Automatic;
				COMBINE_HIDPI_IMAGES = YES;
				DEVELOPMENT_TEAM = Q39U2SBP6Z;
				ENABLE_HARDENED_RUNTIME = NO;
				INFOPLIST_FILE = FileSaver/Info.plist;
				LD_RUNPATH_SEARCH_PATHS = (
					"$(inherited)",
					"@executable_path/../Frameworks",
				);
				LIBRARY_SEARCH_PATHS = (
					"$(inherited)",
					/usr/local/Cellar/boost/1.68.0/lib,
				);
				MACOSX_DEPLOYMENT_TARGET = 10.14;
				PRODUCT_BUNDLE_IDENTIFIER = "beijaflor-io.FileSaver";
				PRODUCT_NAME = "$(TARGET_NAME)";
				SYSTEM_HEADER_SEARCH_PATHS = (
					/Users/yamadapc/.conan/data/boost/1.71.0/conan/stable/package/4b8164904fb74976da304119242cacab4df49df0/include,
					/Users/yamadapc/.conan/data/zlib/1.2.11/conan/stable/package/f74366f76f700cc6e991285892ad7a23c30e6d47/include,
					/Users/yamadapc/.conan/data/bzip2/1.0.8/conan/stable/package/32bef4803d4b079e983ecb27f105881e778bc5a7/include,
					/Users/yamadapc/.conan/data/spdlog/1.5.0/_/_/package/e2b6541a4bcc70b2dee434b189d790889a5df7e1/include,
					/Users/yamadapc/.conan/data/fmt/6.1.2/_/_/package/e5cef9e9131bd7ddfe1fa83ed82c9d9e3e283fad/include,
					/Users/yamadapc/.conan/data/leveldb/1.22/_/_/package/ddaf16ace20d7d78e432add1b030d7af18a23b45/include,
					/Users/yamadapc/.conan/data/snappy/1.1.8/_/_/package/e5cef9e9131bd7ddfe1fa83ed82c9d9e3e283fad/include,
				);
			};
			name = Debug;
		};
		CBA9D77C23187F19001ED558 /* Release */ = {
			isa = XCBuildConfiguration;
			buildSettings = {
				ASSETCATALOG_COMPILER_APPICON_NAME = AppIcon;
				CODE_SIGN_ENTITLEMENTS = FileSaver/FileSaver.entitlements;
				CODE_SIGN_IDENTITY = "-";
				CODE_SIGN_STYLE = Automatic;
				COMBINE_HIDPI_IMAGES = YES;
				DEVELOPMENT_TEAM = Q39U2SBP6Z;
				ENABLE_HARDENED_RUNTIME = NO;
				INFOPLIST_FILE = FileSaver/Info.plist;
				LD_RUNPATH_SEARCH_PATHS = (
					"$(inherited)",
					"@executable_path/../Frameworks",
				);
				LIBRARY_SEARCH_PATHS = (
					"$(inherited)",
					/usr/local/Cellar/boost/1.68.0/lib,
				);
				MACOSX_DEPLOYMENT_TARGET = 10.14;
				PRODUCT_BUNDLE_IDENTIFIER = "beijaflor-io.FileSaver";
				PRODUCT_NAME = "$(TARGET_NAME)";
				SYSTEM_HEADER_SEARCH_PATHS = (
					/Users/yamadapc/.conan/data/boost/1.71.0/conan/stable/package/4b8164904fb74976da304119242cacab4df49df0/include,
					/Users/yamadapc/.conan/data/zlib/1.2.11/conan/stable/package/f74366f76f700cc6e991285892ad7a23c30e6d47/include,
					/Users/yamadapc/.conan/data/bzip2/1.0.8/conan/stable/package/32bef4803d4b079e983ecb27f105881e778bc5a7/include,
					/Users/yamadapc/.conan/data/spdlog/1.5.0/_/_/package/e2b6541a4bcc70b2dee434b189d790889a5df7e1/include,
					/Users/yamadapc/.conan/data/fmt/6.1.2/_/_/package/e5cef9e9131bd7ddfe1fa83ed82c9d9e3e283fad/include,
					/Users/yamadapc/.conan/data/leveldb/1.22/_/_/package/ddaf16ace20d7d78e432add1b030d7af18a23b45/include,
					/Users/yamadapc/.conan/data/snappy/1.1.8/_/_/package/e5cef9e9131bd7ddfe1fa83ed82c9d9e3e283fad/include,
				);
			};
			name = Release;
		};
		CBA9D77E23187F19001ED558 /* Debug */ = {
			isa = XCBuildConfiguration;
			buildSettings = {
				BUNDLE_LOADER = "$(TEST_HOST)";
				CODE_SIGN_STYLE = Automatic;
				COMBINE_HIDPI_IMAGES = YES;
				DEVELOPMENT_TEAM = Q39U2SBP6Z;
				INFOPLIST_FILE = FileSaverTests/Info.plist;
				LD_RUNPATH_SEARCH_PATHS = (
					"$(inherited)",
					"@executable_path/../Frameworks",
					"@loader_path/../Frameworks",
				);
				PRODUCT_BUNDLE_IDENTIFIER = "beijaflor-io.FileSaverTests";
				PRODUCT_NAME = "$(TARGET_NAME)";
				TEST_HOST = "$(BUILT_PRODUCTS_DIR)/FileSaver.app/Contents/MacOS/FileSaver";
			};
			name = Debug;
		};
		CBA9D77F23187F19001ED558 /* Release */ = {
			isa = XCBuildConfiguration;
			buildSettings = {
				BUNDLE_LOADER = "$(TEST_HOST)";
				CODE_SIGN_STYLE = Automatic;
				COMBINE_HIDPI_IMAGES = YES;
				DEVELOPMENT_TEAM = Q39U2SBP6Z;
				INFOPLIST_FILE = FileSaverTests/Info.plist;
				LD_RUNPATH_SEARCH_PATHS = (
					"$(inherited)",
					"@executable_path/../Frameworks",
					"@loader_path/../Frameworks",
				);
				PRODUCT_BUNDLE_IDENTIFIER = "beijaflor-io.FileSaverTests";
				PRODUCT_NAME = "$(TARGET_NAME)";
				TEST_HOST = "$(BUILT_PRODUCTS_DIR)/FileSaver.app/Contents/MacOS/FileSaver";
			};
			name = Release;
		};
		CBA9D78123187F19001ED558 /* Debug */ = {
			isa = XCBuildConfiguration;
			buildSettings = {
				CODE_SIGN_STYLE = Automatic;
				COMBINE_HIDPI_IMAGES = YES;
				DEVELOPMENT_TEAM = Q39U2SBP6Z;
				INFOPLIST_FILE = FileSaverUITests/Info.plist;
				LD_RUNPATH_SEARCH_PATHS = (
					"$(inherited)",
					"@executable_path/../Frameworks",
					"@loader_path/../Frameworks",
				);
				PRODUCT_BUNDLE_IDENTIFIER = "beijaflor-io.FileSaverUITests";
				PRODUCT_NAME = "$(TARGET_NAME)";
				TEST_TARGET_NAME = FileSaver;
			};
			name = Debug;
		};
		CBA9D78223187F19001ED558 /* Release */ = {
			isa = XCBuildConfiguration;
			buildSettings = {
				CODE_SIGN_STYLE = Automatic;
				COMBINE_HIDPI_IMAGES = YES;
				DEVELOPMENT_TEAM = Q39U2SBP6Z;
				INFOPLIST_FILE = FileSaverUITests/Info.plist;
				LD_RUNPATH_SEARCH_PATHS = (
					"$(inherited)",
					"@executable_path/../Frameworks",
					"@loader_path/../Frameworks",
				);
				PRODUCT_BUNDLE_IDENTIFIER = "beijaflor-io.FileSaverUITests";
				PRODUCT_NAME = "$(TARGET_NAME)";
				TEST_TARGET_NAME = FileSaver;
			};
			name = Release;
		};
/* End XCBuildConfiguration section */

/* Begin XCConfigurationList section */
		CBA9D74B23187F17001ED558 /* Build configuration list for PBXProject "FileSaver" */ = {
			isa = XCConfigurationList;
			buildConfigurations = (
				CBA9D77823187F19001ED558 /* Debug */,
				CBA9D77923187F19001ED558 /* Release */,
			);
			defaultConfigurationIsVisible = 0;
			defaultConfigurationName = Release;
		};
		CBA9D77A23187F19001ED558 /* Build configuration list for PBXNativeTarget "FileSaver" */ = {
			isa = XCConfigurationList;
			buildConfigurations = (
				CBA9D77B23187F19001ED558 /* Debug */,
				CBA9D77C23187F19001ED558 /* Release */,
			);
			defaultConfigurationIsVisible = 0;
			defaultConfigurationName = Release;
		};
		CBA9D77D23187F19001ED558 /* Build configuration list for PBXNativeTarget "FileSaverTests" */ = {
			isa = XCConfigurationList;
			buildConfigurations = (
				CBA9D77E23187F19001ED558 /* Debug */,
				CBA9D77F23187F19001ED558 /* Release */,
			);
			defaultConfigurationIsVisible = 0;
			defaultConfigurationName = Release;
		};
		CBA9D78023187F19001ED558 /* Build configuration list for PBXNativeTarget "FileSaverUITests" */ = {
			isa = XCConfigurationList;
			buildConfigurations = (
				CBA9D78123187F19001ED558 /* Debug */,
				CBA9D78223187F19001ED558 /* Release */,
			);
			defaultConfigurationIsVisible = 0;
			defaultConfigurationName = Release;
		};
/* End XCConfigurationList section */
	};
	rootObject = CBA9D74823187F17001ED558 /* Project object */;
}
