// !$*UTF8*$!
{
	archiveVersion = 1;
	classes = {
	};
	objectVersion = 50;
	objects = {

/* Begin PBXBuildFile section */
		CBA9D75523187F17001ED558 /* AppDelegate.mm in Sources */ = {isa = PBXBuildFile; fileRef = CBA9D75423187F17001ED558 /* AppDelegate.mm */; };
		CBA9D75A23187F19001ED558 /* Assets.xcassets in Resources */ = {isa = PBXBuildFile; fileRef = CBA9D75923187F19001ED558 /* Assets.xcassets */; };
		CBA9D75D23187F19001ED558 /* Main.storyboard in Resources */ = {isa = PBXBuildFile; fileRef = CBA9D75B23187F19001ED558 /* Main.storyboard */; };
		CBA9D76023187F19001ED558 /* main.m in Sources */ = {isa = PBXBuildFile; fileRef = CBA9D75F23187F19001ED558 /* main.m */; };
		CBA9D76B23187F19001ED558 /* FileSaverTests.m in Sources */ = {isa = PBXBuildFile; fileRef = CBA9D76A23187F19001ED558 /* FileSaverTests.m */; };
		CBA9D77623187F19001ED558 /* FileSaverUITests.m in Sources */ = {isa = PBXBuildFile; fileRef = CBA9D77523187F19001ED558 /* FileSaverUITests.m */; };
		CBC887CE2322566100C7BAB4 /* libleveldb.a in Frameworks */ = {isa = PBXBuildFile; fileRef = CBC887B12322564C00C7BAB4 /* libleveldb.a */; };
		CBEDB5D22357CCF300787ED4 /* liblfilesaver.a in Frameworks */ = {isa = PBXBuildFile; fileRef = CBEDB570235710CC00787ED4 /* liblfilesaver.a */; };
		E430B17CF9FC2DD98F00CAFD /* ForwardingScrollView.mm in Sources */ = {isa = PBXBuildFile; fileRef = E430B014AC469550BF21D099 /* ForwardingScrollView.mm */; };
		E430B25C44D422ED7148F92C /* FileTableCell.mm in Sources */ = {isa = PBXBuildFile; fileRef = E430B503FEC22F0E38C55D48 /* FileTableCell.mm */; };
		E430B2B15189F8A994FADED8 /* WorkerManagerService.cpp in Sources */ = {isa = PBXBuildFile; fileRef = E430B2F1C983B3DC3CFFA550 /* WorkerManagerService.cpp */; };
		E430B3F5F00FDD85DAD4F10A /* StatisticsViewController.mm in Sources */ = {isa = PBXBuildFile; fileRef = E430B466E147399488572AA5 /* StatisticsViewController.mm */; };
		E430B55F6E482651F831C9CC /* ForwardingScrollView.mm in Sources */ = {isa = PBXBuildFile; fileRef = E430B014AC469550BF21D099 /* ForwardingScrollView.mm */; };
		E430B590FE8E42458EC30369 /* WorkerManagerService.cpp in Sources */ = {isa = PBXBuildFile; fileRef = E430B2F1C983B3DC3CFFA550 /* WorkerManagerService.cpp */; };
		E430B7564B13852675B8D7C5 /* StatisticsViewController.mm in Sources */ = {isa = PBXBuildFile; fileRef = E430B466E147399488572AA5 /* StatisticsViewController.mm */; };
		E430B7784225B363A7282C62 /* DirectoryTableViewController.mm in Sources */ = {isa = PBXBuildFile; fileRef = E430B60348D22DD17F898933 /* DirectoryTableViewController.mm */; };
		E430BA08A4705DD726D56479 /* DirectoryTableViewController.mm in Sources */ = {isa = PBXBuildFile; fileRef = E430B60348D22DD17F898933 /* DirectoryTableViewController.mm */; };
		E430BA7C8B798B012FC6974D /* WorkerManagerService.cpp in Sources */ = {isa = PBXBuildFile; fileRef = E430B2F1C983B3DC3CFFA550 /* WorkerManagerService.cpp */; };
		E430BA89B417C0D1CA843F26 /* VisualizationsViewController.mm in Sources */ = {isa = PBXBuildFile; fileRef = E430B0DACEE672729AB72735 /* VisualizationsViewController.mm */; };
		E430BB096650899D92447BFE /* ForwardingScrollView.mm in Sources */ = {isa = PBXBuildFile; fileRef = E430B014AC469550BF21D099 /* ForwardingScrollView.mm */; };
		E430BBB8AB338143B996D953 /* DirectoryTableViewController.mm in Sources */ = {isa = PBXBuildFile; fileRef = E430B60348D22DD17F898933 /* DirectoryTableViewController.mm */; };
		E430BD0578EA205721937E7B /* VisualizationsViewController.mm in Sources */ = {isa = PBXBuildFile; fileRef = E430B0DACEE672729AB72735 /* VisualizationsViewController.mm */; };
		E430BD7A51F1ABEADC0EDBED /* FileTableCell.mm in Sources */ = {isa = PBXBuildFile; fileRef = E430B503FEC22F0E38C55D48 /* FileTableCell.mm */; };
		E430BD81056A0A8E8E3E876E /* StatisticsViewController.mm in Sources */ = {isa = PBXBuildFile; fileRef = E430B466E147399488572AA5 /* StatisticsViewController.mm */; };
		E430BDB2476337A94C01A44B /* VisualizationsViewController.mm in Sources */ = {isa = PBXBuildFile; fileRef = E430B0DACEE672729AB72735 /* VisualizationsViewController.mm */; };
		E430BF4401D712C5FD708F3B /* FileTableFileController.mm in Sources */ = {isa = PBXBuildFile; fileRef = E430BDFC6821B3E7831D8B76 /* FileTableFileController.mm */; };
		E430BF473EB7FD7CA4882FA5 /* FileTableCell.mm in Sources */ = {isa = PBXBuildFile; fileRef = E430B503FEC22F0E38C55D48 /* FileTableCell.mm */; };
/* End PBXBuildFile section */

/* Begin PBXContainerItemProxy section */
		CBA9D76723187F19001ED558 /* PBXContainerItemProxy */ = {
			isa = PBXContainerItemProxy;
			containerPortal = CBA9D74823187F17001ED558 /* Project object */;
			proxyType = 1;
			remoteGlobalIDString = CBA9D74F23187F17001ED558;
			remoteInfo = FileSaver;
		};
		CBA9D77223187F19001ED558 /* PBXContainerItemProxy */ = {
			isa = PBXContainerItemProxy;
			containerPortal = CBA9D74823187F17001ED558 /* Project object */;
			proxyType = 1;
			remoteGlobalIDString = CBA9D74F23187F17001ED558;
			remoteInfo = FileSaver;
		};
		CBC8879A2322564C00C7BAB4 /* PBXContainerItemProxy */ = {
			isa = PBXContainerItemProxy;
			containerPortal = CBC887422322564B00C7BAB4 /* filesaver.xcodeproj */;
			proxyType = 2;
			remoteGlobalIDString = 2A25670EB79D4D859C68F053;
			remoteInfo = filesaver;
		};
		CBC8879C2322564C00C7BAB4 /* PBXContainerItemProxy */ = {
			isa = PBXContainerItemProxy;
			containerPortal = CBC887422322564B00C7BAB4 /* filesaver.xcodeproj */;
			proxyType = 2;
			remoteGlobalIDString = BC24E0104EA942319E91D36E;
			remoteInfo = filesaver_tests;
		};
		CBC887A02322564C00C7BAB4 /* PBXContainerItemProxy */ = {
			isa = PBXContainerItemProxy;
			containerPortal = CBC887422322564B00C7BAB4 /* filesaver.xcodeproj */;
			proxyType = 2;
			remoteGlobalIDString = B5B35F0305CA42B6B6731A96;
			remoteInfo = gmock;
		};
		CBC887A22322564C00C7BAB4 /* PBXContainerItemProxy */ = {
			isa = PBXContainerItemProxy;
			containerPortal = CBC887422322564B00C7BAB4 /* filesaver.xcodeproj */;
			proxyType = 2;
			remoteGlobalIDString = 1C8A360BE00F4C1D80E52FD6;
			remoteInfo = gmock_main;
		};
		CBC887A42322564C00C7BAB4 /* PBXContainerItemProxy */ = {
			isa = PBXContainerItemProxy;
			containerPortal = CBC887422322564B00C7BAB4 /* filesaver.xcodeproj */;
			proxyType = 2;
			remoteGlobalIDString = 79620128016940C9A2C85A8F;
			remoteInfo = gtest;
		};
		CBC887A62322564C00C7BAB4 /* PBXContainerItemProxy */ = {
			isa = PBXContainerItemProxy;
			containerPortal = CBC887422322564B00C7BAB4 /* filesaver.xcodeproj */;
			proxyType = 2;
			remoteGlobalIDString = EA389A80F05B465B9FFFC097;
			remoteInfo = gtest_main;
		};
		CBC887B02322564C00C7BAB4 /* PBXContainerItemProxy */ = {
			isa = PBXContainerItemProxy;
			containerPortal = CBC887422322564B00C7BAB4 /* filesaver.xcodeproj */;
			proxyType = 2;
			remoteGlobalIDString = 35D7F6C80F6645199DA976D9;
			remoteInfo = leveldb;
		};
		CBC887B22322564C00C7BAB4 /* PBXContainerItemProxy */ = {
			isa = PBXContainerItemProxy;
			containerPortal = CBC887422322564B00C7BAB4 /* filesaver.xcodeproj */;
			proxyType = 2;
			remoteGlobalIDString = 468046F139A9409EB9F878C1;
			remoteInfo = leveldbutil;
		};
		CBEDB56F235710CC00787ED4 /* PBXContainerItemProxy */ = {
			isa = PBXContainerItemProxy;
			containerPortal = CBC887422322564B00C7BAB4 /* filesaver.xcodeproj */;
			proxyType = 2;
			remoteGlobalIDString = A9472C26043F4F3F81D7A923;
			remoteInfo = lfilesaver;
		};
		CBEDB5922357CCEB00787ED4 /* PBXContainerItemProxy */ = {
			isa = PBXContainerItemProxy;
			containerPortal = CBC887422322564B00C7BAB4 /* filesaver.xcodeproj */;
			proxyType = 2;
			remoteGlobalIDString = 5417955BE3FA444BAAB86879;
			remoteInfo = arena_test;
		};
		CBEDB5942357CCEB00787ED4 /* PBXContainerItemProxy */ = {
			isa = PBXContainerItemProxy;
			containerPortal = CBC887422322564B00C7BAB4 /* filesaver.xcodeproj */;
			proxyType = 2;
			remoteGlobalIDString = 6E5F4EC4879741E78E737824;
			remoteInfo = autocompact_test;
		};
		CBEDB5962357CCEB00787ED4 /* PBXContainerItemProxy */ = {
			isa = PBXContainerItemProxy;
			containerPortal = CBC887422322564B00C7BAB4 /* filesaver.xcodeproj */;
			proxyType = 2;
			remoteGlobalIDString = A4C0B77A5A9D473D89CE6D4C;
			remoteInfo = bloom_test;
		};
		CBEDB5982357CCEB00787ED4 /* PBXContainerItemProxy */ = {
			isa = PBXContainerItemProxy;
			containerPortal = CBC887422322564B00C7BAB4 /* filesaver.xcodeproj */;
			proxyType = 2;
			remoteGlobalIDString = 717481BA8A8D476D8AFB5E36;
			remoteInfo = c_test;
		};
		CBEDB59A2357CCEB00787ED4 /* PBXContainerItemProxy */ = {
			isa = PBXContainerItemProxy;
			containerPortal = CBC887422322564B00C7BAB4 /* filesaver.xcodeproj */;
			proxyType = 2;
			remoteGlobalIDString = 912F47148112495F9A95C40D;
			remoteInfo = cache_test;
		};
		CBEDB59C2357CCEB00787ED4 /* PBXContainerItemProxy */ = {
			isa = PBXContainerItemProxy;
			containerPortal = CBC887422322564B00C7BAB4 /* filesaver.xcodeproj */;
			proxyType = 2;
			remoteGlobalIDString = 714DB18A5E8E4B539C6B46FC;
			remoteInfo = coding_test;
		};
		CBEDB59E2357CCEB00787ED4 /* PBXContainerItemProxy */ = {
			isa = PBXContainerItemProxy;
			containerPortal = CBC887422322564B00C7BAB4 /* filesaver.xcodeproj */;
			proxyType = 2;
			remoteGlobalIDString = 7F4E0A1C2ED6416B915E862C;
			remoteInfo = corruption_test;
		};
		CBEDB5A02357CCEB00787ED4 /* PBXContainerItemProxy */ = {
			isa = PBXContainerItemProxy;
			containerPortal = CBC887422322564B00C7BAB4 /* filesaver.xcodeproj */;
			proxyType = 2;
			remoteGlobalIDString = 2B280850FC7F43FAA78915A9;
			remoteInfo = crc32c_test;
		};
		CBEDB5A22357CCEB00787ED4 /* PBXContainerItemProxy */ = {
			isa = PBXContainerItemProxy;
			containerPortal = CBC887422322564B00C7BAB4 /* filesaver.xcodeproj */;
			proxyType = 2;
			remoteGlobalIDString = 03F67724A47D41CAB839732F;
			remoteInfo = db_bench;
		};
		CBEDB5A42357CCEB00787ED4 /* PBXContainerItemProxy */ = {
			isa = PBXContainerItemProxy;
			containerPortal = CBC887422322564B00C7BAB4 /* filesaver.xcodeproj */;
			proxyType = 2;
			remoteGlobalIDString = CB7CA98B14CE4092BA5EDA9F;
			remoteInfo = db_bench_sqlite3;
		};
		CBEDB5A62357CCEB00787ED4 /* PBXContainerItemProxy */ = {
			isa = PBXContainerItemProxy;
			containerPortal = CBC887422322564B00C7BAB4 /* filesaver.xcodeproj */;
			proxyType = 2;
			remoteGlobalIDString = 884C2ED8BB3F46F2B6F2F49E;
			remoteInfo = db_test;
		};
		CBEDB5A82357CCEB00787ED4 /* PBXContainerItemProxy */ = {
			isa = PBXContainerItemProxy;
			containerPortal = CBC887422322564B00C7BAB4 /* filesaver.xcodeproj */;
			proxyType = 2;
			remoteGlobalIDString = B51ED1E487C14081857E90FF;
			remoteInfo = dbformat_test;
		};
		CBEDB5AA2357CCEB00787ED4 /* PBXContainerItemProxy */ = {
			isa = PBXContainerItemProxy;
			containerPortal = CBC887422322564B00C7BAB4 /* filesaver.xcodeproj */;
			proxyType = 2;
			remoteGlobalIDString = 0F0979EF52824A35A5E1D21F;
			remoteInfo = env_posix_test;
		};
		CBEDB5AC2357CCEB00787ED4 /* PBXContainerItemProxy */ = {
			isa = PBXContainerItemProxy;
			containerPortal = CBC887422322564B00C7BAB4 /* filesaver.xcodeproj */;
			proxyType = 2;
			remoteGlobalIDString = 12A5A4F331874819971EC7CB;
			remoteInfo = env_test;
		};
		CBEDB5AE2357CCEB00787ED4 /* PBXContainerItemProxy */ = {
			isa = PBXContainerItemProxy;
			containerPortal = CBC887422322564B00C7BAB4 /* filesaver.xcodeproj */;
			proxyType = 2;
			remoteGlobalIDString = 699D3EBC8965456B99F8F0C5;
			remoteInfo = fault_injection_test;
		};
		CBEDB5B02357CCEB00787ED4 /* PBXContainerItemProxy */ = {
			isa = PBXContainerItemProxy;
			containerPortal = CBC887422322564B00C7BAB4 /* filesaver.xcodeproj */;
			proxyType = 2;
			remoteGlobalIDString = D6A787464F94494786DCB71D;
			remoteInfo = filename_test;
		};
		CBEDB5B22357CCEB00787ED4 /* PBXContainerItemProxy */ = {
			isa = PBXContainerItemProxy;
			containerPortal = CBC887422322564B00C7BAB4 /* filesaver.xcodeproj */;
			proxyType = 2;
			remoteGlobalIDString = 57AA91EB735748129FEDB41A;
			remoteInfo = filter_block_test;
		};
		CBEDB5B42357CCEB00787ED4 /* PBXContainerItemProxy */ = {
			isa = PBXContainerItemProxy;
			containerPortal = CBC887422322564B00C7BAB4 /* filesaver.xcodeproj */;
			proxyType = 2;
			remoteGlobalIDString = 09A17890269F4E55BBE7E8C5;
			remoteInfo = hash_test;
		};
		CBEDB5B62357CCEB00787ED4 /* PBXContainerItemProxy */ = {
			isa = PBXContainerItemProxy;
			containerPortal = CBC887422322564B00C7BAB4 /* filesaver.xcodeproj */;
			proxyType = 2;
			remoteGlobalIDString = 70EB049ABF434197A45DC5E8;
			remoteInfo = issue178_test;
		};
		CBEDB5B82357CCEB00787ED4 /* PBXContainerItemProxy */ = {
			isa = PBXContainerItemProxy;
			containerPortal = CBC887422322564B00C7BAB4 /* filesaver.xcodeproj */;
			proxyType = 2;
			remoteGlobalIDString = AE0A389AB53D4DF684415341;
			remoteInfo = issue200_test;
		};
		CBEDB5BA2357CCEB00787ED4 /* PBXContainerItemProxy */ = {
			isa = PBXContainerItemProxy;
			containerPortal = CBC887422322564B00C7BAB4 /* filesaver.xcodeproj */;
			proxyType = 2;
			remoteGlobalIDString = 4A6B86352FF34BF381B699A3;
			remoteInfo = issue320_test;
		};
		CBEDB5BC2357CCEB00787ED4 /* PBXContainerItemProxy */ = {
			isa = PBXContainerItemProxy;
			containerPortal = CBC887422322564B00C7BAB4 /* filesaver.xcodeproj */;
			proxyType = 2;
			remoteGlobalIDString = E952CB8196424A098838D012;
			remoteInfo = log_test;
		};
		CBEDB5BE2357CCEB00787ED4 /* PBXContainerItemProxy */ = {
			isa = PBXContainerItemProxy;
			containerPortal = CBC887422322564B00C7BAB4 /* filesaver.xcodeproj */;
			proxyType = 2;
			remoteGlobalIDString = E9A87D220F9C46A08728CA26;
			remoteInfo = logging_test;
		};
		CBEDB5C02357CCEB00787ED4 /* PBXContainerItemProxy */ = {
			isa = PBXContainerItemProxy;
			containerPortal = CBC887422322564B00C7BAB4 /* filesaver.xcodeproj */;
			proxyType = 2;
			remoteGlobalIDString = 4F2953C700CA496B99907E99;
			remoteInfo = memenv_test;
		};
		CBEDB5C22357CCEB00787ED4 /* PBXContainerItemProxy */ = {
			isa = PBXContainerItemProxy;
			containerPortal = CBC887422322564B00C7BAB4 /* filesaver.xcodeproj */;
			proxyType = 2;
			remoteGlobalIDString = 606DF6DF7FFE4662AEEDC238;
			remoteInfo = no_destructor_test;
		};
		CBEDB5C42357CCEB00787ED4 /* PBXContainerItemProxy */ = {
			isa = PBXContainerItemProxy;
			containerPortal = CBC887422322564B00C7BAB4 /* filesaver.xcodeproj */;
			proxyType = 2;
			remoteGlobalIDString = EBB804733FF74CE78605B30F;
			remoteInfo = recovery_test;
		};
		CBEDB5C62357CCEB00787ED4 /* PBXContainerItemProxy */ = {
			isa = PBXContainerItemProxy;
			containerPortal = CBC887422322564B00C7BAB4 /* filesaver.xcodeproj */;
			proxyType = 2;
			remoteGlobalIDString = D051C50FF2DE4A05965DB67E;
			remoteInfo = skiplist_test;
		};
		CBEDB5C82357CCEB00787ED4 /* PBXContainerItemProxy */ = {
			isa = PBXContainerItemProxy;
			containerPortal = CBC887422322564B00C7BAB4 /* filesaver.xcodeproj */;
			proxyType = 2;
			remoteGlobalIDString = 78C2EC9EAD6445EFB4F2B43F;
			remoteInfo = status_test;
		};
		CBEDB5CA2357CCEB00787ED4 /* PBXContainerItemProxy */ = {
			isa = PBXContainerItemProxy;
			containerPortal = CBC887422322564B00C7BAB4 /* filesaver.xcodeproj */;
			proxyType = 2;
			remoteGlobalIDString = D94181D11718448FA71437B5;
			remoteInfo = table_test;
		};
		CBEDB5CC2357CCEB00787ED4 /* PBXContainerItemProxy */ = {
			isa = PBXContainerItemProxy;
			containerPortal = CBC887422322564B00C7BAB4 /* filesaver.xcodeproj */;
			proxyType = 2;
			remoteGlobalIDString = 40FE23381E924FADB32F10D9;
			remoteInfo = version_edit_test;
		};
		CBEDB5CE2357CCEB00787ED4 /* PBXContainerItemProxy */ = {
			isa = PBXContainerItemProxy;
			containerPortal = CBC887422322564B00C7BAB4 /* filesaver.xcodeproj */;
			proxyType = 2;
			remoteGlobalIDString = 647510195A334420959334C1;
			remoteInfo = version_set_test;
		};
		CBEDB5D02357CCEB00787ED4 /* PBXContainerItemProxy */ = {
			isa = PBXContainerItemProxy;
			containerPortal = CBC887422322564B00C7BAB4 /* filesaver.xcodeproj */;
			proxyType = 2;
			remoteGlobalIDString = C4558F4E8E124FB4B76FEC7C;
			remoteInfo = write_batch_test;
		};
/* End PBXContainerItemProxy section */

/* Begin PBXFileReference section */
		CBA9D75023187F17001ED558 /* FileSaver.app */ = {isa = PBXFileReference; explicitFileType = wrapper.application; includeInIndex = 0; path = FileSaver.app; sourceTree = BUILT_PRODUCTS_DIR; };
		CBA9D75323187F17001ED558 /* AppDelegate.h */ = {isa = PBXFileReference; lastKnownFileType = sourcecode.c.h; path = AppDelegate.h; sourceTree = "<group>"; };
		CBA9D75423187F17001ED558 /* AppDelegate.mm */ = {isa = PBXFileReference; lastKnownFileType = sourcecode.cpp.objcpp; path = AppDelegate.mm; sourceTree = "<group>"; };
		CBA9D75923187F19001ED558 /* Assets.xcassets */ = {isa = PBXFileReference; lastKnownFileType = folder.assetcatalog; path = Assets.xcassets; sourceTree = "<group>"; };
		CBA9D75C23187F19001ED558 /* Base */ = {isa = PBXFileReference; lastKnownFileType = file.storyboard; name = Base; path = Base.lproj/Main.storyboard; sourceTree = "<group>"; };
		CBA9D75E23187F19001ED558 /* Info.plist */ = {isa = PBXFileReference; lastKnownFileType = text.plist.xml; path = Info.plist; sourceTree = "<group>"; };
		CBA9D75F23187F19001ED558 /* main.m */ = {isa = PBXFileReference; lastKnownFileType = sourcecode.c.objc; path = main.m; sourceTree = "<group>"; };
		CBA9D76123187F19001ED558 /* FileSaver.entitlements */ = {isa = PBXFileReference; lastKnownFileType = text.plist.entitlements; path = FileSaver.entitlements; sourceTree = "<group>"; };
		CBA9D76623187F19001ED558 /* FileSaverTests.xctest */ = {isa = PBXFileReference; explicitFileType = wrapper.cfbundle; includeInIndex = 0; path = FileSaverTests.xctest; sourceTree = BUILT_PRODUCTS_DIR; };
		CBA9D76A23187F19001ED558 /* FileSaverTests.m */ = {isa = PBXFileReference; lastKnownFileType = sourcecode.c.objc; path = FileSaverTests.m; sourceTree = "<group>"; };
		CBA9D76C23187F19001ED558 /* Info.plist */ = {isa = PBXFileReference; lastKnownFileType = text.plist.xml; path = Info.plist; sourceTree = "<group>"; };
		CBA9D77123187F19001ED558 /* FileSaverUITests.xctest */ = {isa = PBXFileReference; explicitFileType = wrapper.cfbundle; includeInIndex = 0; path = FileSaverUITests.xctest; sourceTree = BUILT_PRODUCTS_DIR; };
		CBA9D77523187F19001ED558 /* FileSaverUITests.m */ = {isa = PBXFileReference; lastKnownFileType = sourcecode.c.objc; path = FileSaverUITests.m; sourceTree = "<group>"; };
		CBA9D77723187F19001ED558 /* Info.plist */ = {isa = PBXFileReference; lastKnownFileType = text.plist.xml; path = Info.plist; sourceTree = "<group>"; };
		CBA9D7A623188338001ED558 /* libboost_filesystem.a */ = {isa = PBXFileReference; lastKnownFileType = archive.ar; name = libboost_filesystem.a; path = ../../../../../usr/local/Cellar/boost/1.68.0/lib/libboost_filesystem.a; sourceTree = "<group>"; };
		CBA9D7A823188459001ED558 /* libboost_filesystem-mt.a */ = {isa = PBXFileReference; lastKnownFileType = archive.ar; name = "libboost_filesystem-mt.a"; path = "../../../../../usr/local/Cellar/boost/1.68.0/lib/libboost_filesystem-mt.a"; sourceTree = "<group>"; };
		CBA9D7A923188459001ED558 /* libboost_system-mt.a */ = {isa = PBXFileReference; lastKnownFileType = archive.ar; name = "libboost_system-mt.a"; path = "../../../../../usr/local/Cellar/boost/1.68.0/lib/libboost_system-mt.a"; sourceTree = "<group>"; };
		CBA9D7AF23188ACF001ED558 /* libboost_system.a */ = {isa = PBXFileReference; lastKnownFileType = archive.ar; name = libboost_system.a; path = ../../../../../usr/local/Cellar/boost/1.68.0/lib/libboost_system.a; sourceTree = "<group>"; };
		CBC887422322564B00C7BAB4 /* filesaver.xcodeproj */ = {isa = PBXFileReference; lastKnownFileType = "wrapper.pb-project"; name = filesaver.xcodeproj; path = ../xcode/filesaver.xcodeproj; sourceTree = "<group>"; };
		E430B014AC469550BF21D099 /* ForwardingScrollView.mm */ = {isa = PBXFileReference; fileEncoding = 4; lastKnownFileType = sourcecode.cpp.objcpp; path = ForwardingScrollView.mm; sourceTree = "<group>"; };
		E430B0DACEE672729AB72735 /* VisualizationsViewController.mm */ = {isa = PBXFileReference; fileEncoding = 4; lastKnownFileType = sourcecode.cpp.objcpp; path = VisualizationsViewController.mm; sourceTree = "<group>"; };
		E430B0E648FB328F98080DE8 /* VisualizationsViewController.h */ = {isa = PBXFileReference; fileEncoding = 4; lastKnownFileType = sourcecode.c.h; path = VisualizationsViewController.h; sourceTree = "<group>"; };
		E430B2F1C983B3DC3CFFA550 /* WorkerManagerService.cpp */ = {isa = PBXFileReference; fileEncoding = 4; lastKnownFileType = sourcecode.cpp.cpp; path = WorkerManagerService.cpp; sourceTree = "<group>"; };
		E430B466E147399488572AA5 /* StatisticsViewController.mm */ = {isa = PBXFileReference; fileEncoding = 4; lastKnownFileType = sourcecode.cpp.objcpp; path = StatisticsViewController.mm; sourceTree = "<group>"; };
		E430B503FEC22F0E38C55D48 /* FileTableCell.mm */ = {isa = PBXFileReference; fileEncoding = 4; lastKnownFileType = sourcecode.cpp.objcpp; path = FileTableCell.mm; sourceTree = "<group>"; };
		E430B55CBBF6C9090526C476 /* WorkerManagerService.h */ = {isa = PBXFileReference; fileEncoding = 4; lastKnownFileType = sourcecode.c.h; path = WorkerManagerService.h; sourceTree = "<group>"; };
		E430B60348D22DD17F898933 /* DirectoryTableViewController.mm */ = {isa = PBXFileReference; fileEncoding = 4; lastKnownFileType = sourcecode.cpp.objcpp; path = DirectoryTableViewController.mm; sourceTree = "<group>"; };
		E430B6AE9AC0329CBAD7DD24 /* FileTableCell.h */ = {isa = PBXFileReference; fileEncoding = 4; lastKnownFileType = sourcecode.c.h; path = FileTableCell.h; sourceTree = "<group>"; };
		E430B9A4C7AB6911716179B9 /* ForwardingScrollView.h */ = {isa = PBXFileReference; fileEncoding = 4; lastKnownFileType = sourcecode.c.h; path = ForwardingScrollView.h; sourceTree = "<group>"; };
		E430BBCBDE3B8AC71C305354 /* FileTableFileController.h */ = {isa = PBXFileReference; fileEncoding = 4; lastKnownFileType = sourcecode.c.h; path = FileTableFileController.h; sourceTree = "<group>"; };
		E430BC2D2753658EECE4730F /* StatisticsViewController.h */ = {isa = PBXFileReference; fileEncoding = 4; lastKnownFileType = sourcecode.c.h; path = StatisticsViewController.h; sourceTree = "<group>"; };
		E430BC6841A41788F11DCB5B /* DirectoryTableViewController.h */ = {isa = PBXFileReference; fileEncoding = 4; lastKnownFileType = sourcecode.c.h; path = DirectoryTableViewController.h; sourceTree = "<group>"; };
		E430BDFC6821B3E7831D8B76 /* FileTableFileController.mm */ = {isa = PBXFileReference; fileEncoding = 4; lastKnownFileType = sourcecode.cpp.objcpp; path = FileTableFileController.mm; sourceTree = "<group>"; };
/* End PBXFileReference section */

/* Begin PBXFrameworksBuildPhase section */
		CBA9D74D23187F17001ED558 /* Frameworks */ = {
			isa = PBXFrameworksBuildPhase;
			buildActionMask = 2147483647;
			files = (
				CBEDB5D22357CCF300787ED4 /* liblfilesaver.a in Frameworks */,
				CBC887CE2322566100C7BAB4 /* libleveldb.a in Frameworks */,
			);
			runOnlyForDeploymentPostprocessing = 0;
		};
		CBA9D76323187F19001ED558 /* Frameworks */ = {
			isa = PBXFrameworksBuildPhase;
			buildActionMask = 2147483647;
			files = (
			);
			runOnlyForDeploymentPostprocessing = 0;
		};
		CBA9D76E23187F19001ED558 /* Frameworks */ = {
			isa = PBXFrameworksBuildPhase;
			buildActionMask = 2147483647;
			files = (
			);
			runOnlyForDeploymentPostprocessing = 0;
		};
/* End PBXFrameworksBuildPhase section */

/* Begin PBXGroup section */
		CBA9D74723187F17001ED558 = {
			isa = PBXGroup;
			children = (
				CBC887422322564B00C7BAB4 /* filesaver.xcodeproj */,
				CBA9D75223187F17001ED558 /* FileSaver */,
				CBA9D76923187F19001ED558 /* FileSaverTests */,
				CBA9D77423187F19001ED558 /* FileSaverUITests */,
				CBA9D75123187F17001ED558 /* Products */,
				CBA9D7A1231881F9001ED558 /* Frameworks */,
			);
			sourceTree = "<group>";
		};
		CBA9D75123187F17001ED558 /* Products */ = {
			isa = PBXGroup;
			children = (
				CBA9D75023187F17001ED558 /* FileSaver.app */,
				CBA9D76623187F19001ED558 /* FileSaverTests.xctest */,
				CBA9D77123187F19001ED558 /* FileSaverUITests.xctest */,
			);
			name = Products;
			sourceTree = "<group>";
		};
		CBA9D75223187F17001ED558 /* FileSaver */ = {
			isa = PBXGroup;
			children = (
				CBA9D75323187F17001ED558 /* AppDelegate.h */,
				CBA9D75423187F17001ED558 /* AppDelegate.mm */,
				CBA9D75923187F19001ED558 /* Assets.xcassets */,
				CBA9D75B23187F19001ED558 /* Main.storyboard */,
				CBA9D75E23187F19001ED558 /* Info.plist */,
				CBA9D75F23187F19001ED558 /* main.m */,
				CBA9D76123187F19001ED558 /* FileSaver.entitlements */,
				E430B70913CB98F3EECE67F4 /* views */,
				E430B8D485992CE6907A9430 /* controllers */,
				E430BFC3B35EDB5632D83B60 /* services */,
			);
			path = FileSaver;
			sourceTree = "<group>";
		};
		CBA9D76923187F19001ED558 /* FileSaverTests */ = {
			isa = PBXGroup;
			children = (
				CBA9D76A23187F19001ED558 /* FileSaverTests.m */,
				CBA9D76C23187F19001ED558 /* Info.plist */,
			);
			path = FileSaverTests;
			sourceTree = "<group>";
		};
		CBA9D77423187F19001ED558 /* FileSaverUITests */ = {
			isa = PBXGroup;
			children = (
				CBA9D77523187F19001ED558 /* FileSaverUITests.m */,
				CBA9D77723187F19001ED558 /* Info.plist */,
			);
			path = FileSaverUITests;
			sourceTree = "<group>";
		};
		CBA9D7A1231881F9001ED558 /* Frameworks */ = {
			isa = PBXGroup;
			children = (
				CBA9D7AF23188ACF001ED558 /* libboost_system.a */,
				CBA9D7A823188459001ED558 /* libboost_filesystem-mt.a */,
				CBA9D7A923188459001ED558 /* libboost_system-mt.a */,
				CBA9D7A623188338001ED558 /* libboost_filesystem.a */,
			);
			name = Frameworks;
			sourceTree = "<group>";
		};
		CBC887432322564B00C7BAB4 /* Products */ = {
			isa = PBXGroup;
			children = (
				CBEDB5932357CCEB00787ED4 /* arena_test */,
				CBEDB5952357CCEB00787ED4 /* autocompact_test */,
				CBEDB5972357CCEB00787ED4 /* bloom_test */,
				CBEDB5992357CCEB00787ED4 /* c_test */,
				CBEDB59B2357CCEB00787ED4 /* cache_test */,
				CBEDB59D2357CCEB00787ED4 /* coding_test */,
				CBEDB59F2357CCEB00787ED4 /* corruption_test */,
				CBEDB5A12357CCEB00787ED4 /* crc32c_test */,
				CBEDB5A32357CCEB00787ED4 /* db_bench */,
				CBEDB5A52357CCEB00787ED4 /* db_bench_sqlite3 */,
				CBEDB5A72357CCEB00787ED4 /* db_test */,
				CBEDB5A92357CCEB00787ED4 /* dbformat_test */,
				CBEDB5AB2357CCEB00787ED4 /* env_posix_test */,
				CBEDB5AD2357CCEB00787ED4 /* env_test */,
				CBEDB5AF2357CCEB00787ED4 /* fault_injection_test */,
				CBEDB5B12357CCEB00787ED4 /* filename_test */,
				CBC8879B2322564C00C7BAB4 /* filesaver */,
				CBC8879D2322564C00C7BAB4 /* filesaver_tests */,
				CBEDB5B32357CCEB00787ED4 /* filter_block_test */,
				CBC887A12322564C00C7BAB4 /* libgmockd.a */,
				CBC887A32322564C00C7BAB4 /* libgmock_maind.a */,
				CBC887A52322564C00C7BAB4 /* libgtestd.a */,
				CBC887A72322564C00C7BAB4 /* libgtest_maind.a */,
				CBEDB5B52357CCEB00787ED4 /* hash_test */,
				CBEDB5B72357CCEB00787ED4 /* issue178_test */,
				CBEDB5B92357CCEB00787ED4 /* issue200_test */,
				CBEDB5BB2357CCEB00787ED4 /* issue320_test */,
				CBC887B12322564C00C7BAB4 /* libleveldb.a */,
				CBC887B32322564C00C7BAB4 /* leveldbutil */,
				CBEDB570235710CC00787ED4 /* liblfilesaver.a */,
				CBEDB5BD2357CCEB00787ED4 /* log_test */,
				CBEDB5BF2357CCEB00787ED4 /* logging_test */,
				CBEDB5C12357CCEB00787ED4 /* memenv_test */,
				CBEDB5C32357CCEB00787ED4 /* no_destructor_test */,
				CBEDB5C52357CCEB00787ED4 /* recovery_test */,
				CBEDB5C72357CCEB00787ED4 /* skiplist_test */,
				CBEDB5C92357CCEB00787ED4 /* status_test */,
				CBEDB5CB2357CCEB00787ED4 /* table_test */,
				CBEDB5CD2357CCEB00787ED4 /* version_edit_test */,
				CBEDB5CF2357CCEB00787ED4 /* version_set_test */,
				CBEDB5D12357CCEB00787ED4 /* write_batch_test */,
			);
			name = Products;
			sourceTree = "<group>";
		};
		E430B70913CB98F3EECE67F4 /* views */ = {
			isa = PBXGroup;
			children = (
				E430B6AE9AC0329CBAD7DD24 /* FileTableCell.h */,
				E430B503FEC22F0E38C55D48 /* FileTableCell.mm */,
				E430B014AC469550BF21D099 /* ForwardingScrollView.mm */,
				E430B9A4C7AB6911716179B9 /* ForwardingScrollView.h */,
			);
			path = views;
			sourceTree = "<group>";
		};
		E430B8D485992CE6907A9430 /* controllers */ = {
			isa = PBXGroup;
			children = (
				E430BBCBDE3B8AC71C305354 /* FileTableFileController.h */,
				E430BDFC6821B3E7831D8B76 /* FileTableFileController.mm */,
				E430B466E147399488572AA5 /* StatisticsViewController.mm */,
				E430BC2D2753658EECE4730F /* StatisticsViewController.h */,
				E430B60348D22DD17F898933 /* DirectoryTableViewController.mm */,
				E430BC6841A41788F11DCB5B /* DirectoryTableViewController.h */,
				E430B0DACEE672729AB72735 /* VisualizationsViewController.mm */,
				E430B0E648FB328F98080DE8 /* VisualizationsViewController.h */,
			);
			path = controllers;
			sourceTree = "<group>";
		};
		E430BFC3B35EDB5632D83B60 /* services */ = {
			isa = PBXGroup;
			children = (
				E430B2F1C983B3DC3CFFA550 /* WorkerManagerService.cpp */,
				E430B55CBBF6C9090526C476 /* WorkerManagerService.h */,
			);
			path = services;
			sourceTree = "<group>";
		};
/* End PBXGroup section */

/* Begin PBXNativeTarget section */
		CBA9D74F23187F17001ED558 /* FileSaver */ = {
			isa = PBXNativeTarget;
			buildConfigurationList = CBA9D77A23187F19001ED558 /* Build configuration list for PBXNativeTarget "FileSaver" */;
			buildPhases = (
				CBA9D74C23187F17001ED558 /* Sources */,
				CBA9D74D23187F17001ED558 /* Frameworks */,
				CBA9D74E23187F17001ED558 /* Resources */,
			);
			buildRules = (
			);
			dependencies = (
			);
			name = FileSaver;
			productName = FileSaver;
			productReference = CBA9D75023187F17001ED558 /* FileSaver.app */;
			productType = "com.apple.product-type.application";
		};
		CBA9D76523187F19001ED558 /* FileSaverTests */ = {
			isa = PBXNativeTarget;
			buildConfigurationList = CBA9D77D23187F19001ED558 /* Build configuration list for PBXNativeTarget "FileSaverTests" */;
			buildPhases = (
				CBA9D76223187F19001ED558 /* Sources */,
				CBA9D76323187F19001ED558 /* Frameworks */,
				CBA9D76423187F19001ED558 /* Resources */,
			);
			buildRules = (
			);
			dependencies = (
				CBA9D76823187F19001ED558 /* PBXTargetDependency */,
			);
			name = FileSaverTests;
			productName = FileSaverTests;
			productReference = CBA9D76623187F19001ED558 /* FileSaverTests.xctest */;
			productType = "com.apple.product-type.bundle.unit-test";
		};
		CBA9D77023187F19001ED558 /* FileSaverUITests */ = {
			isa = PBXNativeTarget;
			buildConfigurationList = CBA9D78023187F19001ED558 /* Build configuration list for PBXNativeTarget "FileSaverUITests" */;
			buildPhases = (
				CBA9D76D23187F19001ED558 /* Sources */,
				CBA9D76E23187F19001ED558 /* Frameworks */,
				CBA9D76F23187F19001ED558 /* Resources */,
			);
			buildRules = (
			);
			dependencies = (
				CBA9D77323187F19001ED558 /* PBXTargetDependency */,
			);
			name = FileSaverUITests;
			productName = FileSaverUITests;
			productReference = CBA9D77123187F19001ED558 /* FileSaverUITests.xctest */;
			productType = "com.apple.product-type.bundle.ui-testing";
		};
/* End PBXNativeTarget section */

/* Begin PBXProject section */
		CBA9D74823187F17001ED558 /* Project object */ = {
			isa = PBXProject;
			attributes = {
				LastUpgradeCheck = 1100;
				ORGANIZATIONNAME = "Pedro Tacla Yamada";
				TargetAttributes = {
					CBA9D74F23187F17001ED558 = {
						CreatedOnToolsVersion = 11.0;
					};
					CBA9D76523187F19001ED558 = {
						CreatedOnToolsVersion = 11.0;
						TestTargetID = CBA9D74F23187F17001ED558;
					};
					CBA9D77023187F19001ED558 = {
						CreatedOnToolsVersion = 11.0;
						TestTargetID = CBA9D74F23187F17001ED558;
					};
				};
			};
			buildConfigurationList = CBA9D74B23187F17001ED558 /* Build configuration list for PBXProject "FileSaver" */;
			compatibilityVersion = "Xcode 9.3";
			developmentRegion = en;
			hasScannedForEncodings = 0;
			knownRegions = (
				en,
				Base,
			);
			mainGroup = CBA9D74723187F17001ED558;
			productRefGroup = CBA9D75123187F17001ED558 /* Products */;
			projectDirPath = "";
			projectReferences = (
				{
					ProductGroup = CBC887432322564B00C7BAB4 /* Products */;
					ProjectRef = CBC887422322564B00C7BAB4 /* filesaver.xcodeproj */;
				},
			);
			projectRoot = "";
			targets = (
				CBA9D74F23187F17001ED558 /* FileSaver */,
				CBA9D76523187F19001ED558 /* FileSaverTests */,
				CBA9D77023187F19001ED558 /* FileSaverUITests */,
			);
		};
/* End PBXProject section */

/* Begin PBXReferenceProxy section */
		CBC8879B2322564C00C7BAB4 /* filesaver */ = {
			isa = PBXReferenceProxy;
			fileType = "compiled.mach-o.executable";
			path = filesaver;
			remoteRef = CBC8879A2322564C00C7BAB4 /* PBXContainerItemProxy */;
			sourceTree = BUILT_PRODUCTS_DIR;
		};
		CBC8879D2322564C00C7BAB4 /* filesaver_tests */ = {
			isa = PBXReferenceProxy;
			fileType = "compiled.mach-o.executable";
			path = filesaver_tests;
			remoteRef = CBC8879C2322564C00C7BAB4 /* PBXContainerItemProxy */;
			sourceTree = BUILT_PRODUCTS_DIR;
		};
		CBC887A12322564C00C7BAB4 /* libgmockd.a */ = {
			isa = PBXReferenceProxy;
			fileType = archive.ar;
			path = libgmockd.a;
			remoteRef = CBC887A02322564C00C7BAB4 /* PBXContainerItemProxy */;
			sourceTree = BUILT_PRODUCTS_DIR;
		};
		CBC887A32322564C00C7BAB4 /* libgmock_maind.a */ = {
			isa = PBXReferenceProxy;
			fileType = archive.ar;
			path = libgmock_maind.a;
			remoteRef = CBC887A22322564C00C7BAB4 /* PBXContainerItemProxy */;
			sourceTree = BUILT_PRODUCTS_DIR;
		};
		CBC887A52322564C00C7BAB4 /* libgtestd.a */ = {
			isa = PBXReferenceProxy;
			fileType = archive.ar;
			path = libgtestd.a;
			remoteRef = CBC887A42322564C00C7BAB4 /* PBXContainerItemProxy */;
			sourceTree = BUILT_PRODUCTS_DIR;
		};
		CBC887A72322564C00C7BAB4 /* libgtest_maind.a */ = {
			isa = PBXReferenceProxy;
			fileType = archive.ar;
			path = libgtest_maind.a;
			remoteRef = CBC887A62322564C00C7BAB4 /* PBXContainerItemProxy */;
			sourceTree = BUILT_PRODUCTS_DIR;
		};
		CBC887B12322564C00C7BAB4 /* libleveldb.a */ = {
			isa = PBXReferenceProxy;
			fileType = archive.ar;
			path = libleveldb.a;
			remoteRef = CBC887B02322564C00C7BAB4 /* PBXContainerItemProxy */;
			sourceTree = BUILT_PRODUCTS_DIR;
		};
		CBC887B32322564C00C7BAB4 /* leveldbutil */ = {
			isa = PBXReferenceProxy;
			fileType = "compiled.mach-o.executable";
			path = leveldbutil;
			remoteRef = CBC887B22322564C00C7BAB4 /* PBXContainerItemProxy */;
			sourceTree = BUILT_PRODUCTS_DIR;
		};
		CBEDB570235710CC00787ED4 /* liblfilesaver.a */ = {
			isa = PBXReferenceProxy;
			fileType = archive.ar;
			path = liblfilesaver.a;
			remoteRef = CBEDB56F235710CC00787ED4 /* PBXContainerItemProxy */;
			sourceTree = BUILT_PRODUCTS_DIR;
		};
		CBEDB5932357CCEB00787ED4 /* arena_test */ = {
			isa = PBXReferenceProxy;
			fileType = "compiled.mach-o.executable";
			path = arena_test;
			remoteRef = CBEDB5922357CCEB00787ED4 /* PBXContainerItemProxy */;
			sourceTree = BUILT_PRODUCTS_DIR;
		};
		CBEDB5952357CCEB00787ED4 /* autocompact_test */ = {
			isa = PBXReferenceProxy;
			fileType = "compiled.mach-o.executable";
			path = autocompact_test;
			remoteRef = CBEDB5942357CCEB00787ED4 /* PBXContainerItemProxy */;
			sourceTree = BUILT_PRODUCTS_DIR;
		};
		CBEDB5972357CCEB00787ED4 /* bloom_test */ = {
			isa = PBXReferenceProxy;
			fileType = "compiled.mach-o.executable";
			path = bloom_test;
			remoteRef = CBEDB5962357CCEB00787ED4 /* PBXContainerItemProxy */;
			sourceTree = BUILT_PRODUCTS_DIR;
		};
		CBEDB5992357CCEB00787ED4 /* c_test */ = {
			isa = PBXReferenceProxy;
			fileType = "compiled.mach-o.executable";
			path = c_test;
			remoteRef = CBEDB5982357CCEB00787ED4 /* PBXContainerItemProxy */;
			sourceTree = BUILT_PRODUCTS_DIR;
		};
		CBEDB59B2357CCEB00787ED4 /* cache_test */ = {
			isa = PBXReferenceProxy;
			fileType = "compiled.mach-o.executable";
			path = cache_test;
			remoteRef = CBEDB59A2357CCEB00787ED4 /* PBXContainerItemProxy */;
			sourceTree = BUILT_PRODUCTS_DIR;
		};
		CBEDB59D2357CCEB00787ED4 /* coding_test */ = {
			isa = PBXReferenceProxy;
			fileType = "compiled.mach-o.executable";
			path = coding_test;
			remoteRef = CBEDB59C2357CCEB00787ED4 /* PBXContainerItemProxy */;
			sourceTree = BUILT_PRODUCTS_DIR;
		};
		CBEDB59F2357CCEB00787ED4 /* corruption_test */ = {
			isa = PBXReferenceProxy;
			fileType = "compiled.mach-o.executable";
			path = corruption_test;
			remoteRef = CBEDB59E2357CCEB00787ED4 /* PBXContainerItemProxy */;
			sourceTree = BUILT_PRODUCTS_DIR;
		};
		CBEDB5A12357CCEB00787ED4 /* crc32c_test */ = {
			isa = PBXReferenceProxy;
			fileType = "compiled.mach-o.executable";
			path = crc32c_test;
			remoteRef = CBEDB5A02357CCEB00787ED4 /* PBXContainerItemProxy */;
			sourceTree = BUILT_PRODUCTS_DIR;
		};
		CBEDB5A32357CCEB00787ED4 /* db_bench */ = {
			isa = PBXReferenceProxy;
			fileType = "compiled.mach-o.executable";
			path = db_bench;
			remoteRef = CBEDB5A22357CCEB00787ED4 /* PBXContainerItemProxy */;
			sourceTree = BUILT_PRODUCTS_DIR;
		};
		CBEDB5A52357CCEB00787ED4 /* db_bench_sqlite3 */ = {
			isa = PBXReferenceProxy;
			fileType = "compiled.mach-o.executable";
			path = db_bench_sqlite3;
			remoteRef = CBEDB5A42357CCEB00787ED4 /* PBXContainerItemProxy */;
			sourceTree = BUILT_PRODUCTS_DIR;
		};
		CBEDB5A72357CCEB00787ED4 /* db_test */ = {
			isa = PBXReferenceProxy;
			fileType = "compiled.mach-o.executable";
			path = db_test;
			remoteRef = CBEDB5A62357CCEB00787ED4 /* PBXContainerItemProxy */;
			sourceTree = BUILT_PRODUCTS_DIR;
		};
		CBEDB5A92357CCEB00787ED4 /* dbformat_test */ = {
			isa = PBXReferenceProxy;
			fileType = "compiled.mach-o.executable";
			path = dbformat_test;
			remoteRef = CBEDB5A82357CCEB00787ED4 /* PBXContainerItemProxy */;
			sourceTree = BUILT_PRODUCTS_DIR;
		};
		CBEDB5AB2357CCEB00787ED4 /* env_posix_test */ = {
			isa = PBXReferenceProxy;
			fileType = "compiled.mach-o.executable";
			path = env_posix_test;
			remoteRef = CBEDB5AA2357CCEB00787ED4 /* PBXContainerItemProxy */;
			sourceTree = BUILT_PRODUCTS_DIR;
		};
		CBEDB5AD2357CCEB00787ED4 /* env_test */ = {
			isa = PBXReferenceProxy;
			fileType = "compiled.mach-o.executable";
			path = env_test;
			remoteRef = CBEDB5AC2357CCEB00787ED4 /* PBXContainerItemProxy */;
			sourceTree = BUILT_PRODUCTS_DIR;
		};
		CBEDB5AF2357CCEB00787ED4 /* fault_injection_test */ = {
			isa = PBXReferenceProxy;
			fileType = "compiled.mach-o.executable";
			path = fault_injection_test;
			remoteRef = CBEDB5AE2357CCEB00787ED4 /* PBXContainerItemProxy */;
			sourceTree = BUILT_PRODUCTS_DIR;
		};
		CBEDB5B12357CCEB00787ED4 /* filename_test */ = {
			isa = PBXReferenceProxy;
			fileType = "compiled.mach-o.executable";
			path = filename_test;
			remoteRef = CBEDB5B02357CCEB00787ED4 /* PBXContainerItemProxy */;
			sourceTree = BUILT_PRODUCTS_DIR;
		};
		CBEDB5B32357CCEB00787ED4 /* filter_block_test */ = {
			isa = PBXReferenceProxy;
			fileType = "compiled.mach-o.executable";
			path = filter_block_test;
			remoteRef = CBEDB5B22357CCEB00787ED4 /* PBXContainerItemProxy */;
			sourceTree = BUILT_PRODUCTS_DIR;
		};
		CBEDB5B52357CCEB00787ED4 /* hash_test */ = {
			isa = PBXReferenceProxy;
			fileType = "compiled.mach-o.executable";
			path = hash_test;
			remoteRef = CBEDB5B42357CCEB00787ED4 /* PBXContainerItemProxy */;
			sourceTree = BUILT_PRODUCTS_DIR;
		};
		CBEDB5B72357CCEB00787ED4 /* issue178_test */ = {
			isa = PBXReferenceProxy;
			fileType = "compiled.mach-o.executable";
			path = issue178_test;
			remoteRef = CBEDB5B62357CCEB00787ED4 /* PBXContainerItemProxy */;
			sourceTree = BUILT_PRODUCTS_DIR;
		};
		CBEDB5B92357CCEB00787ED4 /* issue200_test */ = {
			isa = PBXReferenceProxy;
			fileType = "compiled.mach-o.executable";
			path = issue200_test;
			remoteRef = CBEDB5B82357CCEB00787ED4 /* PBXContainerItemProxy */;
			sourceTree = BUILT_PRODUCTS_DIR;
		};
		CBEDB5BB2357CCEB00787ED4 /* issue320_test */ = {
			isa = PBXReferenceProxy;
			fileType = "compiled.mach-o.executable";
			path = issue320_test;
			remoteRef = CBEDB5BA2357CCEB00787ED4 /* PBXContainerItemProxy */;
			sourceTree = BUILT_PRODUCTS_DIR;
		};
		CBEDB5BD2357CCEB00787ED4 /* log_test */ = {
			isa = PBXReferenceProxy;
			fileType = "compiled.mach-o.executable";
			path = log_test;
			remoteRef = CBEDB5BC2357CCEB00787ED4 /* PBXContainerItemProxy */;
			sourceTree = BUILT_PRODUCTS_DIR;
		};
		CBEDB5BF2357CCEB00787ED4 /* logging_test */ = {
			isa = PBXReferenceProxy;
			fileType = "compiled.mach-o.executable";
			path = logging_test;
			remoteRef = CBEDB5BE2357CCEB00787ED4 /* PBXContainerItemProxy */;
			sourceTree = BUILT_PRODUCTS_DIR;
		};
		CBEDB5C12357CCEB00787ED4 /* memenv_test */ = {
			isa = PBXReferenceProxy;
			fileType = "compiled.mach-o.executable";
			path = memenv_test;
			remoteRef = CBEDB5C02357CCEB00787ED4 /* PBXContainerItemProxy */;
			sourceTree = BUILT_PRODUCTS_DIR;
		};
		CBEDB5C32357CCEB00787ED4 /* no_destructor_test */ = {
			isa = PBXReferenceProxy;
			fileType = "compiled.mach-o.executable";
			path = no_destructor_test;
			remoteRef = CBEDB5C22357CCEB00787ED4 /* PBXContainerItemProxy */;
			sourceTree = BUILT_PRODUCTS_DIR;
		};
		CBEDB5C52357CCEB00787ED4 /* recovery_test */ = {
			isa = PBXReferenceProxy;
			fileType = "compiled.mach-o.executable";
			path = recovery_test;
			remoteRef = CBEDB5C42357CCEB00787ED4 /* PBXContainerItemProxy */;
			sourceTree = BUILT_PRODUCTS_DIR;
		};
		CBEDB5C72357CCEB00787ED4 /* skiplist_test */ = {
			isa = PBXReferenceProxy;
			fileType = "compiled.mach-o.executable";
			path = skiplist_test;
			remoteRef = CBEDB5C62357CCEB00787ED4 /* PBXContainerItemProxy */;
			sourceTree = BUILT_PRODUCTS_DIR;
		};
		CBEDB5C92357CCEB00787ED4 /* status_test */ = {
			isa = PBXReferenceProxy;
			fileType = "compiled.mach-o.executable";
			path = status_test;
			remoteRef = CBEDB5C82357CCEB00787ED4 /* PBXContainerItemProxy */;
			sourceTree = BUILT_PRODUCTS_DIR;
		};
		CBEDB5CB2357CCEB00787ED4 /* table_test */ = {
			isa = PBXReferenceProxy;
			fileType = "compiled.mach-o.executable";
			path = table_test;
			remoteRef = CBEDB5CA2357CCEB00787ED4 /* PBXContainerItemProxy */;
			sourceTree = BUILT_PRODUCTS_DIR;
		};
		CBEDB5CD2357CCEB00787ED4 /* version_edit_test */ = {
			isa = PBXReferenceProxy;
			fileType = "compiled.mach-o.executable";
			path = version_edit_test;
			remoteRef = CBEDB5CC2357CCEB00787ED4 /* PBXContainerItemProxy */;
			sourceTree = BUILT_PRODUCTS_DIR;
		};
		CBEDB5CF2357CCEB00787ED4 /* version_set_test */ = {
			isa = PBXReferenceProxy;
			fileType = "compiled.mach-o.executable";
			path = version_set_test;
			remoteRef = CBEDB5CE2357CCEB00787ED4 /* PBXContainerItemProxy */;
			sourceTree = BUILT_PRODUCTS_DIR;
		};
		CBEDB5D12357CCEB00787ED4 /* write_batch_test */ = {
			isa = PBXReferenceProxy;
			fileType = "compiled.mach-o.executable";
			path = write_batch_test;
			remoteRef = CBEDB5D02357CCEB00787ED4 /* PBXContainerItemProxy */;
			sourceTree = BUILT_PRODUCTS_DIR;
		};
/* End PBXReferenceProxy section */

/* Begin PBXResourcesBuildPhase section */
		CBA9D74E23187F17001ED558 /* Resources */ = {
			isa = PBXResourcesBuildPhase;
			buildActionMask = 2147483647;
			files = (
				CBA9D75A23187F19001ED558 /* Assets.xcassets in Resources */,
				CBA9D75D23187F19001ED558 /* Main.storyboard in Resources */,
			);
			runOnlyForDeploymentPostprocessing = 0;
		};
		CBA9D76423187F19001ED558 /* Resources */ = {
			isa = PBXResourcesBuildPhase;
			buildActionMask = 2147483647;
			files = (
			);
			runOnlyForDeploymentPostprocessing = 0;
		};
		CBA9D76F23187F19001ED558 /* Resources */ = {
			isa = PBXResourcesBuildPhase;
			buildActionMask = 2147483647;
			files = (
			);
			runOnlyForDeploymentPostprocessing = 0;
		};
/* End PBXResourcesBuildPhase section */

/* Begin PBXSourcesBuildPhase section */
		CBA9D74C23187F17001ED558 /* Sources */ = {
			isa = PBXSourcesBuildPhase;
			buildActionMask = 2147483647;
			files = (
				CBA9D76023187F19001ED558 /* main.m in Sources */,
				CBA9D75523187F17001ED558 /* AppDelegate.mm in Sources */,
				E430BF473EB7FD7CA4882FA5 /* FileTableCell.mm in Sources */,
				E430BF4401D712C5FD708F3B /* FileTableFileController.mm in Sources */,
				E430BD81056A0A8E8E3E876E /* StatisticsViewController.mm in Sources */,
				E430BA7C8B798B012FC6974D /* WorkerManagerService.cpp in Sources */,
				E430BA08A4705DD726D56479 /* DirectoryTableViewController.mm in Sources */,
				E430B17CF9FC2DD98F00CAFD /* ForwardingScrollView.mm in Sources */,
				E430BA89B417C0D1CA843F26 /* VisualizationsViewController.mm in Sources */,
			);
			runOnlyForDeploymentPostprocessing = 0;
		};
		CBA9D76223187F19001ED558 /* Sources */ = {
			isa = PBXSourcesBuildPhase;
			buildActionMask = 2147483647;
			files = (
				CBA9D76B23187F19001ED558 /* FileSaverTests.m in Sources */,
				E430BD7A51F1ABEADC0EDBED /* FileTableCell.mm in Sources */,
				E430B3F5F00FDD85DAD4F10A /* StatisticsViewController.mm in Sources */,
				E430B590FE8E42458EC30369 /* WorkerManagerService.cpp in Sources */,
				E430B7784225B363A7282C62 /* DirectoryTableViewController.mm in Sources */,
				E430BB096650899D92447BFE /* ForwardingScrollView.mm in Sources */,
				E430BD0578EA205721937E7B /* VisualizationsViewController.mm in Sources */,
			);
			runOnlyForDeploymentPostprocessing = 0;
		};
		CBA9D76D23187F19001ED558 /* Sources */ = {
			isa = PBXSourcesBuildPhase;
			buildActionMask = 2147483647;
			files = (
				CBA9D77623187F19001ED558 /* FileSaverUITests.m in Sources */,
				E430B25C44D422ED7148F92C /* FileTableCell.mm in Sources */,
				E430B7564B13852675B8D7C5 /* StatisticsViewController.mm in Sources */,
				E430B2B15189F8A994FADED8 /* WorkerManagerService.cpp in Sources */,
				E430BBB8AB338143B996D953 /* DirectoryTableViewController.mm in Sources */,
				E430B55F6E482651F831C9CC /* ForwardingScrollView.mm in Sources */,
				E430BDB2476337A94C01A44B /* VisualizationsViewController.mm in Sources */,
			);
			runOnlyForDeploymentPostprocessing = 0;
		};
/* End PBXSourcesBuildPhase section */

/* Begin PBXTargetDependency section */
		CBA9D76823187F19001ED558 /* PBXTargetDependency */ = {
			isa = PBXTargetDependency;
			target = CBA9D74F23187F17001ED558 /* FileSaver */;
			targetProxy = CBA9D76723187F19001ED558 /* PBXContainerItemProxy */;
		};
		CBA9D77323187F19001ED558 /* PBXTargetDependency */ = {
			isa = PBXTargetDependency;
			target = CBA9D74F23187F17001ED558 /* FileSaver */;
			targetProxy = CBA9D77223187F19001ED558 /* PBXContainerItemProxy */;
		};
/* End PBXTargetDependency section */

/* Begin PBXVariantGroup section */
		CBA9D75B23187F19001ED558 /* Main.storyboard */ = {
			isa = PBXVariantGroup;
			children = (
				CBA9D75C23187F19001ED558 /* Base */,
			);
			name = Main.storyboard;
			sourceTree = "<group>";
		};
/* End PBXVariantGroup section */

/* Begin XCBuildConfiguration section */
		CBA9D77823187F19001ED558 /* Debug */ = {
			isa = XCBuildConfiguration;
			buildSettings = {
				ALWAYS_SEARCH_USER_PATHS = NO;
				CLANG_ANALYZER_NONNULL = YES;
				CLANG_ANALYZER_NUMBER_OBJECT_CONVERSION = YES_AGGRESSIVE;
				CLANG_CXX_LANGUAGE_STANDARD = "c++17";
				CLANG_CXX_LIBRARY = "libc++";
				CLANG_ENABLE_MODULES = YES;
				CLANG_ENABLE_OBJC_ARC = YES;
				CLANG_ENABLE_OBJC_WEAK = YES;
				CLANG_WARN_BLOCK_CAPTURE_AUTORELEASING = YES;
				CLANG_WARN_BOOL_CONVERSION = YES;
				CLANG_WARN_COMMA = YES;
				CLANG_WARN_CONSTANT_CONVERSION = YES;
				CLANG_WARN_DEPRECATED_OBJC_IMPLEMENTATIONS = YES;
				CLANG_WARN_DIRECT_OBJC_ISA_USAGE = YES_ERROR;
				CLANG_WARN_DOCUMENTATION_COMMENTS = YES;
				CLANG_WARN_EMPTY_BODY = YES;
				CLANG_WARN_ENUM_CONVERSION = YES;
				CLANG_WARN_INFINITE_RECURSION = YES;
				CLANG_WARN_INT_CONVERSION = YES;
				CLANG_WARN_NON_LITERAL_NULL_CONVERSION = YES;
				CLANG_WARN_OBJC_IMPLICIT_RETAIN_SELF = YES;
				CLANG_WARN_OBJC_LITERAL_CONVERSION = YES;
				CLANG_WARN_OBJC_ROOT_CLASS = YES_ERROR;
				CLANG_WARN_RANGE_LOOP_ANALYSIS = YES;
				CLANG_WARN_STRICT_PROTOTYPES = YES;
				CLANG_WARN_SUSPICIOUS_MOVE = YES;
				CLANG_WARN_UNGUARDED_AVAILABILITY = YES_AGGRESSIVE;
				CLANG_WARN_UNREACHABLE_CODE = YES;
				CLANG_WARN__DUPLICATE_METHOD_MATCH = YES;
				COPY_PHASE_STRIP = NO;
				DEBUG_INFORMATION_FORMAT = dwarf;
				ENABLE_STRICT_OBJC_MSGSEND = YES;
				ENABLE_TESTABILITY = YES;
				GCC_C_LANGUAGE_STANDARD = gnu11;
				GCC_DYNAMIC_NO_PIC = NO;
				GCC_NO_COMMON_BLOCKS = YES;
				GCC_OPTIMIZATION_LEVEL = 0;
				GCC_PREPROCESSOR_DEFINITIONS = (
					"DEBUG=1",
					"$(inherited)",
				);
				GCC_WARN_64_TO_32_BIT_CONVERSION = YES;
				GCC_WARN_ABOUT_RETURN_TYPE = YES_ERROR;
				GCC_WARN_UNDECLARED_SELECTOR = YES;
				GCC_WARN_UNINITIALIZED_AUTOS = YES_AGGRESSIVE;
				GCC_WARN_UNUSED_FUNCTION = YES;
				GCC_WARN_UNUSED_VARIABLE = YES;
				HEADER_SEARCH_PATHS = (
					"../src/**",
					/usr/local/include,
					../vendor/leveldb/include,
					../vendor/SQLiteCpp/include,
				);
				MACOSX_DEPLOYMENT_TARGET = 10.15;
				MTL_ENABLE_DEBUG_INFO = INCLUDE_SOURCE;
				MTL_FAST_MATH = YES;
				ONLY_ACTIVE_ARCH = YES;
				OTHER_LDFLAGS = (
					"/usr/local/lib/libboost_system-mt.a",
					"/usr/local/lib/libboost_filesystem-mt.a",
				);
				SDKROOT = macosx;
			};
			name = Debug;
		};
		CBA9D77923187F19001ED558 /* Release */ = {
			isa = XCBuildConfiguration;
			buildSettings = {
				ALWAYS_SEARCH_USER_PATHS = NO;
				CLANG_ANALYZER_NONNULL = YES;
				CLANG_ANALYZER_NUMBER_OBJECT_CONVERSION = YES_AGGRESSIVE;
				CLANG_CXX_LANGUAGE_STANDARD = "c++17";
				CLANG_CXX_LIBRARY = "libc++";
				CLANG_ENABLE_MODULES = YES;
				CLANG_ENABLE_OBJC_ARC = YES;
				CLANG_ENABLE_OBJC_WEAK = YES;
				CLANG_WARN_BLOCK_CAPTURE_AUTORELEASING = YES;
				CLANG_WARN_BOOL_CONVERSION = YES;
				CLANG_WARN_COMMA = YES;
				CLANG_WARN_CONSTANT_CONVERSION = YES;
				CLANG_WARN_DEPRECATED_OBJC_IMPLEMENTATIONS = YES;
				CLANG_WARN_DIRECT_OBJC_ISA_USAGE = YES_ERROR;
				CLANG_WARN_DOCUMENTATION_COMMENTS = YES;
				CLANG_WARN_EMPTY_BODY = YES;
				CLANG_WARN_ENUM_CONVERSION = YES;
				CLANG_WARN_INFINITE_RECURSION = YES;
				CLANG_WARN_INT_CONVERSION = YES;
				CLANG_WARN_NON_LITERAL_NULL_CONVERSION = YES;
				CLANG_WARN_OBJC_IMPLICIT_RETAIN_SELF = YES;
				CLANG_WARN_OBJC_LITERAL_CONVERSION = YES;
				CLANG_WARN_OBJC_ROOT_CLASS = YES_ERROR;
				CLANG_WARN_RANGE_LOOP_ANALYSIS = YES;
				CLANG_WARN_STRICT_PROTOTYPES = YES;
				CLANG_WARN_SUSPICIOUS_MOVE = YES;
				CLANG_WARN_UNGUARDED_AVAILABILITY = YES_AGGRESSIVE;
				CLANG_WARN_UNREACHABLE_CODE = YES;
				CLANG_WARN__DUPLICATE_METHOD_MATCH = YES;
				COPY_PHASE_STRIP = NO;
				DEBUG_INFORMATION_FORMAT = "dwarf-with-dsym";
				ENABLE_NS_ASSERTIONS = NO;
				ENABLE_STRICT_OBJC_MSGSEND = YES;
				GCC_C_LANGUAGE_STANDARD = gnu11;
				GCC_NO_COMMON_BLOCKS = YES;
				GCC_WARN_64_TO_32_BIT_CONVERSION = YES;
				GCC_WARN_ABOUT_RETURN_TYPE = YES_ERROR;
				GCC_WARN_UNDECLARED_SELECTOR = YES;
				GCC_WARN_UNINITIALIZED_AUTOS = YES_AGGRESSIVE;
				GCC_WARN_UNUSED_FUNCTION = YES;
				GCC_WARN_UNUSED_VARIABLE = YES;
				HEADER_SEARCH_PATHS = (
					"../src/**",
					/usr/local/include,
					../vendor/leveldb/include,
					../vendor/SQLiteCpp/include,
				);
				MACOSX_DEPLOYMENT_TARGET = 10.15;
				MTL_ENABLE_DEBUG_INFO = NO;
				MTL_FAST_MATH = YES;
				OTHER_LDFLAGS = (
					"/usr/local/lib/libboost_system-mt.a",
					"/usr/local/lib/libboost_filesystem-mt.a",
				);
				SDKROOT = macosx;
			};
			name = Release;
		};
		CBA9D77B23187F19001ED558 /* Debug */ = {
			isa = XCBuildConfiguration;
			buildSettings = {
				ASSETCATALOG_COMPILER_APPICON_NAME = AppIcon;
				CODE_SIGN_ENTITLEMENTS = FileSaver/FileSaver.entitlements;
				CODE_SIGN_IDENTITY = "-";
				CODE_SIGN_STYLE = Automatic;
				COMBINE_HIDPI_IMAGES = YES;
				DEVELOPMENT_TEAM = Q39U2SBP6Z;
				ENABLE_HARDENED_RUNTIME = NO;
				INFOPLIST_FILE = FileSaver/Info.plist;
				LD_RUNPATH_SEARCH_PATHS = (
					"$(inherited)",
					"@executable_path/../Frameworks",
				);
				LIBRARY_SEARCH_PATHS = (
					"$(inherited)",
					/usr/local/Cellar/boost/1.68.0/lib,
				);
				MACOSX_DEPLOYMENT_TARGET = 10.14;
				PRODUCT_BUNDLE_IDENTIFIER = "beijaflor-io.FileSaver";
				PRODUCT_NAME = "$(TARGET_NAME)";
			};
			name = Debug;
		};
		CBA9D77C23187F19001ED558 /* Release */ = {
			isa = XCBuildConfiguration;
			buildSettings = {
				ASSETCATALOG_COMPILER_APPICON_NAME = AppIcon;
				CODE_SIGN_ENTITLEMENTS = FileSaver/FileSaver.entitlements;
				CODE_SIGN_IDENTITY = "-";
				CODE_SIGN_STYLE = Automatic;
				COMBINE_HIDPI_IMAGES = YES;
				DEVELOPMENT_TEAM = Q39U2SBP6Z;
				ENABLE_HARDENED_RUNTIME = NO;
				INFOPLIST_FILE = FileSaver/Info.plist;
				LD_RUNPATH_SEARCH_PATHS = (
					"$(inherited)",
					"@executable_path/../Frameworks",
				);
				LIBRARY_SEARCH_PATHS = (
					"$(inherited)",
					/usr/local/Cellar/boost/1.68.0/lib,
				);
				MACOSX_DEPLOYMENT_TARGET = 10.14;
				PRODUCT_BUNDLE_IDENTIFIER = "beijaflor-io.FileSaver";
				PRODUCT_NAME = "$(TARGET_NAME)";
			};
			name = Release;
		};
		CBA9D77E23187F19001ED558 /* Debug */ = {
			isa = XCBuildConfiguration;
			buildSettings = {
				BUNDLE_LOADER = "$(TEST_HOST)";
				CODE_SIGN_STYLE = Automatic;
				COMBINE_HIDPI_IMAGES = YES;
				DEVELOPMENT_TEAM = Q39U2SBP6Z;
				INFOPLIST_FILE = FileSaverTests/Info.plist;
				LD_RUNPATH_SEARCH_PATHS = (
					"$(inherited)",
					"@executable_path/../Frameworks",
					"@loader_path/../Frameworks",
				);
				PRODUCT_BUNDLE_IDENTIFIER = "beijaflor-io.FileSaverTests";
				PRODUCT_NAME = "$(TARGET_NAME)";
				TEST_HOST = "$(BUILT_PRODUCTS_DIR)/FileSaver.app/Contents/MacOS/FileSaver";
			};
			name = Debug;
		};
		CBA9D77F23187F19001ED558 /* Release */ = {
			isa = XCBuildConfiguration;
			buildSettings = {
				BUNDLE_LOADER = "$(TEST_HOST)";
				CODE_SIGN_STYLE = Automatic;
				COMBINE_HIDPI_IMAGES = YES;
				DEVELOPMENT_TEAM = Q39U2SBP6Z;
				INFOPLIST_FILE = FileSaverTests/Info.plist;
				LD_RUNPATH_SEARCH_PATHS = (
					"$(inherited)",
					"@executable_path/../Frameworks",
					"@loader_path/../Frameworks",
				);
				PRODUCT_BUNDLE_IDENTIFIER = "beijaflor-io.FileSaverTests";
				PRODUCT_NAME = "$(TARGET_NAME)";
				TEST_HOST = "$(BUILT_PRODUCTS_DIR)/FileSaver.app/Contents/MacOS/FileSaver";
			};
			name = Release;
		};
		CBA9D78123187F19001ED558 /* Debug */ = {
			isa = XCBuildConfiguration;
			buildSettings = {
				CODE_SIGN_STYLE = Automatic;
				COMBINE_HIDPI_IMAGES = YES;
				DEVELOPMENT_TEAM = Q39U2SBP6Z;
				INFOPLIST_FILE = FileSaverUITests/Info.plist;
				LD_RUNPATH_SEARCH_PATHS = (
					"$(inherited)",
					"@executable_path/../Frameworks",
					"@loader_path/../Frameworks",
				);
				PRODUCT_BUNDLE_IDENTIFIER = "beijaflor-io.FileSaverUITests";
				PRODUCT_NAME = "$(TARGET_NAME)";
				TEST_TARGET_NAME = FileSaver;
			};
			name = Debug;
		};
		CBA9D78223187F19001ED558 /* Release */ = {
			isa = XCBuildConfiguration;
			buildSettings = {
				CODE_SIGN_STYLE = Automatic;
				COMBINE_HIDPI_IMAGES = YES;
				DEVELOPMENT_TEAM = Q39U2SBP6Z;
				INFOPLIST_FILE = FileSaverUITests/Info.plist;
				LD_RUNPATH_SEARCH_PATHS = (
					"$(inherited)",
					"@executable_path/../Frameworks",
					"@loader_path/../Frameworks",
				);
				PRODUCT_BUNDLE_IDENTIFIER = "beijaflor-io.FileSaverUITests";
				PRODUCT_NAME = "$(TARGET_NAME)";
				TEST_TARGET_NAME = FileSaver;
			};
			name = Release;
		};
/* End XCBuildConfiguration section */

/* Begin XCConfigurationList section */
		CBA9D74B23187F17001ED558 /* Build configuration list for PBXProject "FileSaver" */ = {
			isa = XCConfigurationList;
			buildConfigurations = (
				CBA9D77823187F19001ED558 /* Debug */,
				CBA9D77923187F19001ED558 /* Release */,
			);
			defaultConfigurationIsVisible = 0;
			defaultConfigurationName = Release;
		};
		CBA9D77A23187F19001ED558 /* Build configuration list for PBXNativeTarget "FileSaver" */ = {
			isa = XCConfigurationList;
			buildConfigurations = (
				CBA9D77B23187F19001ED558 /* Debug */,
				CBA9D77C23187F19001ED558 /* Release */,
			);
			defaultConfigurationIsVisible = 0;
			defaultConfigurationName = Release;
		};
		CBA9D77D23187F19001ED558 /* Build configuration list for PBXNativeTarget "FileSaverTests" */ = {
			isa = XCConfigurationList;
			buildConfigurations = (
				CBA9D77E23187F19001ED558 /* Debug */,
				CBA9D77F23187F19001ED558 /* Release */,
			);
			defaultConfigurationIsVisible = 0;
			defaultConfigurationName = Release;
		};
		CBA9D78023187F19001ED558 /* Build configuration list for PBXNativeTarget "FileSaverUITests" */ = {
			isa = XCConfigurationList;
			buildConfigurations = (
				CBA9D78123187F19001ED558 /* Debug */,
				CBA9D78223187F19001ED558 /* Release */,
			);
			defaultConfigurationIsVisible = 0;
			defaultConfigurationName = Release;
		};
/* End XCConfigurationList section */
	};
	rootObject = CBA9D74823187F17001ED558 /* Project object */;
}
