// !$*UTF8*$!
{
	archiveVersion = 1;
	classes = {
	};
	objectVersion = 50;
	objects = {

/* Begin PBXBuildFile section */
		CBA9D75523187F17001ED558 /* AppDelegate.mm in Sources */ = {isa = PBXBuildFile; fileRef = CBA9D75423187F17001ED558 /* AppDelegate.mm */; };
		CBA9D75A23187F19001ED558 /* Assets.xcassets in Resources */ = {isa = PBXBuildFile; fileRef = CBA9D75923187F19001ED558 /* Assets.xcassets */; };
		CBA9D75D23187F19001ED558 /* Main.storyboard in Resources */ = {isa = PBXBuildFile; fileRef = CBA9D75B23187F19001ED558 /* Main.storyboard */; };
		CBA9D76023187F19001ED558 /* main.m in Sources */ = {isa = PBXBuildFile; fileRef = CBA9D75F23187F19001ED558 /* main.m */; };
		CBA9D76B23187F19001ED558 /* FileSaverTests.m in Sources */ = {isa = PBXBuildFile; fileRef = CBA9D76A23187F19001ED558 /* FileSaverTests.m */; };
		CBA9D77623187F19001ED558 /* FileSaverUITests.m in Sources */ = {isa = PBXBuildFile; fileRef = CBA9D77523187F19001ED558 /* FileSaverUITests.m */; };
		CBA9D7B123188B1E001ED558 /* liblibfilesaver.a in Frameworks */ = {isa = PBXBuildFile; fileRef = CBA9D7A4231881F9001ED558 /* liblibfilesaver.a */; };
		CBDFB9BE231FD46A0069C9AC /* libleveldb.a in Frameworks */ = {isa = PBXBuildFile; fileRef = CBDFB9A1231FD42D0069C9AC /* libleveldb.a */; };
		E430B17CF9FC2DD98F00CAFD /* ForwardingScrollView.mm in Sources */ = {isa = PBXBuildFile; fileRef = E430B014AC469550BF21D099 /* ForwardingScrollView.mm */; };
		E430B25C44D422ED7148F92C /* FileTableCell.mm in Sources */ = {isa = PBXBuildFile; fileRef = E430B503FEC22F0E38C55D48 /* FileTableCell.mm */; };
		E430B2B15189F8A994FADED8 /* WorkerManagerService.cpp in Sources */ = {isa = PBXBuildFile; fileRef = E430B2F1C983B3DC3CFFA550 /* WorkerManagerService.cpp */; };
		E430B3F5F00FDD85DAD4F10A /* StatisticsViewController.mm in Sources */ = {isa = PBXBuildFile; fileRef = E430B466E147399488572AA5 /* StatisticsViewController.mm */; };
		E430B55F6E482651F831C9CC /* ForwardingScrollView.mm in Sources */ = {isa = PBXBuildFile; fileRef = E430B014AC469550BF21D099 /* ForwardingScrollView.mm */; };
		E430B590FE8E42458EC30369 /* WorkerManagerService.cpp in Sources */ = {isa = PBXBuildFile; fileRef = E430B2F1C983B3DC3CFFA550 /* WorkerManagerService.cpp */; };
		E430B7564B13852675B8D7C5 /* StatisticsViewController.mm in Sources */ = {isa = PBXBuildFile; fileRef = E430B466E147399488572AA5 /* StatisticsViewController.mm */; };
		E430B7784225B363A7282C62 /* DirectoryTableViewController.mm in Sources */ = {isa = PBXBuildFile; fileRef = E430B60348D22DD17F898933 /* DirectoryTableViewController.mm */; };
		E430BA08A4705DD726D56479 /* DirectoryTableViewController.mm in Sources */ = {isa = PBXBuildFile; fileRef = E430B60348D22DD17F898933 /* DirectoryTableViewController.mm */; };
		E430BA7C8B798B012FC6974D /* WorkerManagerService.cpp in Sources */ = {isa = PBXBuildFile; fileRef = E430B2F1C983B3DC3CFFA550 /* WorkerManagerService.cpp */; };
		E430BA89B417C0D1CA843F26 /* VisualizationsViewController.mm in Sources */ = {isa = PBXBuildFile; fileRef = E430B0DACEE672729AB72735 /* VisualizationsViewController.mm */; };
		E430BB096650899D92447BFE /* ForwardingScrollView.mm in Sources */ = {isa = PBXBuildFile; fileRef = E430B014AC469550BF21D099 /* ForwardingScrollView.mm */; };
		E430BBB8AB338143B996D953 /* DirectoryTableViewController.mm in Sources */ = {isa = PBXBuildFile; fileRef = E430B60348D22DD17F898933 /* DirectoryTableViewController.mm */; };
		E430BD0578EA205721937E7B /* VisualizationsViewController.mm in Sources */ = {isa = PBXBuildFile; fileRef = E430B0DACEE672729AB72735 /* VisualizationsViewController.mm */; };
		E430BD7A51F1ABEADC0EDBED /* FileTableCell.mm in Sources */ = {isa = PBXBuildFile; fileRef = E430B503FEC22F0E38C55D48 /* FileTableCell.mm */; };
		E430BD81056A0A8E8E3E876E /* StatisticsViewController.mm in Sources */ = {isa = PBXBuildFile; fileRef = E430B466E147399488572AA5 /* StatisticsViewController.mm */; };
		E430BDB2476337A94C01A44B /* VisualizationsViewController.mm in Sources */ = {isa = PBXBuildFile; fileRef = E430B0DACEE672729AB72735 /* VisualizationsViewController.mm */; };
		E430BF4401D712C5FD708F3B /* FileTableFileController.mm in Sources */ = {isa = PBXBuildFile; fileRef = E430BDFC6821B3E7831D8B76 /* FileTableFileController.mm */; };
		E430BF473EB7FD7CA4882FA5 /* FileTableCell.mm in Sources */ = {isa = PBXBuildFile; fileRef = E430B503FEC22F0E38C55D48 /* FileTableCell.mm */; };
/* End PBXBuildFile section */

/* Begin PBXContainerItemProxy section */
		CBA9D76723187F19001ED558 /* PBXContainerItemProxy */ = {
			isa = PBXContainerItemProxy;
			containerPortal = CBA9D74823187F17001ED558 /* Project object */;
			proxyType = 1;
			remoteGlobalIDString = CBA9D74F23187F17001ED558;
			remoteInfo = FileSaver;
		};
		CBA9D77223187F19001ED558 /* PBXContainerItemProxy */ = {
			isa = PBXContainerItemProxy;
			containerPortal = CBA9D74823187F17001ED558 /* Project object */;
			proxyType = 1;
			remoteGlobalIDString = CBA9D74F23187F17001ED558;
			remoteInfo = FileSaver;
		};
		CBA9D79523187FB1001ED558 /* PBXContainerItemProxy */ = {
			isa = PBXContainerItemProxy;
			containerPortal = CBA9D78523187FB1001ED558 /* file_saver.xcodeproj */;
			proxyType = 2;
			remoteGlobalIDString = 6B384F96D481409290CDC0F0;
			remoteInfo = file_saver;
		};
		CBA9D7A3231881F9001ED558 /* PBXContainerItemProxy */ = {
			isa = PBXContainerItemProxy;
			containerPortal = CBA9D78523187FB1001ED558 /* file_saver.xcodeproj */;
			proxyType = 2;
			remoteGlobalIDString = E1F0BA000FB44280A468F611;
			remoteInfo = libfilesaver;
		};
		CBA9D7B423188B4F001ED558 /* PBXContainerItemProxy */ = {
			isa = PBXContainerItemProxy;
			containerPortal = CBA9D78523187FB1001ED558 /* file_saver.xcodeproj */;
			proxyType = 1;
			remoteGlobalIDString = 2D012CF3607543E8B359EC8B;
			remoteInfo = libfilesaver;
		};
		CBDFB96C231FD42D0069C9AC /* PBXContainerItemProxy */ = {
			isa = PBXContainerItemProxy;
			containerPortal = CBA9D78523187FB1001ED558 /* file_saver.xcodeproj */;
			proxyType = 2;
			remoteGlobalIDString = FA63A9D87A694512A17FE5FA;
			remoteInfo = SQLiteCpp;
		};
		CBDFB96E231FD42D0069C9AC /* PBXContainerItemProxy */ = {
			isa = PBXContainerItemProxy;
			containerPortal = CBA9D78523187FB1001ED558 /* file_saver.xcodeproj */;
			proxyType = 2;
			remoteGlobalIDString = 1F9205DEED084AF5A7A1571A;
			remoteInfo = arena_test;
		};
		CBDFB970231FD42D0069C9AC /* PBXContainerItemProxy */ = {
			isa = PBXContainerItemProxy;
			containerPortal = CBA9D78523187FB1001ED558 /* file_saver.xcodeproj */;
			proxyType = 2;
			remoteGlobalIDString = DB3B6E2CFEA54CD7B2562340;
			remoteInfo = autocompact_test;
		};
		CBDFB972231FD42D0069C9AC /* PBXContainerItemProxy */ = {
			isa = PBXContainerItemProxy;
			containerPortal = CBA9D78523187FB1001ED558 /* file_saver.xcodeproj */;
			proxyType = 2;
			remoteGlobalIDString = 5073E3A1135942D893F2490D;
			remoteInfo = bloom_test;
		};
		CBDFB974231FD42D0069C9AC /* PBXContainerItemProxy */ = {
			isa = PBXContainerItemProxy;
			containerPortal = CBA9D78523187FB1001ED558 /* file_saver.xcodeproj */;
			proxyType = 2;
			remoteGlobalIDString = AFF00E9D74FE452CA71D215B;
			remoteInfo = c_test;
		};
		CBDFB976231FD42D0069C9AC /* PBXContainerItemProxy */ = {
			isa = PBXContainerItemProxy;
			containerPortal = CBA9D78523187FB1001ED558 /* file_saver.xcodeproj */;
			proxyType = 2;
			remoteGlobalIDString = 1FFC90F73EB94E5EBE93E6C5;
			remoteInfo = cache_test;
		};
		CBDFB978231FD42D0069C9AC /* PBXContainerItemProxy */ = {
			isa = PBXContainerItemProxy;
			containerPortal = CBA9D78523187FB1001ED558 /* file_saver.xcodeproj */;
			proxyType = 2;
			remoteGlobalIDString = 97FD839DD3644E39AB2D056E;
			remoteInfo = coding_test;
		};
		CBDFB97A231FD42D0069C9AC /* PBXContainerItemProxy */ = {
			isa = PBXContainerItemProxy;
			containerPortal = CBA9D78523187FB1001ED558 /* file_saver.xcodeproj */;
			proxyType = 2;
			remoteGlobalIDString = 0AD73EB2F18C40048C08843E;
			remoteInfo = corruption_test;
		};
		CBDFB97C231FD42D0069C9AC /* PBXContainerItemProxy */ = {
			isa = PBXContainerItemProxy;
			containerPortal = CBA9D78523187FB1001ED558 /* file_saver.xcodeproj */;
			proxyType = 2;
			remoteGlobalIDString = B9DCFB9B41A345689AC4F6C1;
			remoteInfo = crc32c_test;
		};
		CBDFB97E231FD42D0069C9AC /* PBXContainerItemProxy */ = {
			isa = PBXContainerItemProxy;
			containerPortal = CBA9D78523187FB1001ED558 /* file_saver.xcodeproj */;
			proxyType = 2;
			remoteGlobalIDString = 677A3787FF35400587B04929;
			remoteInfo = db_bench;
		};
		CBDFB980231FD42D0069C9AC /* PBXContainerItemProxy */ = {
			isa = PBXContainerItemProxy;
			containerPortal = CBA9D78523187FB1001ED558 /* file_saver.xcodeproj */;
			proxyType = 2;
			remoteGlobalIDString = 30C3B2CF3E83457C9000FCB1;
			remoteInfo = db_bench_sqlite3;
		};
		CBDFB982231FD42D0069C9AC /* PBXContainerItemProxy */ = {
			isa = PBXContainerItemProxy;
			containerPortal = CBA9D78523187FB1001ED558 /* file_saver.xcodeproj */;
			proxyType = 2;
			remoteGlobalIDString = D2BB831E047A4F6AA714BC7E;
			remoteInfo = db_test;
		};
		CBDFB984231FD42D0069C9AC /* PBXContainerItemProxy */ = {
			isa = PBXContainerItemProxy;
			containerPortal = CBA9D78523187FB1001ED558 /* file_saver.xcodeproj */;
			proxyType = 2;
			remoteGlobalIDString = 7FE249CA01DF4436AFC8F446;
			remoteInfo = dbformat_test;
		};
		CBDFB986231FD42D0069C9AC /* PBXContainerItemProxy */ = {
			isa = PBXContainerItemProxy;
			containerPortal = CBA9D78523187FB1001ED558 /* file_saver.xcodeproj */;
			proxyType = 2;
			remoteGlobalIDString = 6E121382853B409D8E05249F;
			remoteInfo = env_posix_test;
		};
		CBDFB988231FD42D0069C9AC /* PBXContainerItemProxy */ = {
			isa = PBXContainerItemProxy;
			containerPortal = CBA9D78523187FB1001ED558 /* file_saver.xcodeproj */;
			proxyType = 2;
			remoteGlobalIDString = 513D6A70AAEB45BAADDDDBF1;
			remoteInfo = env_test;
		};
		CBDFB98A231FD42D0069C9AC /* PBXContainerItemProxy */ = {
			isa = PBXContainerItemProxy;
			containerPortal = CBA9D78523187FB1001ED558 /* file_saver.xcodeproj */;
			proxyType = 2;
			remoteGlobalIDString = 18FBAF6A758A495589B323B5;
			remoteInfo = fault_injection_test;
		};
		CBDFB98C231FD42D0069C9AC /* PBXContainerItemProxy */ = {
			isa = PBXContainerItemProxy;
			containerPortal = CBA9D78523187FB1001ED558 /* file_saver.xcodeproj */;
			proxyType = 2;
			remoteGlobalIDString = 2439D0F869174FB482A3214F;
			remoteInfo = filename_test;
		};
		CBDFB98E231FD42D0069C9AC /* PBXContainerItemProxy */ = {
			isa = PBXContainerItemProxy;
			containerPortal = CBA9D78523187FB1001ED558 /* file_saver.xcodeproj */;
			proxyType = 2;
			remoteGlobalIDString = 62875253D0304AE393B77F63;
			remoteInfo = filter_block_test;
		};
		CBDFB990231FD42D0069C9AC /* PBXContainerItemProxy */ = {
			isa = PBXContainerItemProxy;
			containerPortal = CBA9D78523187FB1001ED558 /* file_saver.xcodeproj */;
			proxyType = 2;
			remoteGlobalIDString = 36B1A9DB22E34951B9BC33A4;
			remoteInfo = gmock;
		};
		CBDFB992231FD42D0069C9AC /* PBXContainerItemProxy */ = {
			isa = PBXContainerItemProxy;
			containerPortal = CBA9D78523187FB1001ED558 /* file_saver.xcodeproj */;
			proxyType = 2;
			remoteGlobalIDString = FDE6E86067094525A3FD096B;
			remoteInfo = gmock_main;
		};
		CBDFB994231FD42D0069C9AC /* PBXContainerItemProxy */ = {
			isa = PBXContainerItemProxy;
			containerPortal = CBA9D78523187FB1001ED558 /* file_saver.xcodeproj */;
			proxyType = 2;
			remoteGlobalIDString = E7FBEDDC8C3E4426A5C2B715;
			remoteInfo = gtest;
		};
		CBDFB996231FD42D0069C9AC /* PBXContainerItemProxy */ = {
			isa = PBXContainerItemProxy;
			containerPortal = CBA9D78523187FB1001ED558 /* file_saver.xcodeproj */;
			proxyType = 2;
			remoteGlobalIDString = B24B279551F24DD693CFE4C1;
			remoteInfo = gtest_main;
		};
		CBDFB998231FD42D0069C9AC /* PBXContainerItemProxy */ = {
			isa = PBXContainerItemProxy;
			containerPortal = CBA9D78523187FB1001ED558 /* file_saver.xcodeproj */;
			proxyType = 2;
			remoteGlobalIDString = CD2DBF98BE1947E990516255;
			remoteInfo = hash_test;
		};
		CBDFB99A231FD42D0069C9AC /* PBXContainerItemProxy */ = {
			isa = PBXContainerItemProxy;
			containerPortal = CBA9D78523187FB1001ED558 /* file_saver.xcodeproj */;
			proxyType = 2;
			remoteGlobalIDString = 7AA8F85846DF404CA8E3DC9D;
			remoteInfo = issue178_test;
		};
		CBDFB99C231FD42D0069C9AC /* PBXContainerItemProxy */ = {
			isa = PBXContainerItemProxy;
			containerPortal = CBA9D78523187FB1001ED558 /* file_saver.xcodeproj */;
			proxyType = 2;
			remoteGlobalIDString = A89DD7A9E22649AAA5E67583;
			remoteInfo = issue200_test;
		};
		CBDFB99E231FD42D0069C9AC /* PBXContainerItemProxy */ = {
			isa = PBXContainerItemProxy;
			containerPortal = CBA9D78523187FB1001ED558 /* file_saver.xcodeproj */;
			proxyType = 2;
			remoteGlobalIDString = AADA9354A58647F0957042B2;
			remoteInfo = issue320_test;
		};
		CBDFB9A0231FD42D0069C9AC /* PBXContainerItemProxy */ = {
			isa = PBXContainerItemProxy;
			containerPortal = CBA9D78523187FB1001ED558 /* file_saver.xcodeproj */;
			proxyType = 2;
			remoteGlobalIDString = 2A9091507E524F6B9E791C36;
			remoteInfo = leveldb;
		};
		CBDFB9A2231FD42D0069C9AC /* PBXContainerItemProxy */ = {
			isa = PBXContainerItemProxy;
			containerPortal = CBA9D78523187FB1001ED558 /* file_saver.xcodeproj */;
			proxyType = 2;
			remoteGlobalIDString = 126CD9B7AB1048B78C20AF60;
			remoteInfo = leveldbutil;
		};
		CBDFB9A4231FD42D0069C9AC /* PBXContainerItemProxy */ = {
			isa = PBXContainerItemProxy;
			containerPortal = CBA9D78523187FB1001ED558 /* file_saver.xcodeproj */;
			proxyType = 2;
			remoteGlobalIDString = CFFFD58A25074BD784B05636;
			remoteInfo = log_test;
		};
		CBDFB9A6231FD42D0069C9AC /* PBXContainerItemProxy */ = {
			isa = PBXContainerItemProxy;
			containerPortal = CBA9D78523187FB1001ED558 /* file_saver.xcodeproj */;
			proxyType = 2;
			remoteGlobalIDString = 739E72E9D50045F5AD73601E;
			remoteInfo = logging_test;
		};
		CBDFB9A8231FD42D0069C9AC /* PBXContainerItemProxy */ = {
			isa = PBXContainerItemProxy;
			containerPortal = CBA9D78523187FB1001ED558 /* file_saver.xcodeproj */;
			proxyType = 2;
			remoteGlobalIDString = 05F5DF3BADB14131BE028C63;
			remoteInfo = memenv_test;
		};
		CBDFB9AA231FD42D0069C9AC /* PBXContainerItemProxy */ = {
			isa = PBXContainerItemProxy;
			containerPortal = CBA9D78523187FB1001ED558 /* file_saver.xcodeproj */;
			proxyType = 2;
			remoteGlobalIDString = E59138FC1FA14D2CB2729E8C;
			remoteInfo = no_destructor_test;
		};
		CBDFB9AC231FD42D0069C9AC /* PBXContainerItemProxy */ = {
			isa = PBXContainerItemProxy;
			containerPortal = CBA9D78523187FB1001ED558 /* file_saver.xcodeproj */;
			proxyType = 2;
			remoteGlobalIDString = 1D700ADC874B4827A2652B19;
			remoteInfo = recovery_test;
		};
		CBDFB9AE231FD42D0069C9AC /* PBXContainerItemProxy */ = {
			isa = PBXContainerItemProxy;
			containerPortal = CBA9D78523187FB1001ED558 /* file_saver.xcodeproj */;
			proxyType = 2;
			remoteGlobalIDString = 3091E5F3143843929557CACE;
			remoteInfo = runUnitTests;
		};
		CBDFB9B0231FD42D0069C9AC /* PBXContainerItemProxy */ = {
			isa = PBXContainerItemProxy;
			containerPortal = CBA9D78523187FB1001ED558 /* file_saver.xcodeproj */;
			proxyType = 2;
			remoteGlobalIDString = 3BACB9F7D779461EA618E937;
			remoteInfo = skiplist_test;
		};
		CBDFB9B2231FD42D0069C9AC /* PBXContainerItemProxy */ = {
			isa = PBXContainerItemProxy;
			containerPortal = CBA9D78523187FB1001ED558 /* file_saver.xcodeproj */;
			proxyType = 2;
			remoteGlobalIDString = F5B319FE57AF406A8AEF1B66;
			remoteInfo = sqlite3;
		};
		CBDFB9B4231FD42D0069C9AC /* PBXContainerItemProxy */ = {
			isa = PBXContainerItemProxy;
			containerPortal = CBA9D78523187FB1001ED558 /* file_saver.xcodeproj */;
			proxyType = 2;
			remoteGlobalIDString = 7379FA5DE4A04B30A43F140F;
			remoteInfo = status_test;
		};
		CBDFB9B6231FD42D0069C9AC /* PBXContainerItemProxy */ = {
			isa = PBXContainerItemProxy;
			containerPortal = CBA9D78523187FB1001ED558 /* file_saver.xcodeproj */;
			proxyType = 2;
			remoteGlobalIDString = D1AA15E3DB024239A05E3EC8;
			remoteInfo = table_test;
		};
		CBDFB9B8231FD42D0069C9AC /* PBXContainerItemProxy */ = {
			isa = PBXContainerItemProxy;
			containerPortal = CBA9D78523187FB1001ED558 /* file_saver.xcodeproj */;
			proxyType = 2;
			remoteGlobalIDString = 09941A73888B4735850E227F;
			remoteInfo = version_edit_test;
		};
		CBDFB9BA231FD42D0069C9AC /* PBXContainerItemProxy */ = {
			isa = PBXContainerItemProxy;
			containerPortal = CBA9D78523187FB1001ED558 /* file_saver.xcodeproj */;
			proxyType = 2;
			remoteGlobalIDString = EA98D964D8554820A2F736EB;
			remoteInfo = version_set_test;
		};
		CBDFB9BC231FD42D0069C9AC /* PBXContainerItemProxy */ = {
			isa = PBXContainerItemProxy;
			containerPortal = CBA9D78523187FB1001ED558 /* file_saver.xcodeproj */;
			proxyType = 2;
			remoteGlobalIDString = BA4FF9E060C743BE8033B13B;
			remoteInfo = write_batch_test;
		};
/* End PBXContainerItemProxy section */

/* Begin PBXFileReference section */
		CBA9D75023187F17001ED558 /* FileSaver.app */ = {isa = PBXFileReference; explicitFileType = wrapper.application; includeInIndex = 0; path = FileSaver.app; sourceTree = BUILT_PRODUCTS_DIR; };
		CBA9D75323187F17001ED558 /* AppDelegate.h */ = {isa = PBXFileReference; lastKnownFileType = sourcecode.c.h; path = AppDelegate.h; sourceTree = "<group>"; };
		CBA9D75423187F17001ED558 /* AppDelegate.mm */ = {isa = PBXFileReference; lastKnownFileType = sourcecode.cpp.objcpp; path = AppDelegate.mm; sourceTree = "<group>"; };
		CBA9D75923187F19001ED558 /* Assets.xcassets */ = {isa = PBXFileReference; lastKnownFileType = folder.assetcatalog; path = Assets.xcassets; sourceTree = "<group>"; };
		CBA9D75C23187F19001ED558 /* Base */ = {isa = PBXFileReference; lastKnownFileType = file.storyboard; name = Base; path = Base.lproj/Main.storyboard; sourceTree = "<group>"; };
		CBA9D75E23187F19001ED558 /* Info.plist */ = {isa = PBXFileReference; lastKnownFileType = text.plist.xml; path = Info.plist; sourceTree = "<group>"; };
		CBA9D75F23187F19001ED558 /* main.m */ = {isa = PBXFileReference; lastKnownFileType = sourcecode.c.objc; path = main.m; sourceTree = "<group>"; };
		CBA9D76123187F19001ED558 /* FileSaver.entitlements */ = {isa = PBXFileReference; lastKnownFileType = text.plist.entitlements; path = FileSaver.entitlements; sourceTree = "<group>"; };
		CBA9D76623187F19001ED558 /* FileSaverTests.xctest */ = {isa = PBXFileReference; explicitFileType = wrapper.cfbundle; includeInIndex = 0; path = FileSaverTests.xctest; sourceTree = BUILT_PRODUCTS_DIR; };
		CBA9D76A23187F19001ED558 /* FileSaverTests.m */ = {isa = PBXFileReference; lastKnownFileType = sourcecode.c.objc; path = FileSaverTests.m; sourceTree = "<group>"; };
		CBA9D76C23187F19001ED558 /* Info.plist */ = {isa = PBXFileReference; lastKnownFileType = text.plist.xml; path = Info.plist; sourceTree = "<group>"; };
		CBA9D77123187F19001ED558 /* FileSaverUITests.xctest */ = {isa = PBXFileReference; explicitFileType = wrapper.cfbundle; includeInIndex = 0; path = FileSaverUITests.xctest; sourceTree = BUILT_PRODUCTS_DIR; };
		CBA9D77523187F19001ED558 /* FileSaverUITests.m */ = {isa = PBXFileReference; lastKnownFileType = sourcecode.c.objc; path = FileSaverUITests.m; sourceTree = "<group>"; };
		CBA9D77723187F19001ED558 /* Info.plist */ = {isa = PBXFileReference; lastKnownFileType = text.plist.xml; path = Info.plist; sourceTree = "<group>"; };
		CBA9D78523187FB1001ED558 /* file_saver.xcodeproj */ = {isa = PBXFileReference; lastKnownFileType = "wrapper.pb-project"; name = file_saver.xcodeproj; path = ../xcode/file_saver.xcodeproj; sourceTree = "<group>"; };
		CBA9D7A623188338001ED558 /* libboost_filesystem.a */ = {isa = PBXFileReference; lastKnownFileType = archive.ar; name = libboost_filesystem.a; path = ../../../../../usr/local/Cellar/boost/1.68.0/lib/libboost_filesystem.a; sourceTree = "<group>"; };
		CBA9D7A823188459001ED558 /* libboost_filesystem-mt.a */ = {isa = PBXFileReference; lastKnownFileType = archive.ar; name = "libboost_filesystem-mt.a"; path = "../../../../../usr/local/Cellar/boost/1.68.0/lib/libboost_filesystem-mt.a"; sourceTree = "<group>"; };
		CBA9D7A923188459001ED558 /* libboost_system-mt.a */ = {isa = PBXFileReference; lastKnownFileType = archive.ar; name = "libboost_system-mt.a"; path = "../../../../../usr/local/Cellar/boost/1.68.0/lib/libboost_system-mt.a"; sourceTree = "<group>"; };
		CBA9D7AF23188ACF001ED558 /* libboost_system.a */ = {isa = PBXFileReference; lastKnownFileType = archive.ar; name = libboost_system.a; path = ../../../../../usr/local/Cellar/boost/1.68.0/lib/libboost_system.a; sourceTree = "<group>"; };
		E430B014AC469550BF21D099 /* ForwardingScrollView.mm */ = {isa = PBXFileReference; fileEncoding = 4; lastKnownFileType = sourcecode.cpp.objcpp; path = ForwardingScrollView.mm; sourceTree = "<group>"; };
		E430B0DACEE672729AB72735 /* VisualizationsViewController.mm */ = {isa = PBXFileReference; fileEncoding = 4; lastKnownFileType = sourcecode.cpp.objcpp; path = VisualizationsViewController.mm; sourceTree = "<group>"; };
		E430B0E648FB328F98080DE8 /* VisualizationsViewController.h */ = {isa = PBXFileReference; fileEncoding = 4; lastKnownFileType = sourcecode.c.h; path = VisualizationsViewController.h; sourceTree = "<group>"; };
		E430B2F1C983B3DC3CFFA550 /* WorkerManagerService.cpp */ = {isa = PBXFileReference; fileEncoding = 4; lastKnownFileType = sourcecode.cpp.cpp; path = WorkerManagerService.cpp; sourceTree = "<group>"; };
		E430B466E147399488572AA5 /* StatisticsViewController.mm */ = {isa = PBXFileReference; fileEncoding = 4; lastKnownFileType = sourcecode.cpp.objcpp; path = StatisticsViewController.mm; sourceTree = "<group>"; };
		E430B503FEC22F0E38C55D48 /* FileTableCell.mm */ = {isa = PBXFileReference; fileEncoding = 4; lastKnownFileType = sourcecode.cpp.objcpp; path = FileTableCell.mm; sourceTree = "<group>"; };
		E430B55CBBF6C9090526C476 /* WorkerManagerService.h */ = {isa = PBXFileReference; fileEncoding = 4; lastKnownFileType = sourcecode.c.h; path = WorkerManagerService.h; sourceTree = "<group>"; };
		E430B60348D22DD17F898933 /* DirectoryTableViewController.mm */ = {isa = PBXFileReference; fileEncoding = 4; lastKnownFileType = sourcecode.cpp.objcpp; path = DirectoryTableViewController.mm; sourceTree = "<group>"; };
		E430B6AE9AC0329CBAD7DD24 /* FileTableCell.h */ = {isa = PBXFileReference; fileEncoding = 4; lastKnownFileType = sourcecode.c.h; path = FileTableCell.h; sourceTree = "<group>"; };
		E430B9A4C7AB6911716179B9 /* ForwardingScrollView.h */ = {isa = PBXFileReference; fileEncoding = 4; lastKnownFileType = sourcecode.c.h; path = ForwardingScrollView.h; sourceTree = "<group>"; };
		E430BBCBDE3B8AC71C305354 /* FileTableFileController.h */ = {isa = PBXFileReference; fileEncoding = 4; lastKnownFileType = sourcecode.c.h; path = FileTableFileController.h; sourceTree = "<group>"; };
		E430BC2D2753658EECE4730F /* StatisticsViewController.h */ = {isa = PBXFileReference; fileEncoding = 4; lastKnownFileType = sourcecode.c.h; path = StatisticsViewController.h; sourceTree = "<group>"; };
		E430BC6841A41788F11DCB5B /* DirectoryTableViewController.h */ = {isa = PBXFileReference; fileEncoding = 4; lastKnownFileType = sourcecode.c.h; path = DirectoryTableViewController.h; sourceTree = "<group>"; };
		E430BDFC6821B3E7831D8B76 /* FileTableFileController.mm */ = {isa = PBXFileReference; fileEncoding = 4; lastKnownFileType = sourcecode.cpp.objcpp; path = FileTableFileController.mm; sourceTree = "<group>"; };
/* End PBXFileReference section */

/* Begin PBXFrameworksBuildPhase section */
		CBA9D74D23187F17001ED558 /* Frameworks */ = {
			isa = PBXFrameworksBuildPhase;
			buildActionMask = 2147483647;
			files = (
				CBDFB9BE231FD46A0069C9AC /* libleveldb.a in Frameworks */,
				CBA9D7B123188B1E001ED558 /* liblibfilesaver.a in Frameworks */,
			);
			runOnlyForDeploymentPostprocessing = 0;
		};
		CBA9D76323187F19001ED558 /* Frameworks */ = {
			isa = PBXFrameworksBuildPhase;
			buildActionMask = 2147483647;
			files = (
			);
			runOnlyForDeploymentPostprocessing = 0;
		};
		CBA9D76E23187F19001ED558 /* Frameworks */ = {
			isa = PBXFrameworksBuildPhase;
			buildActionMask = 2147483647;
			files = (
			);
			runOnlyForDeploymentPostprocessing = 0;
		};
/* End PBXFrameworksBuildPhase section */

/* Begin PBXGroup section */
		CBA9D74723187F17001ED558 = {
			isa = PBXGroup;
			children = (
				CBA9D78523187FB1001ED558 /* file_saver.xcodeproj */,
				CBA9D75223187F17001ED558 /* FileSaver */,
				CBA9D76923187F19001ED558 /* FileSaverTests */,
				CBA9D77423187F19001ED558 /* FileSaverUITests */,
				CBA9D75123187F17001ED558 /* Products */,
				CBA9D7A1231881F9001ED558 /* Frameworks */,
			);
			sourceTree = "<group>";
		};
		CBA9D75123187F17001ED558 /* Products */ = {
			isa = PBXGroup;
			children = (
				CBA9D75023187F17001ED558 /* FileSaver.app */,
				CBA9D76623187F19001ED558 /* FileSaverTests.xctest */,
				CBA9D77123187F19001ED558 /* FileSaverUITests.xctest */,
			);
			name = Products;
			sourceTree = "<group>";
		};
		CBA9D75223187F17001ED558 /* FileSaver */ = {
			isa = PBXGroup;
			children = (
				CBA9D75323187F17001ED558 /* AppDelegate.h */,
				CBA9D75423187F17001ED558 /* AppDelegate.mm */,
				CBA9D75923187F19001ED558 /* Assets.xcassets */,
				CBA9D75B23187F19001ED558 /* Main.storyboard */,
				CBA9D75E23187F19001ED558 /* Info.plist */,
				CBA9D75F23187F19001ED558 /* main.m */,
				CBA9D76123187F19001ED558 /* FileSaver.entitlements */,
				E430B70913CB98F3EECE67F4 /* views */,
				E430B8D485992CE6907A9430 /* controllers */,
				E430BFC3B35EDB5632D83B60 /* services */,
			);
			path = FileSaver;
			sourceTree = "<group>";
		};
		CBA9D76923187F19001ED558 /* FileSaverTests */ = {
			isa = PBXGroup;
			children = (
				CBA9D76A23187F19001ED558 /* FileSaverTests.m */,
				CBA9D76C23187F19001ED558 /* Info.plist */,
			);
			path = FileSaverTests;
			sourceTree = "<group>";
		};
		CBA9D77423187F19001ED558 /* FileSaverUITests */ = {
			isa = PBXGroup;
			children = (
				CBA9D77523187F19001ED558 /* FileSaverUITests.m */,
				CBA9D77723187F19001ED558 /* Info.plist */,
			);
			path = FileSaverUITests;
			sourceTree = "<group>";
		};
		CBA9D78623187FB1001ED558 /* Products */ = {
			isa = PBXGroup;
			children = (
				CBDFB96D231FD42D0069C9AC /* libSQLiteCpp.a */,
				CBDFB96F231FD42D0069C9AC /* arena_test */,
				CBDFB971231FD42D0069C9AC /* autocompact_test */,
				CBDFB973231FD42D0069C9AC /* bloom_test */,
				CBDFB975231FD42D0069C9AC /* c_test */,
				CBDFB977231FD42D0069C9AC /* cache_test */,
				CBDFB979231FD42D0069C9AC /* coding_test */,
				CBDFB97B231FD42D0069C9AC /* corruption_test */,
				CBDFB97D231FD42D0069C9AC /* crc32c_test */,
				CBDFB97F231FD42D0069C9AC /* db_bench */,
				CBDFB981231FD42D0069C9AC /* db_bench_sqlite3 */,
				CBDFB983231FD42D0069C9AC /* db_test */,
				CBDFB985231FD42D0069C9AC /* dbformat_test */,
				CBDFB987231FD42D0069C9AC /* env_posix_test */,
				CBDFB989231FD42D0069C9AC /* env_test */,
				CBDFB98B231FD42D0069C9AC /* fault_injection_test */,
				CBA9D79623187FB1001ED558 /* file_saver */,
				CBDFB98D231FD42D0069C9AC /* filename_test */,
				CBDFB98F231FD42D0069C9AC /* filter_block_test */,
				CBDFB991231FD42D0069C9AC /* libgmockd.a */,
				CBDFB993231FD42D0069C9AC /* libgmock_maind.a */,
				CBDFB995231FD42D0069C9AC /* libgtestd.a */,
				CBDFB997231FD42D0069C9AC /* libgtest_maind.a */,
				CBDFB999231FD42D0069C9AC /* hash_test */,
				CBDFB99B231FD42D0069C9AC /* issue178_test */,
				CBDFB99D231FD42D0069C9AC /* issue200_test */,
				CBDFB99F231FD42D0069C9AC /* issue320_test */,
				CBDFB9A1231FD42D0069C9AC /* libleveldb.a */,
				CBDFB9A3231FD42D0069C9AC /* leveldbutil */,
				CBA9D7A4231881F9001ED558 /* liblibfilesaver.a */,
				CBDFB9A5231FD42D0069C9AC /* log_test */,
				CBDFB9A7231FD42D0069C9AC /* logging_test */,
				CBDFB9A9231FD42D0069C9AC /* memenv_test */,
				CBDFB9AB231FD42D0069C9AC /* no_destructor_test */,
				CBDFB9AD231FD42D0069C9AC /* recovery_test */,
				CBDFB9AF231FD42D0069C9AC /* runUnitTests */,
				CBDFB9B1231FD42D0069C9AC /* skiplist_test */,
				CBDFB9B3231FD42D0069C9AC /* libsqlite3.a */,
				CBDFB9B5231FD42D0069C9AC /* status_test */,
				CBDFB9B7231FD42D0069C9AC /* table_test */,
				CBDFB9B9231FD42D0069C9AC /* version_edit_test */,
				CBDFB9BB231FD42D0069C9AC /* version_set_test */,
				CBDFB9BD231FD42D0069C9AC /* write_batch_test */,
			);
			name = Products;
			sourceTree = "<group>";
		};
		CBA9D7A1231881F9001ED558 /* Frameworks */ = {
			isa = PBXGroup;
			children = (
				CBA9D7AF23188ACF001ED558 /* libboost_system.a */,
				CBA9D7A823188459001ED558 /* libboost_filesystem-mt.a */,
				CBA9D7A923188459001ED558 /* libboost_system-mt.a */,
				CBA9D7A623188338001ED558 /* libboost_filesystem.a */,
			);
			name = Frameworks;
			sourceTree = "<group>";
		};
		E430B70913CB98F3EECE67F4 /* views */ = {
			isa = PBXGroup;
			children = (
				E430B6AE9AC0329CBAD7DD24 /* FileTableCell.h */,
				E430B503FEC22F0E38C55D48 /* FileTableCell.mm */,
				E430B014AC469550BF21D099 /* ForwardingScrollView.mm */,
				E430B9A4C7AB6911716179B9 /* ForwardingScrollView.h */,
			);
			path = views;
			sourceTree = "<group>";
		};
		E430B8D485992CE6907A9430 /* controllers */ = {
			isa = PBXGroup;
			children = (
				E430BBCBDE3B8AC71C305354 /* FileTableFileController.h */,
				E430BDFC6821B3E7831D8B76 /* FileTableFileController.mm */,
				E430B466E147399488572AA5 /* StatisticsViewController.mm */,
				E430BC2D2753658EECE4730F /* StatisticsViewController.h */,
				E430B60348D22DD17F898933 /* DirectoryTableViewController.mm */,
				E430BC6841A41788F11DCB5B /* DirectoryTableViewController.h */,
				E430B0DACEE672729AB72735 /* VisualizationsViewController.mm */,
				E430B0E648FB328F98080DE8 /* VisualizationsViewController.h */,
			);
			path = controllers;
			sourceTree = "<group>";
		};
		E430BFC3B35EDB5632D83B60 /* services */ = {
			isa = PBXGroup;
			children = (
				E430B2F1C983B3DC3CFFA550 /* WorkerManagerService.cpp */,
				E430B55CBBF6C9090526C476 /* WorkerManagerService.h */,
			);
			path = services;
			sourceTree = "<group>";
		};
/* End PBXGroup section */

/* Begin PBXNativeTarget section */
		CBA9D74F23187F17001ED558 /* FileSaver */ = {
			isa = PBXNativeTarget;
			buildConfigurationList = CBA9D77A23187F19001ED558 /* Build configuration list for PBXNativeTarget "FileSaver" */;
			buildPhases = (
				CBA9D74C23187F17001ED558 /* Sources */,
				CBA9D74D23187F17001ED558 /* Frameworks */,
				CBA9D74E23187F17001ED558 /* Resources */,
			);
			buildRules = (
			);
			dependencies = (
				CBA9D7B523188B4F001ED558 /* PBXTargetDependency */,
			);
			name = FileSaver;
			productName = FileSaver;
			productReference = CBA9D75023187F17001ED558 /* FileSaver.app */;
			productType = "com.apple.product-type.application";
		};
		CBA9D76523187F19001ED558 /* FileSaverTests */ = {
			isa = PBXNativeTarget;
			buildConfigurationList = CBA9D77D23187F19001ED558 /* Build configuration list for PBXNativeTarget "FileSaverTests" */;
			buildPhases = (
				CBA9D76223187F19001ED558 /* Sources */,
				CBA9D76323187F19001ED558 /* Frameworks */,
				CBA9D76423187F19001ED558 /* Resources */,
			);
			buildRules = (
			);
			dependencies = (
				CBA9D76823187F19001ED558 /* PBXTargetDependency */,
			);
			name = FileSaverTests;
			productName = FileSaverTests;
			productReference = CBA9D76623187F19001ED558 /* FileSaverTests.xctest */;
			productType = "com.apple.product-type.bundle.unit-test";
		};
		CBA9D77023187F19001ED558 /* FileSaverUITests */ = {
			isa = PBXNativeTarget;
			buildConfigurationList = CBA9D78023187F19001ED558 /* Build configuration list for PBXNativeTarget "FileSaverUITests" */;
			buildPhases = (
				CBA9D76D23187F19001ED558 /* Sources */,
				CBA9D76E23187F19001ED558 /* Frameworks */,
				CBA9D76F23187F19001ED558 /* Resources */,
			);
			buildRules = (
			);
			dependencies = (
				CBA9D77323187F19001ED558 /* PBXTargetDependency */,
			);
			name = FileSaverUITests;
			productName = FileSaverUITests;
			productReference = CBA9D77123187F19001ED558 /* FileSaverUITests.xctest */;
			productType = "com.apple.product-type.bundle.ui-testing";
		};
/* End PBXNativeTarget section */

/* Begin PBXProject section */
		CBA9D74823187F17001ED558 /* Project object */ = {
			isa = PBXProject;
			attributes = {
				LastUpgradeCheck = 1100;
				ORGANIZATIONNAME = "Pedro Tacla Yamada";
				TargetAttributes = {
					CBA9D74F23187F17001ED558 = {
						CreatedOnToolsVersion = 11.0;
					};
					CBA9D76523187F19001ED558 = {
						CreatedOnToolsVersion = 11.0;
						TestTargetID = CBA9D74F23187F17001ED558;
					};
					CBA9D77023187F19001ED558 = {
						CreatedOnToolsVersion = 11.0;
						TestTargetID = CBA9D74F23187F17001ED558;
					};
				};
			};
			buildConfigurationList = CBA9D74B23187F17001ED558 /* Build configuration list for PBXProject "FileSaver" */;
			compatibilityVersion = "Xcode 9.3";
			developmentRegion = en;
			hasScannedForEncodings = 0;
			knownRegions = (
				en,
				Base,
			);
			mainGroup = CBA9D74723187F17001ED558;
			productRefGroup = CBA9D75123187F17001ED558 /* Products */;
			projectDirPath = "";
			projectReferences = (
				{
					ProductGroup = CBA9D78623187FB1001ED558 /* Products */;
					ProjectRef = CBA9D78523187FB1001ED558 /* file_saver.xcodeproj */;
				},
			);
			projectRoot = "";
			targets = (
				CBA9D74F23187F17001ED558 /* FileSaver */,
				CBA9D76523187F19001ED558 /* FileSaverTests */,
				CBA9D77023187F19001ED558 /* FileSaverUITests */,
			);
		};
/* End PBXProject section */

/* Begin PBXReferenceProxy section */
		CBA9D79623187FB1001ED558 /* file_saver */ = {
			isa = PBXReferenceProxy;
			fileType = "compiled.mach-o.executable";
			path = file_saver;
			remoteRef = CBA9D79523187FB1001ED558 /* PBXContainerItemProxy */;
			sourceTree = BUILT_PRODUCTS_DIR;
		};
		CBA9D7A4231881F9001ED558 /* liblibfilesaver.a */ = {
			isa = PBXReferenceProxy;
			fileType = archive.ar;
			path = liblibfilesaver.a;
			remoteRef = CBA9D7A3231881F9001ED558 /* PBXContainerItemProxy */;
			sourceTree = BUILT_PRODUCTS_DIR;
		};
		CBDFB96D231FD42D0069C9AC /* libSQLiteCpp.a */ = {
			isa = PBXReferenceProxy;
			fileType = archive.ar;
			path = libSQLiteCpp.a;
			remoteRef = CBDFB96C231FD42D0069C9AC /* PBXContainerItemProxy */;
			sourceTree = BUILT_PRODUCTS_DIR;
		};
		CBDFB96F231FD42D0069C9AC /* arena_test */ = {
			isa = PBXReferenceProxy;
			fileType = "compiled.mach-o.executable";
			path = arena_test;
			remoteRef = CBDFB96E231FD42D0069C9AC /* PBXContainerItemProxy */;
			sourceTree = BUILT_PRODUCTS_DIR;
		};
		CBDFB971231FD42D0069C9AC /* autocompact_test */ = {
			isa = PBXReferenceProxy;
			fileType = "compiled.mach-o.executable";
			path = autocompact_test;
			remoteRef = CBDFB970231FD42D0069C9AC /* PBXContainerItemProxy */;
			sourceTree = BUILT_PRODUCTS_DIR;
		};
		CBDFB973231FD42D0069C9AC /* bloom_test */ = {
			isa = PBXReferenceProxy;
			fileType = "compiled.mach-o.executable";
			path = bloom_test;
			remoteRef = CBDFB972231FD42D0069C9AC /* PBXContainerItemProxy */;
			sourceTree = BUILT_PRODUCTS_DIR;
		};
		CBDFB975231FD42D0069C9AC /* c_test */ = {
			isa = PBXReferenceProxy;
			fileType = "compiled.mach-o.executable";
			path = c_test;
			remoteRef = CBDFB974231FD42D0069C9AC /* PBXContainerItemProxy */;
			sourceTree = BUILT_PRODUCTS_DIR;
		};
		CBDFB977231FD42D0069C9AC /* cache_test */ = {
			isa = PBXReferenceProxy;
			fileType = "compiled.mach-o.executable";
			path = cache_test;
			remoteRef = CBDFB976231FD42D0069C9AC /* PBXContainerItemProxy */;
			sourceTree = BUILT_PRODUCTS_DIR;
		};
		CBDFB979231FD42D0069C9AC /* coding_test */ = {
			isa = PBXReferenceProxy;
			fileType = "compiled.mach-o.executable";
			path = coding_test;
			remoteRef = CBDFB978231FD42D0069C9AC /* PBXContainerItemProxy */;
			sourceTree = BUILT_PRODUCTS_DIR;
		};
		CBDFB97B231FD42D0069C9AC /* corruption_test */ = {
			isa = PBXReferenceProxy;
			fileType = "compiled.mach-o.executable";
			path = corruption_test;
			remoteRef = CBDFB97A231FD42D0069C9AC /* PBXContainerItemProxy */;
			sourceTree = BUILT_PRODUCTS_DIR;
		};
		CBDFB97D231FD42D0069C9AC /* crc32c_test */ = {
			isa = PBXReferenceProxy;
			fileType = "compiled.mach-o.executable";
			path = crc32c_test;
			remoteRef = CBDFB97C231FD42D0069C9AC /* PBXContainerItemProxy */;
			sourceTree = BUILT_PRODUCTS_DIR;
		};
		CBDFB97F231FD42D0069C9AC /* db_bench */ = {
			isa = PBXReferenceProxy;
			fileType = "compiled.mach-o.executable";
			path = db_bench;
			remoteRef = CBDFB97E231FD42D0069C9AC /* PBXContainerItemProxy */;
			sourceTree = BUILT_PRODUCTS_DIR;
		};
		CBDFB981231FD42D0069C9AC /* db_bench_sqlite3 */ = {
			isa = PBXReferenceProxy;
			fileType = "compiled.mach-o.executable";
			path = db_bench_sqlite3;
			remoteRef = CBDFB980231FD42D0069C9AC /* PBXContainerItemProxy */;
			sourceTree = BUILT_PRODUCTS_DIR;
		};
		CBDFB983231FD42D0069C9AC /* db_test */ = {
			isa = PBXReferenceProxy;
			fileType = "compiled.mach-o.executable";
			path = db_test;
			remoteRef = CBDFB982231FD42D0069C9AC /* PBXContainerItemProxy */;
			sourceTree = BUILT_PRODUCTS_DIR;
		};
		CBDFB985231FD42D0069C9AC /* dbformat_test */ = {
			isa = PBXReferenceProxy;
			fileType = "compiled.mach-o.executable";
			path = dbformat_test;
			remoteRef = CBDFB984231FD42D0069C9AC /* PBXContainerItemProxy */;
			sourceTree = BUILT_PRODUCTS_DIR;
		};
		CBDFB987231FD42D0069C9AC /* env_posix_test */ = {
			isa = PBXReferenceProxy;
			fileType = "compiled.mach-o.executable";
			path = env_posix_test;
			remoteRef = CBDFB986231FD42D0069C9AC /* PBXContainerItemProxy */;
			sourceTree = BUILT_PRODUCTS_DIR;
		};
		CBDFB989231FD42D0069C9AC /* env_test */ = {
			isa = PBXReferenceProxy;
			fileType = "compiled.mach-o.executable";
			path = env_test;
			remoteRef = CBDFB988231FD42D0069C9AC /* PBXContainerItemProxy */;
			sourceTree = BUILT_PRODUCTS_DIR;
		};
		CBDFB98B231FD42D0069C9AC /* fault_injection_test */ = {
			isa = PBXReferenceProxy;
			fileType = "compiled.mach-o.executable";
			path = fault_injection_test;
			remoteRef = CBDFB98A231FD42D0069C9AC /* PBXContainerItemProxy */;
			sourceTree = BUILT_PRODUCTS_DIR;
		};
		CBDFB98D231FD42D0069C9AC /* filename_test */ = {
			isa = PBXReferenceProxy;
			fileType = "compiled.mach-o.executable";
			path = filename_test;
			remoteRef = CBDFB98C231FD42D0069C9AC /* PBXContainerItemProxy */;
			sourceTree = BUILT_PRODUCTS_DIR;
		};
		CBDFB98F231FD42D0069C9AC /* filter_block_test */ = {
			isa = PBXReferenceProxy;
			fileType = "compiled.mach-o.executable";
			path = filter_block_test;
			remoteRef = CBDFB98E231FD42D0069C9AC /* PBXContainerItemProxy */;
			sourceTree = BUILT_PRODUCTS_DIR;
		};
		CBDFB991231FD42D0069C9AC /* libgmockd.a */ = {
			isa = PBXReferenceProxy;
			fileType = archive.ar;
			path = libgmockd.a;
			remoteRef = CBDFB990231FD42D0069C9AC /* PBXContainerItemProxy */;
			sourceTree = BUILT_PRODUCTS_DIR;
		};
		CBDFB993231FD42D0069C9AC /* libgmock_maind.a */ = {
			isa = PBXReferenceProxy;
			fileType = archive.ar;
			path = libgmock_maind.a;
			remoteRef = CBDFB992231FD42D0069C9AC /* PBXContainerItemProxy */;
			sourceTree = BUILT_PRODUCTS_DIR;
		};
		CBDFB995231FD42D0069C9AC /* libgtestd.a */ = {
			isa = PBXReferenceProxy;
			fileType = archive.ar;
			path = libgtestd.a;
			remoteRef = CBDFB994231FD42D0069C9AC /* PBXContainerItemProxy */;
			sourceTree = BUILT_PRODUCTS_DIR;
		};
		CBDFB997231FD42D0069C9AC /* libgtest_maind.a */ = {
			isa = PBXReferenceProxy;
			fileType = archive.ar;
			path = libgtest_maind.a;
			remoteRef = CBDFB996231FD42D0069C9AC /* PBXContainerItemProxy */;
			sourceTree = BUILT_PRODUCTS_DIR;
		};
		CBDFB999231FD42D0069C9AC /* hash_test */ = {
			isa = PBXReferenceProxy;
			fileType = "compiled.mach-o.executable";
			path = hash_test;
			remoteRef = CBDFB998231FD42D0069C9AC /* PBXContainerItemProxy */;
			sourceTree = BUILT_PRODUCTS_DIR;
		};
		CBDFB99B231FD42D0069C9AC /* issue178_test */ = {
			isa = PBXReferenceProxy;
			fileType = "compiled.mach-o.executable";
			path = issue178_test;
			remoteRef = CBDFB99A231FD42D0069C9AC /* PBXContainerItemProxy */;
			sourceTree = BUILT_PRODUCTS_DIR;
		};
		CBDFB99D231FD42D0069C9AC /* issue200_test */ = {
			isa = PBXReferenceProxy;
			fileType = "compiled.mach-o.executable";
			path = issue200_test;
			remoteRef = CBDFB99C231FD42D0069C9AC /* PBXContainerItemProxy */;
			sourceTree = BUILT_PRODUCTS_DIR;
		};
		CBDFB99F231FD42D0069C9AC /* issue320_test */ = {
			isa = PBXReferenceProxy;
			fileType = "compiled.mach-o.executable";
			path = issue320_test;
			remoteRef = CBDFB99E231FD42D0069C9AC /* PBXContainerItemProxy */;
			sourceTree = BUILT_PRODUCTS_DIR;
		};
		CBDFB9A1231FD42D0069C9AC /* libleveldb.a */ = {
			isa = PBXReferenceProxy;
			fileType = archive.ar;
			path = libleveldb.a;
			remoteRef = CBDFB9A0231FD42D0069C9AC /* PBXContainerItemProxy */;
			sourceTree = BUILT_PRODUCTS_DIR;
		};
		CBDFB9A3231FD42D0069C9AC /* leveldbutil */ = {
			isa = PBXReferenceProxy;
			fileType = "compiled.mach-o.executable";
			path = leveldbutil;
			remoteRef = CBDFB9A2231FD42D0069C9AC /* PBXContainerItemProxy */;
			sourceTree = BUILT_PRODUCTS_DIR;
		};
		CBDFB9A5231FD42D0069C9AC /* log_test */ = {
			isa = PBXReferenceProxy;
			fileType = "compiled.mach-o.executable";
			path = log_test;
			remoteRef = CBDFB9A4231FD42D0069C9AC /* PBXContainerItemProxy */;
			sourceTree = BUILT_PRODUCTS_DIR;
		};
		CBDFB9A7231FD42D0069C9AC /* logging_test */ = {
			isa = PBXReferenceProxy;
			fileType = "compiled.mach-o.executable";
			path = logging_test;
			remoteRef = CBDFB9A6231FD42D0069C9AC /* PBXContainerItemProxy */;
			sourceTree = BUILT_PRODUCTS_DIR;
		};
		CBDFB9A9231FD42D0069C9AC /* memenv_test */ = {
			isa = PBXReferenceProxy;
			fileType = "compiled.mach-o.executable";
			path = memenv_test;
			remoteRef = CBDFB9A8231FD42D0069C9AC /* PBXContainerItemProxy */;
			sourceTree = BUILT_PRODUCTS_DIR;
		};
		CBDFB9AB231FD42D0069C9AC /* no_destructor_test */ = {
			isa = PBXReferenceProxy;
			fileType = "compiled.mach-o.executable";
			path = no_destructor_test;
			remoteRef = CBDFB9AA231FD42D0069C9AC /* PBXContainerItemProxy */;
			sourceTree = BUILT_PRODUCTS_DIR;
		};
		CBDFB9AD231FD42D0069C9AC /* recovery_test */ = {
			isa = PBXReferenceProxy;
			fileType = "compiled.mach-o.executable";
			path = recovery_test;
			remoteRef = CBDFB9AC231FD42D0069C9AC /* PBXContainerItemProxy */;
			sourceTree = BUILT_PRODUCTS_DIR;
		};
		CBDFB9AF231FD42D0069C9AC /* runUnitTests */ = {
			isa = PBXReferenceProxy;
			fileType = "compiled.mach-o.executable";
			path = runUnitTests;
			remoteRef = CBDFB9AE231FD42D0069C9AC /* PBXContainerItemProxy */;
			sourceTree = BUILT_PRODUCTS_DIR;
		};
		CBDFB9B1231FD42D0069C9AC /* skiplist_test */ = {
			isa = PBXReferenceProxy;
			fileType = "compiled.mach-o.executable";
			path = skiplist_test;
			remoteRef = CBDFB9B0231FD42D0069C9AC /* PBXContainerItemProxy */;
			sourceTree = BUILT_PRODUCTS_DIR;
		};
		CBDFB9B3231FD42D0069C9AC /* libsqlite3.a */ = {
			isa = PBXReferenceProxy;
			fileType = archive.ar;
			path = libsqlite3.a;
			remoteRef = CBDFB9B2231FD42D0069C9AC /* PBXContainerItemProxy */;
			sourceTree = BUILT_PRODUCTS_DIR;
		};
		CBDFB9B5231FD42D0069C9AC /* status_test */ = {
			isa = PBXReferenceProxy;
			fileType = "compiled.mach-o.executable";
			path = status_test;
			remoteRef = CBDFB9B4231FD42D0069C9AC /* PBXContainerItemProxy */;
			sourceTree = BUILT_PRODUCTS_DIR;
		};
		CBDFB9B7231FD42D0069C9AC /* table_test */ = {
			isa = PBXReferenceProxy;
			fileType = "compiled.mach-o.executable";
			path = table_test;
			remoteRef = CBDFB9B6231FD42D0069C9AC /* PBXContainerItemProxy */;
			sourceTree = BUILT_PRODUCTS_DIR;
		};
		CBDFB9B9231FD42D0069C9AC /* version_edit_test */ = {
			isa = PBXReferenceProxy;
			fileType = "compiled.mach-o.executable";
			path = version_edit_test;
			remoteRef = CBDFB9B8231FD42D0069C9AC /* PBXContainerItemProxy */;
			sourceTree = BUILT_PRODUCTS_DIR;
		};
		CBDFB9BB231FD42D0069C9AC /* version_set_test */ = {
			isa = PBXReferenceProxy;
			fileType = "compiled.mach-o.executable";
			path = version_set_test;
			remoteRef = CBDFB9BA231FD42D0069C9AC /* PBXContainerItemProxy */;
			sourceTree = BUILT_PRODUCTS_DIR;
		};
		CBDFB9BD231FD42D0069C9AC /* write_batch_test */ = {
			isa = PBXReferenceProxy;
			fileType = "compiled.mach-o.executable";
			path = write_batch_test;
			remoteRef = CBDFB9BC231FD42D0069C9AC /* PBXContainerItemProxy */;
			sourceTree = BUILT_PRODUCTS_DIR;
		};
/* End PBXReferenceProxy section */

/* Begin PBXResourcesBuildPhase section */
		CBA9D74E23187F17001ED558 /* Resources */ = {
			isa = PBXResourcesBuildPhase;
			buildActionMask = 2147483647;
			files = (
				CBA9D75A23187F19001ED558 /* Assets.xcassets in Resources */,
				CBA9D75D23187F19001ED558 /* Main.storyboard in Resources */,
			);
			runOnlyForDeploymentPostprocessing = 0;
		};
		CBA9D76423187F19001ED558 /* Resources */ = {
			isa = PBXResourcesBuildPhase;
			buildActionMask = 2147483647;
			files = (
			);
			runOnlyForDeploymentPostprocessing = 0;
		};
		CBA9D76F23187F19001ED558 /* Resources */ = {
			isa = PBXResourcesBuildPhase;
			buildActionMask = 2147483647;
			files = (
			);
			runOnlyForDeploymentPostprocessing = 0;
		};
/* End PBXResourcesBuildPhase section */

/* Begin PBXSourcesBuildPhase section */
		CBA9D74C23187F17001ED558 /* Sources */ = {
			isa = PBXSourcesBuildPhase;
			buildActionMask = 2147483647;
			files = (
				CBA9D76023187F19001ED558 /* main.m in Sources */,
				CBA9D75523187F17001ED558 /* AppDelegate.mm in Sources */,
				E430BF473EB7FD7CA4882FA5 /* FileTableCell.mm in Sources */,
				E430BF4401D712C5FD708F3B /* FileTableFileController.mm in Sources */,
				E430BD81056A0A8E8E3E876E /* StatisticsViewController.mm in Sources */,
				E430BA7C8B798B012FC6974D /* WorkerManagerService.cpp in Sources */,
				E430BA08A4705DD726D56479 /* DirectoryTableViewController.mm in Sources */,
				E430B17CF9FC2DD98F00CAFD /* ForwardingScrollView.mm in Sources */,
				E430BA89B417C0D1CA843F26 /* VisualizationsViewController.mm in Sources */,
			);
			runOnlyForDeploymentPostprocessing = 0;
		};
		CBA9D76223187F19001ED558 /* Sources */ = {
			isa = PBXSourcesBuildPhase;
			buildActionMask = 2147483647;
			files = (
				CBA9D76B23187F19001ED558 /* FileSaverTests.m in Sources */,
				E430BD7A51F1ABEADC0EDBED /* FileTableCell.mm in Sources */,
				E430B3F5F00FDD85DAD4F10A /* StatisticsViewController.mm in Sources */,
				E430B590FE8E42458EC30369 /* WorkerManagerService.cpp in Sources */,
				E430B7784225B363A7282C62 /* DirectoryTableViewController.mm in Sources */,
				E430BB096650899D92447BFE /* ForwardingScrollView.mm in Sources */,
				E430BD0578EA205721937E7B /* VisualizationsViewController.mm in Sources */,
			);
			runOnlyForDeploymentPostprocessing = 0;
		};
		CBA9D76D23187F19001ED558 /* Sources */ = {
			isa = PBXSourcesBuildPhase;
			buildActionMask = 2147483647;
			files = (
				CBA9D77623187F19001ED558 /* FileSaverUITests.m in Sources */,
				E430B25C44D422ED7148F92C /* FileTableCell.mm in Sources */,
				E430B7564B13852675B8D7C5 /* StatisticsViewController.mm in Sources */,
				E430B2B15189F8A994FADED8 /* WorkerManagerService.cpp in Sources */,
				E430BBB8AB338143B996D953 /* DirectoryTableViewController.mm in Sources */,
				E430B55F6E482651F831C9CC /* ForwardingScrollView.mm in Sources */,
				E430BDB2476337A94C01A44B /* VisualizationsViewController.mm in Sources */,
			);
			runOnlyForDeploymentPostprocessing = 0;
		};
/* End PBXSourcesBuildPhase section */

/* Begin PBXTargetDependency section */
		CBA9D76823187F19001ED558 /* PBXTargetDependency */ = {
			isa = PBXTargetDependency;
			target = CBA9D74F23187F17001ED558 /* FileSaver */;
			targetProxy = CBA9D76723187F19001ED558 /* PBXContainerItemProxy */;
		};
		CBA9D77323187F19001ED558 /* PBXTargetDependency */ = {
			isa = PBXTargetDependency;
			target = CBA9D74F23187F17001ED558 /* FileSaver */;
			targetProxy = CBA9D77223187F19001ED558 /* PBXContainerItemProxy */;
		};
		CBA9D7B523188B4F001ED558 /* PBXTargetDependency */ = {
			isa = PBXTargetDependency;
			name = libfilesaver;
			targetProxy = CBA9D7B423188B4F001ED558 /* PBXContainerItemProxy */;
		};
/* End PBXTargetDependency section */

/* Begin PBXVariantGroup section */
		CBA9D75B23187F19001ED558 /* Main.storyboard */ = {
			isa = PBXVariantGroup;
			children = (
				CBA9D75C23187F19001ED558 /* Base */,
			);
			name = Main.storyboard;
			sourceTree = "<group>";
		};
/* End PBXVariantGroup section */

/* Begin XCBuildConfiguration section */
		CBA9D77823187F19001ED558 /* Debug */ = {
			isa = XCBuildConfiguration;
			buildSettings = {
				ALWAYS_SEARCH_USER_PATHS = NO;
				CLANG_ANALYZER_NONNULL = YES;
				CLANG_ANALYZER_NUMBER_OBJECT_CONVERSION = YES_AGGRESSIVE;
				CLANG_CXX_LANGUAGE_STANDARD = "c++17";
				CLANG_CXX_LIBRARY = "libc++";
				CLANG_ENABLE_MODULES = YES;
				CLANG_ENABLE_OBJC_ARC = YES;
				CLANG_ENABLE_OBJC_WEAK = YES;
				CLANG_WARN_BLOCK_CAPTURE_AUTORELEASING = YES;
				CLANG_WARN_BOOL_CONVERSION = YES;
				CLANG_WARN_COMMA = YES;
				CLANG_WARN_CONSTANT_CONVERSION = YES;
				CLANG_WARN_DEPRECATED_OBJC_IMPLEMENTATIONS = YES;
				CLANG_WARN_DIRECT_OBJC_ISA_USAGE = YES_ERROR;
				CLANG_WARN_DOCUMENTATION_COMMENTS = YES;
				CLANG_WARN_EMPTY_BODY = YES;
				CLANG_WARN_ENUM_CONVERSION = YES;
				CLANG_WARN_INFINITE_RECURSION = YES;
				CLANG_WARN_INT_CONVERSION = YES;
				CLANG_WARN_NON_LITERAL_NULL_CONVERSION = YES;
				CLANG_WARN_OBJC_IMPLICIT_RETAIN_SELF = YES;
				CLANG_WARN_OBJC_LITERAL_CONVERSION = YES;
				CLANG_WARN_OBJC_ROOT_CLASS = YES_ERROR;
				CLANG_WARN_RANGE_LOOP_ANALYSIS = YES;
				CLANG_WARN_STRICT_PROTOTYPES = YES;
				CLANG_WARN_SUSPICIOUS_MOVE = YES;
				CLANG_WARN_UNGUARDED_AVAILABILITY = YES_AGGRESSIVE;
				CLANG_WARN_UNREACHABLE_CODE = YES;
				CLANG_WARN__DUPLICATE_METHOD_MATCH = YES;
				COPY_PHASE_STRIP = NO;
				DEBUG_INFORMATION_FORMAT = dwarf;
				ENABLE_STRICT_OBJC_MSGSEND = YES;
				ENABLE_TESTABILITY = YES;
				GCC_C_LANGUAGE_STANDARD = gnu11;
				GCC_DYNAMIC_NO_PIC = NO;
				GCC_NO_COMMON_BLOCKS = YES;
				GCC_OPTIMIZATION_LEVEL = 0;
				GCC_PREPROCESSOR_DEFINITIONS = (
					"DEBUG=1",
					"$(inherited)",
				);
				GCC_WARN_64_TO_32_BIT_CONVERSION = YES;
				GCC_WARN_ABOUT_RETURN_TYPE = YES_ERROR;
				GCC_WARN_UNDECLARED_SELECTOR = YES;
				GCC_WARN_UNINITIALIZED_AUTOS = YES_AGGRESSIVE;
				GCC_WARN_UNUSED_FUNCTION = YES;
				GCC_WARN_UNUSED_VARIABLE = YES;
				HEADER_SEARCH_PATHS = (
					"../src/**",
					/usr/local/include,
					../vendor/leveldb/include,
				);
				MACOSX_DEPLOYMENT_TARGET = 10.15;
				MTL_ENABLE_DEBUG_INFO = INCLUDE_SOURCE;
				MTL_FAST_MATH = YES;
				ONLY_ACTIVE_ARCH = YES;
				OTHER_LDFLAGS = (
					"/usr/local/lib/libboost_system-mt.a",
					"/usr/local/lib/libboost_filesystem-mt.a",
				);
				SDKROOT = macosx;
			};
			name = Debug;
		};
		CBA9D77923187F19001ED558 /* Release */ = {
			isa = XCBuildConfiguration;
			buildSettings = {
				ALWAYS_SEARCH_USER_PATHS = NO;
				CLANG_ANALYZER_NONNULL = YES;
				CLANG_ANALYZER_NUMBER_OBJECT_CONVERSION = YES_AGGRESSIVE;
				CLANG_CXX_LANGUAGE_STANDARD = "c++17";
				CLANG_CXX_LIBRARY = "libc++";
				CLANG_ENABLE_MODULES = YES;
				CLANG_ENABLE_OBJC_ARC = YES;
				CLANG_ENABLE_OBJC_WEAK = YES;
				CLANG_WARN_BLOCK_CAPTURE_AUTORELEASING = YES;
				CLANG_WARN_BOOL_CONVERSION = YES;
				CLANG_WARN_COMMA = YES;
				CLANG_WARN_CONSTANT_CONVERSION = YES;
				CLANG_WARN_DEPRECATED_OBJC_IMPLEMENTATIONS = YES;
				CLANG_WARN_DIRECT_OBJC_ISA_USAGE = YES_ERROR;
				CLANG_WARN_DOCUMENTATION_COMMENTS = YES;
				CLANG_WARN_EMPTY_BODY = YES;
				CLANG_WARN_ENUM_CONVERSION = YES;
				CLANG_WARN_INFINITE_RECURSION = YES;
				CLANG_WARN_INT_CONVERSION = YES;
				CLANG_WARN_NON_LITERAL_NULL_CONVERSION = YES;
				CLANG_WARN_OBJC_IMPLICIT_RETAIN_SELF = YES;
				CLANG_WARN_OBJC_LITERAL_CONVERSION = YES;
				CLANG_WARN_OBJC_ROOT_CLASS = YES_ERROR;
				CLANG_WARN_RANGE_LOOP_ANALYSIS = YES;
				CLANG_WARN_STRICT_PROTOTYPES = YES;
				CLANG_WARN_SUSPICIOUS_MOVE = YES;
				CLANG_WARN_UNGUARDED_AVAILABILITY = YES_AGGRESSIVE;
				CLANG_WARN_UNREACHABLE_CODE = YES;
				CLANG_WARN__DUPLICATE_METHOD_MATCH = YES;
				COPY_PHASE_STRIP = NO;
				DEBUG_INFORMATION_FORMAT = "dwarf-with-dsym";
				ENABLE_NS_ASSERTIONS = NO;
				ENABLE_STRICT_OBJC_MSGSEND = YES;
				GCC_C_LANGUAGE_STANDARD = gnu11;
				GCC_NO_COMMON_BLOCKS = YES;
				GCC_WARN_64_TO_32_BIT_CONVERSION = YES;
				GCC_WARN_ABOUT_RETURN_TYPE = YES_ERROR;
				GCC_WARN_UNDECLARED_SELECTOR = YES;
				GCC_WARN_UNINITIALIZED_AUTOS = YES_AGGRESSIVE;
				GCC_WARN_UNUSED_FUNCTION = YES;
				GCC_WARN_UNUSED_VARIABLE = YES;
				HEADER_SEARCH_PATHS = (
					"../src/**",
					/usr/local/include,
					../vendor/leveldb/include,
				);
				MACOSX_DEPLOYMENT_TARGET = 10.15;
				MTL_ENABLE_DEBUG_INFO = NO;
				MTL_FAST_MATH = YES;
				OTHER_LDFLAGS = (
					"/usr/local/lib/libboost_system-mt.a",
					"/usr/local/lib/libboost_filesystem-mt.a",
				);
				SDKROOT = macosx;
			};
			name = Release;
		};
		CBA9D77B23187F19001ED558 /* Debug */ = {
			isa = XCBuildConfiguration;
			buildSettings = {
				ASSETCATALOG_COMPILER_APPICON_NAME = AppIcon;
				CODE_SIGN_ENTITLEMENTS = FileSaver/FileSaver.entitlements;
				CODE_SIGN_STYLE = Automatic;
				COMBINE_HIDPI_IMAGES = YES;
				DEVELOPMENT_TEAM = Q39U2SBP6Z;
				ENABLE_HARDENED_RUNTIME = YES;
				INFOPLIST_FILE = FileSaver/Info.plist;
				LD_RUNPATH_SEARCH_PATHS = (
					"$(inherited)",
					"@executable_path/../Frameworks",
				);
				LIBRARY_SEARCH_PATHS = (
					"$(inherited)",
					/usr/local/Cellar/boost/1.68.0/lib,
				);
				PRODUCT_BUNDLE_IDENTIFIER = "beijaflor-io.FileSaver";
				PRODUCT_NAME = "$(TARGET_NAME)";
			};
			name = Debug;
		};
		CBA9D77C23187F19001ED558 /* Release */ = {
			isa = XCBuildConfiguration;
			buildSettings = {
				ASSETCATALOG_COMPILER_APPICON_NAME = AppIcon;
				CODE_SIGN_ENTITLEMENTS = FileSaver/FileSaver.entitlements;
				CODE_SIGN_STYLE = Automatic;
				COMBINE_HIDPI_IMAGES = YES;
				DEVELOPMENT_TEAM = Q39U2SBP6Z;
				ENABLE_HARDENED_RUNTIME = YES;
				INFOPLIST_FILE = FileSaver/Info.plist;
				LD_RUNPATH_SEARCH_PATHS = (
					"$(inherited)",
					"@executable_path/../Frameworks",
				);
				LIBRARY_SEARCH_PATHS = (
					"$(inherited)",
					/usr/local/Cellar/boost/1.68.0/lib,
				);
				PRODUCT_BUNDLE_IDENTIFIER = "beijaflor-io.FileSaver";
				PRODUCT_NAME = "$(TARGET_NAME)";
			};
			name = Release;
		};
		CBA9D77E23187F19001ED558 /* Debug */ = {
			isa = XCBuildConfiguration;
			buildSettings = {
				BUNDLE_LOADER = "$(TEST_HOST)";
				CODE_SIGN_STYLE = Automatic;
				COMBINE_HIDPI_IMAGES = YES;
				DEVELOPMENT_TEAM = Q39U2SBP6Z;
				INFOPLIST_FILE = FileSaverTests/Info.plist;
				LD_RUNPATH_SEARCH_PATHS = (
					"$(inherited)",
					"@executable_path/../Frameworks",
					"@loader_path/../Frameworks",
				);
				PRODUCT_BUNDLE_IDENTIFIER = "beijaflor-io.FileSaverTests";
				PRODUCT_NAME = "$(TARGET_NAME)";
				TEST_HOST = "$(BUILT_PRODUCTS_DIR)/FileSaver.app/Contents/MacOS/FileSaver";
			};
			name = Debug;
		};
		CBA9D77F23187F19001ED558 /* Release */ = {
			isa = XCBuildConfiguration;
			buildSettings = {
				BUNDLE_LOADER = "$(TEST_HOST)";
				CODE_SIGN_STYLE = Automatic;
				COMBINE_HIDPI_IMAGES = YES;
				DEVELOPMENT_TEAM = Q39U2SBP6Z;
				INFOPLIST_FILE = FileSaverTests/Info.plist;
				LD_RUNPATH_SEARCH_PATHS = (
					"$(inherited)",
					"@executable_path/../Frameworks",
					"@loader_path/../Frameworks",
				);
				PRODUCT_BUNDLE_IDENTIFIER = "beijaflor-io.FileSaverTests";
				PRODUCT_NAME = "$(TARGET_NAME)";
				TEST_HOST = "$(BUILT_PRODUCTS_DIR)/FileSaver.app/Contents/MacOS/FileSaver";
			};
			name = Release;
		};
		CBA9D78123187F19001ED558 /* Debug */ = {
			isa = XCBuildConfiguration;
			buildSettings = {
				CODE_SIGN_STYLE = Automatic;
				COMBINE_HIDPI_IMAGES = YES;
				DEVELOPMENT_TEAM = Q39U2SBP6Z;
				INFOPLIST_FILE = FileSaverUITests/Info.plist;
				LD_RUNPATH_SEARCH_PATHS = (
					"$(inherited)",
					"@executable_path/../Frameworks",
					"@loader_path/../Frameworks",
				);
				PRODUCT_BUNDLE_IDENTIFIER = "beijaflor-io.FileSaverUITests";
				PRODUCT_NAME = "$(TARGET_NAME)";
				TEST_TARGET_NAME = FileSaver;
			};
			name = Debug;
		};
		CBA9D78223187F19001ED558 /* Release */ = {
			isa = XCBuildConfiguration;
			buildSettings = {
				CODE_SIGN_STYLE = Automatic;
				COMBINE_HIDPI_IMAGES = YES;
				DEVELOPMENT_TEAM = Q39U2SBP6Z;
				INFOPLIST_FILE = FileSaverUITests/Info.plist;
				LD_RUNPATH_SEARCH_PATHS = (
					"$(inherited)",
					"@executable_path/../Frameworks",
					"@loader_path/../Frameworks",
				);
				PRODUCT_BUNDLE_IDENTIFIER = "beijaflor-io.FileSaverUITests";
				PRODUCT_NAME = "$(TARGET_NAME)";
				TEST_TARGET_NAME = FileSaver;
			};
			name = Release;
		};
/* End XCBuildConfiguration section */

/* Begin XCConfigurationList section */
		CBA9D74B23187F17001ED558 /* Build configuration list for PBXProject "FileSaver" */ = {
			isa = XCConfigurationList;
			buildConfigurations = (
				CBA9D77823187F19001ED558 /* Debug */,
				CBA9D77923187F19001ED558 /* Release */,
			);
			defaultConfigurationIsVisible = 0;
			defaultConfigurationName = Release;
		};
		CBA9D77A23187F19001ED558 /* Build configuration list for PBXNativeTarget "FileSaver" */ = {
			isa = XCConfigurationList;
			buildConfigurations = (
				CBA9D77B23187F19001ED558 /* Debug */,
				CBA9D77C23187F19001ED558 /* Release */,
			);
			defaultConfigurationIsVisible = 0;
			defaultConfigurationName = Release;
		};
		CBA9D77D23187F19001ED558 /* Build configuration list for PBXNativeTarget "FileSaverTests" */ = {
			isa = XCConfigurationList;
			buildConfigurations = (
				CBA9D77E23187F19001ED558 /* Debug */,
				CBA9D77F23187F19001ED558 /* Release */,
			);
			defaultConfigurationIsVisible = 0;
			defaultConfigurationName = Release;
		};
		CBA9D78023187F19001ED558 /* Build configuration list for PBXNativeTarget "FileSaverUITests" */ = {
			isa = XCConfigurationList;
			buildConfigurations = (
				CBA9D78123187F19001ED558 /* Debug */,
				CBA9D78223187F19001ED558 /* Release */,
			);
			defaultConfigurationIsVisible = 0;
			defaultConfigurationName = Release;
		};
/* End XCConfigurationList section */
	};
	rootObject = CBA9D74823187F17001ED558 /* Project object */;
}
