// !$*UTF8*$!
{
	archiveVersion = 1;
	classes = {
	};
	objectVersion = 46;
	objects = {

/* Begin PBXAggregateTarget section */
		928C8804E98E4672B6F64F2B /* ZERO_CHECK */ = {
			isa = PBXAggregateTarget;
			buildConfigurationList = EB6FBBD0460842B9B6F1D161 /* Build configuration list for PBXAggregateTarget "ZERO_CHECK" */;
			buildPhases = (
				F04742226FBF43BA9BE00C10 /* CMake Rules */,
			);
			dependencies = (
			);
			name = ZERO_CHECK;
			productName = ZERO_CHECK;
		};
		B70A7B7ED2244FB38A0F6804 /* ALL_BUILD */ = {
			isa = PBXAggregateTarget;
			buildConfigurationList = 86BBAD9248B44BFEAB70E59D /* Build configuration list for PBXAggregateTarget "ALL_BUILD" */;
			buildPhases = (
				F23255995C684DFA8FD14648 /* CMake Rules */,
			);
			dependencies = (
				64278B6B03EA437D90DB46CF /* PBXTargetDependency */,
				A002C54E2CD040579E06C61E /* PBXTargetDependency */,
				C9E763F8E7004A41A3E59136 /* PBXTargetDependency */,
			);
			name = ALL_BUILD;
			productName = ALL_BUILD;
		};
/* End PBXAggregateTarget section */

/* Begin PBXBuildFile section */
		0A85DF4DFB7847E3B40CFB17 /* /Users/yamadapc/projects/file-saver/src/services/FileSizeService.cpp */ = {isa = PBXBuildFile; fileRef = 6F493E88019142A4B48228C6 /* /Users/yamadapc/projects/file-saver/src/services/FileSizeService.cpp */; };
		0DE2ECDE2E5D481AB0DBCB04 /* /Users/yamadapc/projects/file-saver/src/workers/Worker.cpp */ = {isa = PBXBuildFile; fileRef = 5F85C0F0FB174375854DE517 /* /Users/yamadapc/projects/file-saver/src/workers/Worker.cpp */; };
		1CFA6CCFC72E44D9AD5B777A /* /Users/yamadapc/projects/file-saver/src/workers/Worker.cpp */ = {isa = PBXBuildFile; fileRef = F4934DF90B8746FE875E3E04 /* /Users/yamadapc/projects/file-saver/src/workers/Worker.cpp */; };
		1E4A900C5A414FA8A5AEE414 /* /Users/yamadapc/projects/file-saver/src/FileSaver.cpp */ = {isa = PBXBuildFile; fileRef = FB280FC396BB483AB819750E /* /Users/yamadapc/projects/file-saver/src/FileSaver.cpp */; };
		245BF8BD3DB34AFC9B3F8EFF /* /Users/yamadapc/projects/file-saver/src/data/WorkQueue.h */ = {isa = PBXBuildFile; fileRef = 10F692045720488CA1C32492 /* /Users/yamadapc/projects/file-saver/src/data/WorkQueue.h */; };
		26709E19688B4A1A9A7EC7E9 /* /Users/yamadapc/projects/file-saver/src/data/WorkQueue.h */ = {isa = PBXBuildFile; fileRef = FB0DC23DB88D4E748C8AB0CD /* /Users/yamadapc/projects/file-saver/src/data/WorkQueue.h */; };
		279AD1A6DF244947BD53317E /* /Users/yamadapc/projects/file-saver/src/FileSaver.h */ = {isa = PBXBuildFile; fileRef = 69797ED58BC34B4595A80D4D /* /Users/yamadapc/projects/file-saver/src/FileSaver.h */; };
		2EDF9CA7CCC44346B829315D /* /Users/yamadapc/projects/file-saver/src/data/WorkQueue.cpp */ = {isa = PBXBuildFile; fileRef = 9EEEFE510B81491AAE598556 /* /Users/yamadapc/projects/file-saver/src/data/WorkQueue.cpp */; };
		3B8E2B074BFB4C1FA370E8B3 /* /Users/yamadapc/projects/file-saver/src/FileSaver.h */ = {isa = PBXBuildFile; fileRef = A5EE475A68AF4E3E97B1AB08 /* /Users/yamadapc/projects/file-saver/src/FileSaver.h */; };
		3E6029E07D3E49CFBFA85184 /* /Users/yamadapc/projects/file-saver/main.cpp */ = {isa = PBXBuildFile; fileRef = B592C61110F14E6193F2A60F /* /Users/yamadapc/projects/file-saver/main.cpp */; };
		46D0A994DE254727B5EF05E1 /* /Users/yamadapc/projects/file-saver/CMakeLists.txt */ = {isa = PBXBuildFile; fileRef = CDC8B524A6B84D59871FD06F /* /Users/yamadapc/projects/file-saver/CMakeLists.txt */; };
		6A93A084FFA7445BABD6D37A /* /Users/yamadapc/projects/file-saver/src/services/FileSizeService.h */ = {isa = PBXBuildFile; fileRef = 34D11A89C4E34ACEB55EDEFE /* /Users/yamadapc/projects/file-saver/src/services/FileSizeService.h */; };
		718022E5BC9844219ED26D58 /* /Users/yamadapc/projects/file-saver/src/workers/WorkerManager.cpp */ = {isa = PBXBuildFile; fileRef = 491F6B506A5B4338817A468B /* /Users/yamadapc/projects/file-saver/src/workers/WorkerManager.cpp */; };
		879FE158C6B64AADB37CC3B7 /* /Users/yamadapc/projects/file-saver/src/FileSaver.cpp */ = {isa = PBXBuildFile; fileRef = F7497DBEF42949CBB07154BB /* /Users/yamadapc/projects/file-saver/src/FileSaver.cpp */; };
		9110064A503646AAAD86D7B7 /* /Users/yamadapc/projects/file-saver/src/workers/Worker.h */ = {isa = PBXBuildFile; fileRef = 37127D2A21804F51A0292EAE /* /Users/yamadapc/projects/file-saver/src/workers/Worker.h */; };
		9C24BDB3C14C4D70B33AFCCA /* /Users/yamadapc/projects/file-saver/src/services/FileSizeService.h */ = {isa = PBXBuildFile; fileRef = 9CC00B55C1CE4EADA96140B9 /* /Users/yamadapc/projects/file-saver/src/services/FileSizeService.h */; };
		AAB7F97815E84370A3C443EC /* /Users/yamadapc/projects/file-saver/src/services/FileSizeService.cpp */ = {isa = PBXBuildFile; fileRef = 8D2C4AA0BBE549B7AD7098A3 /* /Users/yamadapc/projects/file-saver/src/services/FileSizeService.cpp */; };
		ACF795A821CE435ABA5D917C /* /Users/yamadapc/projects/file-saver/src/workers/Worker.h */ = {isa = PBXBuildFile; fileRef = 6A7601F612794ECD92C88F39 /* /Users/yamadapc/projects/file-saver/src/workers/Worker.h */; };
		B09FB3E970E0432FB708F6B4 /* /Users/yamadapc/projects/file-saver/src/workers/WorkerManager.h */ = {isa = PBXBuildFile; fileRef = FEAC12E64B9E4E5EBF03D40C /* /Users/yamadapc/projects/file-saver/src/workers/WorkerManager.h */; };
		BF3930066E8A43C5BD96EA1B /* /Users/yamadapc/projects/file-saver/src/workers/WorkerManager.cpp */ = {isa = PBXBuildFile; fileRef = 72914D41B45E482E841BA38A /* /Users/yamadapc/projects/file-saver/src/workers/WorkerManager.cpp */; };
		C90CF3390738404D91B66F42 /* /Users/yamadapc/projects/file-saver/src/workers/WorkerManager.h */ = {isa = PBXBuildFile; fileRef = CBDF33602D774D29B46AD604 /* /Users/yamadapc/projects/file-saver/src/workers/WorkerManager.h */; };
		D2761B361A514868B1C813EA /* /Users/yamadapc/projects/file-saver/src/data/WorkQueue.cpp */ = {isa = PBXBuildFile; fileRef = 94E70A5635304A84A16B71EE /* /Users/yamadapc/projects/file-saver/src/data/WorkQueue.cpp */; };
		E5B635379E50462FA7D6504C /* /Users/yamadapc/projects/file-saver/CMakeLists.txt */ = {isa = PBXBuildFile; fileRef = 738A9B22BB9C4258B3BE475B /* /Users/yamadapc/projects/file-saver/CMakeLists.txt */; };
/* End PBXBuildFile section */

/* Begin PBXBuildStyle section */
		11D6E0BE35934411813F1A8D /* Debug */ = {
			isa = PBXBuildStyle;
			buildSettings = {
				COPY_PHASE_STRIP = NO;
			};
			name = Debug;
		};
		15D995143D29437D9F328F10 /* MinSizeRel */ = {
			isa = PBXBuildStyle;
			buildSettings = {
				COPY_PHASE_STRIP = NO;
			};
			name = MinSizeRel;
		};
		C499C0AFBCDF46CB900CB192 /* Release */ = {
			isa = PBXBuildStyle;
			buildSettings = {
				COPY_PHASE_STRIP = NO;
			};
			name = Release;
		};
		EA2FC557F7494F2DB293D9B7 /* RelWithDebInfo */ = {
			isa = PBXBuildStyle;
			buildSettings = {
				COPY_PHASE_STRIP = NO;
			};
			name = RelWithDebInfo;
		};
/* End PBXBuildStyle section */

/* Begin PBXContainerItemProxy section */
		09DFD28EFF644FE0876A196C /* PBXContainerItemProxy */ = {
			isa = PBXContainerItemProxy;
			containerPortal = 5F99CA199B21434EBB21D3D5 /* Project object */;
			proxyType = 1;
			remoteGlobalIDString = 928C8804E98E4672B6F64F2B;
			remoteInfo = ZERO_CHECK;
		};
		3520E699B1C0468FBC53E47B /* PBXContainerItemProxy */ = {
			isa = PBXContainerItemProxy;
			containerPortal = 5F99CA199B21434EBB21D3D5 /* Project object */;
			proxyType = 1;
			remoteGlobalIDString = 2D012CF3607543E8B359EC8B;
			remoteInfo = libfilesaver;
		};
		84C348B188A04C5EAEF7D1E9 /* PBXContainerItemProxy */ = {
			isa = PBXContainerItemProxy;
			containerPortal = 5F99CA199B21434EBB21D3D5 /* Project object */;
			proxyType = 1;
			remoteGlobalIDString = 928C8804E98E4672B6F64F2B;
			remoteInfo = ZERO_CHECK;
		};
		96517F6B4F63460ABE2A6B5A /* PBXContainerItemProxy */ = {
			isa = PBXContainerItemProxy;
			containerPortal = 5F99CA199B21434EBB21D3D5 /* Project object */;
			proxyType = 1;
			remoteGlobalIDString = B8644D1D25B9495C8F870C68;
			remoteInfo = file_saver;
		};
		A3862ECC470F4CEBBEC484E4 /* PBXContainerItemProxy */ = {
			isa = PBXContainerItemProxy;
			containerPortal = 5F99CA199B21434EBB21D3D5 /* Project object */;
			proxyType = 1;
			remoteGlobalIDString = 928C8804E98E4672B6F64F2B;
			remoteInfo = ZERO_CHECK;
		};
/* End PBXContainerItemProxy section */

/* Begin PBXFileReference section */
		10F692045720488CA1C32492 /* /Users/yamadapc/projects/file-saver/src/data/WorkQueue.h */ = {isa = PBXFileReference; explicitFileType = sourcecode.c.h; fileEncoding = 4; name = WorkQueue.h; path = src/data/WorkQueue.h; sourceTree = SOURCE_ROOT; };
		1E15E3E2C03C4B7284BB0FA4 /* file_saver */ = {isa = PBXFileReference; explicitFileType = "compiled.mach-o.executable"; path = file_saver; sourceTree = BUILT_PRODUCTS_DIR; };
		34D11A89C4E34ACEB55EDEFE /* /Users/yamadapc/projects/file-saver/src/services/FileSizeService.h */ = {isa = PBXFileReference; explicitFileType = sourcecode.c.h; fileEncoding = 4; name = FileSizeService.h; path = src/services/FileSizeService.h; sourceTree = SOURCE_ROOT; };
		37127D2A21804F51A0292EAE /* /Users/yamadapc/projects/file-saver/src/workers/Worker.h */ = {isa = PBXFileReference; explicitFileType = sourcecode.c.h; fileEncoding = 4; name = Worker.h; path = src/workers/Worker.h; sourceTree = SOURCE_ROOT; };
		491F6B506A5B4338817A468B /* /Users/yamadapc/projects/file-saver/src/workers/WorkerManager.cpp */ = {isa = PBXFileReference; explicitFileType = sourcecode.cpp.cpp; fileEncoding = 4; name = WorkerManager.cpp; path = src/workers/WorkerManager.cpp; sourceTree = SOURCE_ROOT; };
		5F85C0F0FB174375854DE517 /* /Users/yamadapc/projects/file-saver/src/workers/Worker.cpp */ = {isa = PBXFileReference; explicitFileType = sourcecode.cpp.cpp; fileEncoding = 4; name = Worker.cpp; path = src/workers/Worker.cpp; sourceTree = SOURCE_ROOT; };
		69797ED58BC34B4595A80D4D /* /Users/yamadapc/projects/file-saver/src/FileSaver.h */ = {isa = PBXFileReference; explicitFileType = sourcecode.c.h; fileEncoding = 4; name = FileSaver.h; path = src/FileSaver.h; sourceTree = SOURCE_ROOT; };
		6A7601F612794ECD92C88F39 /* /Users/yamadapc/projects/file-saver/src/workers/Worker.h */ = {isa = PBXFileReference; explicitFileType = sourcecode.c.h; fileEncoding = 4; name = Worker.h; path = src/workers/Worker.h; sourceTree = SOURCE_ROOT; };
		6F493E88019142A4B48228C6 /* /Users/yamadapc/projects/file-saver/src/services/FileSizeService.cpp */ = {isa = PBXFileReference; explicitFileType = sourcecode.cpp.cpp; fileEncoding = 4; name = FileSizeService.cpp; path = src/services/FileSizeService.cpp; sourceTree = SOURCE_ROOT; };
		72914D41B45E482E841BA38A /* /Users/yamadapc/projects/file-saver/src/workers/WorkerManager.cpp */ = {isa = PBXFileReference; explicitFileType = sourcecode.cpp.cpp; fileEncoding = 4; name = WorkerManager.cpp; path = src/workers/WorkerManager.cpp; sourceTree = SOURCE_ROOT; };
		738A9B22BB9C4258B3BE475B /* /Users/yamadapc/projects/file-saver/CMakeLists.txt */ = {isa = PBXFileReference; explicitFileType = sourcecode.text; fileEncoding = 4; name = CMakeLists.txt; path = CMakeLists.txt; sourceTree = SOURCE_ROOT; };
		8D2C4AA0BBE549B7AD7098A3 /* /Users/yamadapc/projects/file-saver/src/services/FileSizeService.cpp */ = {isa = PBXFileReference; explicitFileType = sourcecode.cpp.cpp; fileEncoding = 4; name = FileSizeService.cpp; path = src/services/FileSizeService.cpp; sourceTree = SOURCE_ROOT; };
		94E70A5635304A84A16B71EE /* /Users/yamadapc/projects/file-saver/src/data/WorkQueue.cpp */ = {isa = PBXFileReference; explicitFileType = sourcecode.cpp.cpp; fileEncoding = 4; name = WorkQueue.cpp; path = src/data/WorkQueue.cpp; sourceTree = SOURCE_ROOT; };
		9CC00B55C1CE4EADA96140B9 /* /Users/yamadapc/projects/file-saver/src/services/FileSizeService.h */ = {isa = PBXFileReference; explicitFileType = sourcecode.c.h; fileEncoding = 4; name = FileSizeService.h; path = src/services/FileSizeService.h; sourceTree = SOURCE_ROOT; };
		9EEEFE510B81491AAE598556 /* /Users/yamadapc/projects/file-saver/src/data/WorkQueue.cpp */ = {isa = PBXFileReference; explicitFileType = sourcecode.cpp.cpp; fileEncoding = 4; name = WorkQueue.cpp; path = src/data/WorkQueue.cpp; sourceTree = SOURCE_ROOT; };
		A5EE475A68AF4E3E97B1AB08 /* /Users/yamadapc/projects/file-saver/src/FileSaver.h */ = {isa = PBXFileReference; explicitFileType = sourcecode.c.h; fileEncoding = 4; name = FileSaver.h; path = src/FileSaver.h; sourceTree = SOURCE_ROOT; };
		A64A0E2E2D0E40CDB29DB796 /* /Users/yamadapc/projects/file-saver/CMakeLists.txt */ = {isa = PBXFileReference; explicitFileType = sourcecode.text; fileEncoding = 4; name = CMakeLists.txt; path = CMakeLists.txt; sourceTree = SOURCE_ROOT; };
		A9782AC0F9484D8BAF0D794A /* libfilesaver */ = {isa = PBXFileReference; explicitFileType = archive.ar; path = liblibfilesaver.a; sourceTree = BUILT_PRODUCTS_DIR; };
		B592C61110F14E6193F2A60F /* /Users/yamadapc/projects/file-saver/main.cpp */ = {isa = PBXFileReference; explicitFileType = sourcecode.cpp.cpp; fileEncoding = 4; name = main.cpp; path = main.cpp; sourceTree = SOURCE_ROOT; };
		CBDF33602D774D29B46AD604 /* /Users/yamadapc/projects/file-saver/src/workers/WorkerManager.h */ = {isa = PBXFileReference; explicitFileType = sourcecode.c.h; fileEncoding = 4; name = WorkerManager.h; path = src/workers/WorkerManager.h; sourceTree = SOURCE_ROOT; };
		CDC8B524A6B84D59871FD06F /* /Users/yamadapc/projects/file-saver/CMakeLists.txt */ = {isa = PBXFileReference; explicitFileType = sourcecode.text; fileEncoding = 4; name = CMakeLists.txt; path = CMakeLists.txt; sourceTree = SOURCE_ROOT; };
		F4934DF90B8746FE875E3E04 /* /Users/yamadapc/projects/file-saver/src/workers/Worker.cpp */ = {isa = PBXFileReference; explicitFileType = sourcecode.cpp.cpp; fileEncoding = 4; name = Worker.cpp; path = src/workers/Worker.cpp; sourceTree = SOURCE_ROOT; };
		F7497DBEF42949CBB07154BB /* /Users/yamadapc/projects/file-saver/src/FileSaver.cpp */ = {isa = PBXFileReference; explicitFileType = sourcecode.cpp.cpp; fileEncoding = 4; name = FileSaver.cpp; path = src/FileSaver.cpp; sourceTree = SOURCE_ROOT; };
		FB0DC23DB88D4E748C8AB0CD /* /Users/yamadapc/projects/file-saver/src/data/WorkQueue.h */ = {isa = PBXFileReference; explicitFileType = sourcecode.c.h; fileEncoding = 4; name = WorkQueue.h; path = src/data/WorkQueue.h; sourceTree = SOURCE_ROOT; };
		FB280FC396BB483AB819750E /* /Users/yamadapc/projects/file-saver/src/FileSaver.cpp */ = {isa = PBXFileReference; explicitFileType = sourcecode.cpp.cpp; fileEncoding = 4; name = FileSaver.cpp; path = src/FileSaver.cpp; sourceTree = SOURCE_ROOT; };
		FEAC12E64B9E4E5EBF03D40C /* /Users/yamadapc/projects/file-saver/src/workers/WorkerManager.h */ = {isa = PBXFileReference; explicitFileType = sourcecode.c.h; fileEncoding = 4; name = WorkerManager.h; path = src/workers/WorkerManager.h; sourceTree = SOURCE_ROOT; };
/* End PBXFileReference section */

/* Begin PBXGroup section */
		05B2864E061C4627886A192F = {
			isa = PBXGroup;
			children = (
				316CC91DECB946279864D5E9 /* file_saver */,
				0E5009A26EC24B1F9D6833BD /* libfilesaver */,
				1510EBD7FE6F4EFC80B6766F /* ALL_BUILD */,
				3916F2FAE568496ABB4DB36E /* Products */,
			);
			sourceTree = "<group>";
		};
		0E5009A26EC24B1F9D6833BD /* libfilesaver */ = {
			isa = PBXGroup;
			children = (
				BA2B0F8BB1C34105AB67F5FC /* Source Files */,
				3CDEBAFAF0E140909EF65515 /* Header Files */,
				CDC8B524A6B84D59871FD06F /* /Users/yamadapc/projects/file-saver/CMakeLists.txt */,
			);
			name = libfilesaver;
			sourceTree = "<group>";
		};
		1510EBD7FE6F4EFC80B6766F /* ALL_BUILD */ = {
			isa = PBXGroup;
			children = (
				C2193048A82242469CC73875 /* CMake Rules */,
				A64A0E2E2D0E40CDB29DB796 /* /Users/yamadapc/projects/file-saver/CMakeLists.txt */,
			);
			name = ALL_BUILD;
			sourceTree = "<group>";
		};
		316CC91DECB946279864D5E9 /* file_saver */ = {
			isa = PBXGroup;
			children = (
				F7DF7BC925F34FE9B20873A1 /* Source Files */,
				908159ABDFE5461DAB8492A8 /* Header Files */,
				738A9B22BB9C4258B3BE475B /* /Users/yamadapc/projects/file-saver/CMakeLists.txt */,
			);
			name = file_saver;
			sourceTree = "<group>";
		};
		3916F2FAE568496ABB4DB36E /* Products */ = {
			isa = PBXGroup;
			children = (
				1E15E3E2C03C4B7284BB0FA4 /* file_saver */,
				A9782AC0F9484D8BAF0D794A /* libfilesaver */,
			);
			name = Products;
			sourceTree = "<group>";
		};
		3CDEBAFAF0E140909EF65515 /* Header Files */ = {
			isa = PBXGroup;
			children = (
				A5EE475A68AF4E3E97B1AB08 /* /Users/yamadapc/projects/file-saver/src/FileSaver.h */,
				FB0DC23DB88D4E748C8AB0CD /* /Users/yamadapc/projects/file-saver/src/data/WorkQueue.h */,
				34D11A89C4E34ACEB55EDEFE /* /Users/yamadapc/projects/file-saver/src/services/FileSizeService.h */,
				37127D2A21804F51A0292EAE /* /Users/yamadapc/projects/file-saver/src/workers/Worker.h */,
				CBDF33602D774D29B46AD604 /* /Users/yamadapc/projects/file-saver/src/workers/WorkerManager.h */,
			);
			name = "Header Files";
			sourceTree = "<group>";
		};
		908159ABDFE5461DAB8492A8 /* Header Files */ = {
			isa = PBXGroup;
			children = (
				69797ED58BC34B4595A80D4D /* /Users/yamadapc/projects/file-saver/src/FileSaver.h */,
				10F692045720488CA1C32492 /* /Users/yamadapc/projects/file-saver/src/data/WorkQueue.h */,
				9CC00B55C1CE4EADA96140B9 /* /Users/yamadapc/projects/file-saver/src/services/FileSizeService.h */,
				6A7601F612794ECD92C88F39 /* /Users/yamadapc/projects/file-saver/src/workers/Worker.h */,
				FEAC12E64B9E4E5EBF03D40C /* /Users/yamadapc/projects/file-saver/src/workers/WorkerManager.h */,
			);
			name = "Header Files";
			sourceTree = "<group>";
		};
		BA2B0F8BB1C34105AB67F5FC /* Source Files */ = {
			isa = PBXGroup;
			children = (
				F7497DBEF42949CBB07154BB /* /Users/yamadapc/projects/file-saver/src/FileSaver.cpp */,
				94E70A5635304A84A16B71EE /* /Users/yamadapc/projects/file-saver/src/data/WorkQueue.cpp */,
				8D2C4AA0BBE549B7AD7098A3 /* /Users/yamadapc/projects/file-saver/src/services/FileSizeService.cpp */,
				F4934DF90B8746FE875E3E04 /* /Users/yamadapc/projects/file-saver/src/workers/Worker.cpp */,
				491F6B506A5B4338817A468B /* /Users/yamadapc/projects/file-saver/src/workers/WorkerManager.cpp */,
			);
			name = "Source Files";
			sourceTree = "<group>";
		};
		C2193048A82242469CC73875 /* CMake Rules */ = {
			isa = PBXGroup;
			children = (
			);
			name = "CMake Rules";
			sourceTree = "<group>";
		};
		F7DF7BC925F34FE9B20873A1 /* Source Files */ = {
			isa = PBXGroup;
			children = (
				B592C61110F14E6193F2A60F /* /Users/yamadapc/projects/file-saver/main.cpp */,
				FB280FC396BB483AB819750E /* /Users/yamadapc/projects/file-saver/src/FileSaver.cpp */,
				9EEEFE510B81491AAE598556 /* /Users/yamadapc/projects/file-saver/src/data/WorkQueue.cpp */,
				6F493E88019142A4B48228C6 /* /Users/yamadapc/projects/file-saver/src/services/FileSizeService.cpp */,
				5F85C0F0FB174375854DE517 /* /Users/yamadapc/projects/file-saver/src/workers/Worker.cpp */,
				72914D41B45E482E841BA38A /* /Users/yamadapc/projects/file-saver/src/workers/WorkerManager.cpp */,
			);
			name = "Source Files";
			sourceTree = "<group>";
		};
/* End PBXGroup section */

/* Begin PBXNativeTarget section */
		2D012CF3607543E8B359EC8B /* libfilesaver */ = {
			isa = PBXNativeTarget;
			buildConfigurationList = A1D6FD0C370F4D749A5DDA4E /* Build configuration list for PBXNativeTarget "libfilesaver" */;
			buildPhases = (
				534BCFF986694DAA9CD8AEAB /* Sources */,
			);
			buildRules = (
			);
			dependencies = (
				C36F4B8D45204645BBBB19C0 /* PBXTargetDependency */,
			);
			name = libfilesaver;
			productName = libfilesaver;
			productReference = A9782AC0F9484D8BAF0D794A /* libfilesaver */;
			productType = "com.apple.product-type.library.static";
		};
		B8644D1D25B9495C8F870C68 /* file_saver */ = {
			isa = PBXNativeTarget;
			buildConfigurationList = AE71DC5F8DA0454C91B33FBB /* Build configuration list for PBXNativeTarget "file_saver" */;
			buildPhases = (
				FADC20363ADB45608727E01A /* Sources */,
			);
			buildRules = (
			);
			dependencies = (
				1E9732BC03A541E09116F32E /* PBXTargetDependency */,
			);
			name = file_saver;
			productName = file_saver;
			productReference = 1E15E3E2C03C4B7284BB0FA4 /* file_saver */;
			productType = "com.apple.product-type.tool";
		};
/* End PBXNativeTarget section */

/* Begin PBXProject section */
		5F99CA199B21434EBB21D3D5 /* Project object */ = {
			isa = PBXProject;
			attributes = {
				BuildIndependentTargetsInParallel = YES;
				LastUpgradeCheck = 1030;
			};
			buildConfigurationList = DB7B3C027CDF4BD7A13206F8 /* Build configuration list for PBXProject "file_saver" */;
			buildSettings = {
			};
			buildStyles = (
				11D6E0BE35934411813F1A8D /* Debug */,
				C499C0AFBCDF46CB900CB192 /* Release */,
				15D995143D29437D9F328F10 /* MinSizeRel */,
				EA2FC557F7494F2DB293D9B7 /* RelWithDebInfo */,
			);
			compatibilityVersion = "Xcode 3.2";
			hasScannedForEncodings = 0;
			mainGroup = 05B2864E061C4627886A192F;
			projectDirPath = ../;
			projectRoot = "";
			targets = (
				B70A7B7ED2244FB38A0F6804 /* ALL_BUILD */,
				928C8804E98E4672B6F64F2B /* ZERO_CHECK */,
				B8644D1D25B9495C8F870C68 /* file_saver */,
				2D012CF3607543E8B359EC8B /* libfilesaver */,
			);
		};
/* End PBXProject section */

/* Begin PBXShellScriptBuildPhase section */
		8D56C095E10A46D89496D29B = {
			isa = PBXShellScriptBuildPhase;
			buildActionMask = 2147483647;
			files = (
			);
			inputPaths = (
			);
			outputPaths = (
			);
			runOnlyForDeploymentPostprocessing = 0;
			shellPath = /bin/sh;
			shellScript = "# shell script goes here
exit 0";
			showEnvVarsInLog = 0;
		};
		EF83940708D34B40BB384778 = {
			isa = PBXShellScriptBuildPhase;
			buildActionMask = 2147483647;
			files = (
			);
			inputPaths = (
			);
			outputPaths = (
			);
			runOnlyForDeploymentPostprocessing = 0;
			shellPath = /bin/sh;
			shellScript = "# shell script goes here
exit 0";
			showEnvVarsInLog = 0;
		};
		F04742226FBF43BA9BE00C10 /* CMake Rules */ = {
			isa = PBXShellScriptBuildPhase;
			buildActionMask = 2147483647;
			files = (
			);
			name = "CMake Rules";
			runOnlyForDeploymentPostprocessing = 0;
			shellPath = /bin/sh;
			shellScript = "make -C /Users/yamadapc/projects/file-saver/xcode -f /Users/yamadapc/projects/file-saver/xcode/CMakeScripts/ZERO_CHECK_cmakeRulesBuildPhase.make$CONFIGURATION OBJDIR=$(basename \"$OBJECT_FILE_DIR_normal\") all";
			showEnvVarsInLog = 0;
		};
		F23255995C684DFA8FD14648 /* CMake Rules */ = {
			isa = PBXShellScriptBuildPhase;
			buildActionMask = 2147483647;
			files = (
			);
			name = "CMake Rules";
			runOnlyForDeploymentPostprocessing = 0;
			shellPath = /bin/sh;
			shellScript = "make -C /Users/yamadapc/projects/file-saver/xcode -f /Users/yamadapc/projects/file-saver/xcode/CMakeScripts/ALL_BUILD_cmakeRulesBuildPhase.make$CONFIGURATION OBJDIR=$(basename \"$OBJECT_FILE_DIR_normal\") all";
			showEnvVarsInLog = 0;
		};
/* End PBXShellScriptBuildPhase section */

/* Begin PBXSourcesBuildPhase section */
		534BCFF986694DAA9CD8AEAB /* Sources */ = {
			isa = PBXSourcesBuildPhase;
			buildActionMask = 2147483647;
			files = (
				879FE158C6B64AADB37CC3B7 /* /Users/yamadapc/projects/file-saver/src/FileSaver.cpp */,
				D2761B361A514868B1C813EA /* /Users/yamadapc/projects/file-saver/src/data/WorkQueue.cpp */,
				AAB7F97815E84370A3C443EC /* /Users/yamadapc/projects/file-saver/src/services/FileSizeService.cpp */,
				1CFA6CCFC72E44D9AD5B777A /* /Users/yamadapc/projects/file-saver/src/workers/Worker.cpp */,
				718022E5BC9844219ED26D58 /* /Users/yamadapc/projects/file-saver/src/workers/WorkerManager.cpp */,
			);
			runOnlyForDeploymentPostprocessing = 0;
		};
		FADC20363ADB45608727E01A /* Sources */ = {
			isa = PBXSourcesBuildPhase;
			buildActionMask = 2147483647;
			files = (
				3E6029E07D3E49CFBFA85184 /* /Users/yamadapc/projects/file-saver/main.cpp */,
				1E4A900C5A414FA8A5AEE414 /* /Users/yamadapc/projects/file-saver/src/FileSaver.cpp */,
				2EDF9CA7CCC44346B829315D /* /Users/yamadapc/projects/file-saver/src/data/WorkQueue.cpp */,
				0A85DF4DFB7847E3B40CFB17 /* /Users/yamadapc/projects/file-saver/src/services/FileSizeService.cpp */,
				0DE2ECDE2E5D481AB0DBCB04 /* /Users/yamadapc/projects/file-saver/src/workers/Worker.cpp */,
				BF3930066E8A43C5BD96EA1B /* /Users/yamadapc/projects/file-saver/src/workers/WorkerManager.cpp */,
			);
			runOnlyForDeploymentPostprocessing = 0;
		};
/* End PBXSourcesBuildPhase section */

/* Begin PBXTargetDependency section */
		1E9732BC03A541E09116F32E /* PBXTargetDependency */ = {
			isa = PBXTargetDependency;
			target = 928C8804E98E4672B6F64F2B /* ZERO_CHECK */;
			targetProxy = 09DFD28EFF644FE0876A196C /* PBXContainerItemProxy */;
		};
		64278B6B03EA437D90DB46CF /* PBXTargetDependency */ = {
			isa = PBXTargetDependency;
			target = B8644D1D25B9495C8F870C68 /* file_saver */;
			targetProxy = 96517F6B4F63460ABE2A6B5A /* PBXContainerItemProxy */;
		};
		A002C54E2CD040579E06C61E /* PBXTargetDependency */ = {
			isa = PBXTargetDependency;
			target = 2D012CF3607543E8B359EC8B /* libfilesaver */;
			targetProxy = 3520E699B1C0468FBC53E47B /* PBXContainerItemProxy */;
		};
		C36F4B8D45204645BBBB19C0 /* PBXTargetDependency */ = {
			isa = PBXTargetDependency;
			target = 928C8804E98E4672B6F64F2B /* ZERO_CHECK */;
			targetProxy = A3862ECC470F4CEBBEC484E4 /* PBXContainerItemProxy */;
		};
		C9E763F8E7004A41A3E59136 /* PBXTargetDependency */ = {
			isa = PBXTargetDependency;
			target = 928C8804E98E4672B6F64F2B /* ZERO_CHECK */;
			targetProxy = 84C348B188A04C5EAEF7D1E9 /* PBXContainerItemProxy */;
		};
/* End PBXTargetDependency section */

/* Begin XCBuildConfiguration section */
		1545D3287EC44BDC9ACA080A /* RelWithDebInfo */ = {
			isa = XCBuildConfiguration;
			buildSettings = {
				COMBINE_HIDPI_IMAGES = YES;
				GCC_GENERATE_DEBUGGING_SYMBOLS = YES;
				GCC_INLINES_ARE_PRIVATE_EXTERN = NO;
				GCC_OPTIMIZATION_LEVEL = 0;
				GCC_PREPROCESSOR_DEFINITIONS = ("'CMAKE_INTDIR=\"$(CONFIGURATION)$(EFFECTIVE_PLATFORM_NAME)\"'");
				GCC_SYMBOLS_PRIVATE_EXTERN = NO;
				INSTALL_PATH = "";
				OTHER_LDFLAGS = " ";
				OTHER_REZFLAGS = "";
				PRODUCT_NAME = ALL_BUILD;
				SECTORDER_FLAGS = "";
				SYMROOT = "/Users/yamadapc/projects/file-saver/xcode";
				USE_HEADERMAP = NO;
				WARNING_CFLAGS = ("-Wmost","-Wno-four-char-constants","-Wno-unknown-pragmas","$(inherited)");
			};
			name = RelWithDebInfo;
		};
		1F2A787BAA4C4ABAAC865D92 /* Release */ = {
			isa = XCBuildConfiguration;
			buildSettings = {
				COMBINE_HIDPI_IMAGES = YES;
				EXECUTABLE_PREFIX = "";
				EXECUTABLE_SUFFIX = "";
				GCC_GENERATE_DEBUGGING_SYMBOLS = NO;
				GCC_INLINES_ARE_PRIVATE_EXTERN = NO;
				GCC_OPTIMIZATION_LEVEL = 3;
				GCC_PREPROCESSOR_DEFINITIONS = ("'CMAKE_INTDIR=\"$(CONFIGURATION)$(EFFECTIVE_PLATFORM_NAME)\"'");
				GCC_SYMBOLS_PRIVATE_EXTERN = NO;
				HEADER_SEARCH_PATHS = (/usr/local/include);
				INSTALL_PATH = "";
				LIBRARY_SEARCH_PATHS = "";
				OTHER_CPLUSPLUSFLAGS = "    -DNDEBUG '-std=gnu++1z'  ";
				OTHER_LDFLAGS = " -Wl,-search_paths_first -Wl,-headerpad_max_install_names  /usr/local/lib/libboost_filesystem-mt.a /usr/local/lib/libboost_system-mt.a";
				OTHER_REZFLAGS = "";
				PRODUCT_NAME = file_saver;
				SECTORDER_FLAGS = "";
				SYMROOT = "/Users/yamadapc/projects/file-saver/xcode";
				USE_HEADERMAP = NO;
				WARNING_CFLAGS = ("-Wmost","-Wno-four-char-constants","-Wno-unknown-pragmas","$(inherited)");
			};
			name = Release;
		};
		2060226DF6484BF6802FEDEE /* Debug */ = {
			isa = XCBuildConfiguration;
			buildSettings = {
				COMBINE_HIDPI_IMAGES = YES;
				EXECUTABLE_PREFIX = "";
				EXECUTABLE_SUFFIX = "";
				GCC_GENERATE_DEBUGGING_SYMBOLS = YES;
				GCC_INLINES_ARE_PRIVATE_EXTERN = NO;
				GCC_OPTIMIZATION_LEVEL = 0;
				GCC_PREPROCESSOR_DEFINITIONS = ("'CMAKE_INTDIR=\"$(CONFIGURATION)$(EFFECTIVE_PLATFORM_NAME)\"'");
				GCC_SYMBOLS_PRIVATE_EXTERN = NO;
				HEADER_SEARCH_PATHS = (/usr/local/include);
				INSTALL_PATH = "";
				LIBRARY_SEARCH_PATHS = "";
				OTHER_CPLUSPLUSFLAGS = "   '-std=gnu++1z'  ";
				OTHER_LDFLAGS = " -Wl,-search_paths_first -Wl,-headerpad_max_install_names  /usr/local/lib/libboost_filesystem-mt.a /usr/local/lib/libboost_system-mt.a";
				OTHER_REZFLAGS = "";
				PRODUCT_NAME = file_saver;
				SECTORDER_FLAGS = "";
				SYMROOT = "/Users/yamadapc/projects/file-saver/xcode";
				USE_HEADERMAP = NO;
				WARNING_CFLAGS = ("-Wmost","-Wno-four-char-constants","-Wno-unknown-pragmas","$(inherited)");
			};
			name = Debug;
		};
		2197A854B75B4819AE825391 /* RelWithDebInfo */ = {
			isa = XCBuildConfiguration;
			buildSettings = {
				COMBINE_HIDPI_IMAGES = YES;
				EXECUTABLE_PREFIX = "";
				EXECUTABLE_SUFFIX = "";
				GCC_GENERATE_DEBUGGING_SYMBOLS = YES;
				GCC_INLINES_ARE_PRIVATE_EXTERN = NO;
				GCC_OPTIMIZATION_LEVEL = 2;
				GCC_PREPROCESSOR_DEFINITIONS = ("'CMAKE_INTDIR=\"$(CONFIGURATION)$(EFFECTIVE_PLATFORM_NAME)\"'");
				GCC_SYMBOLS_PRIVATE_EXTERN = NO;
				HEADER_SEARCH_PATHS = (/usr/local/include);
				INSTALL_PATH = "";
				LIBRARY_SEARCH_PATHS = "";
				OTHER_CPLUSPLUSFLAGS = "       -DNDEBUG '-std=gnu++1z'  ";
				OTHER_LDFLAGS = " -Wl,-search_paths_first -Wl,-headerpad_max_install_names  /usr/local/lib/libboost_filesystem-mt.a /usr/local/lib/libboost_system-mt.a";
				OTHER_REZFLAGS = "";
				PRODUCT_NAME = file_saver;
				SECTORDER_FLAGS = "";
				SYMROOT = "/Users/yamadapc/projects/file-saver/xcode";
				USE_HEADERMAP = NO;
				WARNING_CFLAGS = ("-Wmost","-Wno-four-char-constants","-Wno-unknown-pragmas","$(inherited)");
			};
			name = RelWithDebInfo;
		};
		291DD6D968404122B7ED6234 /* MinSizeRel */ = {
			isa = XCBuildConfiguration;
			buildSettings = {
				ONLY_ACTIVE_ARCH = YES;
				SDKROOT = /Applications/Xcode.app/Contents/Developer/Platforms/MacOSX.platform/Developer/SDKs/MacOSX10.14.sdk;
				SYMROOT = "/Users/yamadapc/projects/file-saver/xcode/build";
			};
			name = MinSizeRel;
		};
		58032FEC113443029A3C6B1C /* MinSizeRel */ = {
			isa = XCBuildConfiguration;
			buildSettings = {
				COMBINE_HIDPI_IMAGES = YES;
				EXECUTABLE_PREFIX = lib;
				EXECUTABLE_SUFFIX = .a;
				GCC_GENERATE_DEBUGGING_SYMBOLS = NO;
				GCC_INLINES_ARE_PRIVATE_EXTERN = NO;
				GCC_OPTIMIZATION_LEVEL = s;
				GCC_PREPROCESSOR_DEFINITIONS = ("'CMAKE_INTDIR=\"$(CONFIGURATION)$(EFFECTIVE_PLATFORM_NAME)\"'");
				GCC_SYMBOLS_PRIVATE_EXTERN = NO;
				HEADER_SEARCH_PATHS = (/usr/local/include);
				INSTALL_PATH = "";
				LIBRARY_STYLE = STATIC;
				OTHER_CPLUSPLUSFLAGS = "    -DNDEBUG '-std=gnu++1z'  ";
				OTHER_LIBTOOLFLAGS = " ";
				OTHER_REZFLAGS = "";
				PRODUCT_NAME = libfilesaver;
				SECTORDER_FLAGS = "";
				SYMROOT = "/Users/yamadapc/projects/file-saver/xcode";
				USE_HEADERMAP = NO;
				WARNING_CFLAGS = ("-Wmost","-Wno-four-char-constants","-Wno-unknown-pragmas","$(inherited)");
			};
			name = MinSizeRel;
		};
		5FE127B115D84B69ABC71BF5 /* RelWithDebInfo */ = {
			isa = XCBuildConfiguration;
			buildSettings = {
				ONLY_ACTIVE_ARCH = YES;
				SDKROOT = /Applications/Xcode.app/Contents/Developer/Platforms/MacOSX.platform/Developer/SDKs/MacOSX10.14.sdk;
				SYMROOT = "/Users/yamadapc/projects/file-saver/xcode/build";
			};
			name = RelWithDebInfo;
		};
		6D84AFADE67342218C559C8A /* RelWithDebInfo */ = {
			isa = XCBuildConfiguration;
			buildSettings = {
				COMBINE_HIDPI_IMAGES = YES;
				EXECUTABLE_PREFIX = lib;
				EXECUTABLE_SUFFIX = .a;
				GCC_GENERATE_DEBUGGING_SYMBOLS = YES;
				GCC_INLINES_ARE_PRIVATE_EXTERN = NO;
				GCC_OPTIMIZATION_LEVEL = 2;
				GCC_PREPROCESSOR_DEFINITIONS = ("'CMAKE_INTDIR=\"$(CONFIGURATION)$(EFFECTIVE_PLATFORM_NAME)\"'");
				GCC_SYMBOLS_PRIVATE_EXTERN = NO;
				HEADER_SEARCH_PATHS = (/usr/local/include);
				INSTALL_PATH = "";
				LIBRARY_STYLE = STATIC;
				OTHER_CPLUSPLUSFLAGS = "       -DNDEBUG '-std=gnu++1z'  ";
				OTHER_LIBTOOLFLAGS = " ";
				OTHER_REZFLAGS = "";
				PRODUCT_NAME = libfilesaver;
				SECTORDER_FLAGS = "";
				SYMROOT = "/Users/yamadapc/projects/file-saver/xcode";
				USE_HEADERMAP = NO;
				WARNING_CFLAGS = ("-Wmost","-Wno-four-char-constants","-Wno-unknown-pragmas","$(inherited)");
			};
			name = RelWithDebInfo;
		};
		6F4E81E9A501473B959DAA2D /* Release */ = {
			isa = XCBuildConfiguration;
			buildSettings = {
				COMBINE_HIDPI_IMAGES = YES;
				GCC_GENERATE_DEBUGGING_SYMBOLS = YES;
				GCC_INLINES_ARE_PRIVATE_EXTERN = NO;
				GCC_OPTIMIZATION_LEVEL = 0;
				GCC_PREPROCESSOR_DEFINITIONS = ("'CMAKE_INTDIR=\"$(CONFIGURATION)$(EFFECTIVE_PLATFORM_NAME)\"'");
				GCC_SYMBOLS_PRIVATE_EXTERN = NO;
				INSTALL_PATH = "";
				OTHER_LDFLAGS = " ";
				OTHER_REZFLAGS = "";
				PRODUCT_NAME = ALL_BUILD;
				SECTORDER_FLAGS = "";
				SYMROOT = "/Users/yamadapc/projects/file-saver/xcode";
				USE_HEADERMAP = NO;
				WARNING_CFLAGS = ("-Wmost","-Wno-four-char-constants","-Wno-unknown-pragmas","$(inherited)");
			};
			name = Release;
		};
		750E009EC00D4FBAB3B758BE /* Debug */ = {
			isa = XCBuildConfiguration;
			buildSettings = {
				COMBINE_HIDPI_IMAGES = YES;
				GCC_GENERATE_DEBUGGING_SYMBOLS = YES;
				GCC_INLINES_ARE_PRIVATE_EXTERN = NO;
				GCC_OPTIMIZATION_LEVEL = 0;
				GCC_PREPROCESSOR_DEFINITIONS = ("'CMAKE_INTDIR=\"$(CONFIGURATION)$(EFFECTIVE_PLATFORM_NAME)\"'");
				GCC_SYMBOLS_PRIVATE_EXTERN = NO;
				INSTALL_PATH = "";
				OTHER_LDFLAGS = " ";
				OTHER_REZFLAGS = "";
				PRODUCT_NAME = ZERO_CHECK;
				SECTORDER_FLAGS = "";
				SYMROOT = "/Users/yamadapc/projects/file-saver/xcode";
				USE_HEADERMAP = NO;
				WARNING_CFLAGS = ("-Wmost","-Wno-four-char-constants","-Wno-unknown-pragmas","$(inherited)");
			};
			name = Debug;
		};
		7899A22888214FFB8C881B3C /* Release */ = {
			isa = XCBuildConfiguration;
			buildSettings = {
				COMBINE_HIDPI_IMAGES = YES;
				GCC_GENERATE_DEBUGGING_SYMBOLS = YES;
				GCC_INLINES_ARE_PRIVATE_EXTERN = NO;
				GCC_OPTIMIZATION_LEVEL = 0;
				GCC_PREPROCESSOR_DEFINITIONS = ("'CMAKE_INTDIR=\"$(CONFIGURATION)$(EFFECTIVE_PLATFORM_NAME)\"'");
				GCC_SYMBOLS_PRIVATE_EXTERN = NO;
				INSTALL_PATH = "";
				OTHER_LDFLAGS = " ";
				OTHER_REZFLAGS = "";
				PRODUCT_NAME = ZERO_CHECK;
				SECTORDER_FLAGS = "";
				SYMROOT = "/Users/yamadapc/projects/file-saver/xcode";
				USE_HEADERMAP = NO;
				WARNING_CFLAGS = ("-Wmost","-Wno-four-char-constants","-Wno-unknown-pragmas","$(inherited)");
			};
			name = Release;
		};
		95069F514CFF4165852A2299 /* Release */ = {
			isa = XCBuildConfiguration;
			buildSettings = {
				ONLY_ACTIVE_ARCH = YES;
				SDKROOT = /Applications/Xcode.app/Contents/Developer/Platforms/MacOSX.platform/Developer/SDKs/MacOSX10.14.sdk;
				SYMROOT = "/Users/yamadapc/projects/file-saver/xcode/build";
			};
			name = Release;
		};
		A1640B412C564181B2BFDA9C /* MinSizeRel */ = {
			isa = XCBuildConfiguration;
			buildSettings = {
				COMBINE_HIDPI_IMAGES = YES;
				EXECUTABLE_PREFIX = "";
				EXECUTABLE_SUFFIX = "";
				GCC_GENERATE_DEBUGGING_SYMBOLS = NO;
				GCC_INLINES_ARE_PRIVATE_EXTERN = NO;
				GCC_OPTIMIZATION_LEVEL = s;
				GCC_PREPROCESSOR_DEFINITIONS = ("'CMAKE_INTDIR=\"$(CONFIGURATION)$(EFFECTIVE_PLATFORM_NAME)\"'");
				GCC_SYMBOLS_PRIVATE_EXTERN = NO;
				HEADER_SEARCH_PATHS = (/usr/local/include);
				INSTALL_PATH = "";
				LIBRARY_SEARCH_PATHS = "";
				OTHER_CPLUSPLUSFLAGS = "    -DNDEBUG '-std=gnu++1z'  ";
				OTHER_LDFLAGS = " -Wl,-search_paths_first -Wl,-headerpad_max_install_names  /usr/local/lib/libboost_filesystem-mt.a /usr/local/lib/libboost_system-mt.a";
				OTHER_REZFLAGS = "";
				PRODUCT_NAME = file_saver;
				SECTORDER_FLAGS = "";
				SYMROOT = "/Users/yamadapc/projects/file-saver/xcode";
				USE_HEADERMAP = NO;
				WARNING_CFLAGS = ("-Wmost","-Wno-four-char-constants","-Wno-unknown-pragmas","$(inherited)");
			};
			name = MinSizeRel;
		};
		AC1295FA31A24237AC88724E /* Debug */ = {
			isa = XCBuildConfiguration;
			buildSettings = {
				ONLY_ACTIVE_ARCH = YES;
				SDKROOT = /Applications/Xcode.app/Contents/Developer/Platforms/MacOSX.platform/Developer/SDKs/MacOSX10.14.sdk;
				SYMROOT = "/Users/yamadapc/projects/file-saver/xcode/build";
			};
			name = Debug;
		};
		BE1B047455B6498E8F1EDD21 /* Debug */ = {
			isa = XCBuildConfiguration;
			buildSettings = {
				COMBINE_HIDPI_IMAGES = YES;
				GCC_GENERATE_DEBUGGING_SYMBOLS = YES;
				GCC_INLINES_ARE_PRIVATE_EXTERN = NO;
				GCC_OPTIMIZATION_LEVEL = 0;
				GCC_PREPROCESSOR_DEFINITIONS = ("'CMAKE_INTDIR=\"$(CONFIGURATION)$(EFFECTIVE_PLATFORM_NAME)\"'");
				GCC_SYMBOLS_PRIVATE_EXTERN = NO;
				INSTALL_PATH = "";
				OTHER_LDFLAGS = " ";
				OTHER_REZFLAGS = "";
				PRODUCT_NAME = ALL_BUILD;
				SECTORDER_FLAGS = "";
				SYMROOT = "/Users/yamadapc/projects/file-saver/xcode";
				USE_HEADERMAP = NO;
				WARNING_CFLAGS = ("-Wmost","-Wno-four-char-constants","-Wno-unknown-pragmas","$(inherited)");
			};
			name = Debug;
		};
		DA565FEFED1845DD9F4B1532 /* Release */ = {
			isa = XCBuildConfiguration;
			buildSettings = {
				COMBINE_HIDPI_IMAGES = YES;
				EXECUTABLE_PREFIX = lib;
				EXECUTABLE_SUFFIX = .a;
				GCC_GENERATE_DEBUGGING_SYMBOLS = NO;
				GCC_INLINES_ARE_PRIVATE_EXTERN = NO;
				GCC_OPTIMIZATION_LEVEL = 3;
				GCC_PREPROCESSOR_DEFINITIONS = ("'CMAKE_INTDIR=\"$(CONFIGURATION)$(EFFECTIVE_PLATFORM_NAME)\"'");
				GCC_SYMBOLS_PRIVATE_EXTERN = NO;
				HEADER_SEARCH_PATHS = (/usr/local/include);
				INSTALL_PATH = "";
				LIBRARY_STYLE = STATIC;
				OTHER_CPLUSPLUSFLAGS = "    -DNDEBUG '-std=gnu++1z'  ";
				OTHER_LIBTOOLFLAGS = " ";
				OTHER_REZFLAGS = "";
				PRODUCT_NAME = libfilesaver;
				SECTORDER_FLAGS = "";
				SYMROOT = "/Users/yamadapc/projects/file-saver/xcode";
				USE_HEADERMAP = NO;
				WARNING_CFLAGS = ("-Wmost","-Wno-four-char-constants","-Wno-unknown-pragmas","$(inherited)");
			};
			name = Release;
		};
		DF9ED09914EF424194377BCD /* MinSizeRel */ = {
			isa = XCBuildConfiguration;
			buildSettings = {
				COMBINE_HIDPI_IMAGES = YES;
				GCC_GENERATE_DEBUGGING_SYMBOLS = YES;
				GCC_INLINES_ARE_PRIVATE_EXTERN = NO;
				GCC_OPTIMIZATION_LEVEL = 0;
				GCC_PREPROCESSOR_DEFINITIONS = ("'CMAKE_INTDIR=\"$(CONFIGURATION)$(EFFECTIVE_PLATFORM_NAME)\"'");
				GCC_SYMBOLS_PRIVATE_EXTERN = NO;
				INSTALL_PATH = "";
				OTHER_LDFLAGS = " ";
				OTHER_REZFLAGS = "";
				PRODUCT_NAME = ZERO_CHECK;
				SECTORDER_FLAGS = "";
				SYMROOT = "/Users/yamadapc/projects/file-saver/xcode";
				USE_HEADERMAP = NO;
				WARNING_CFLAGS = ("-Wmost","-Wno-four-char-constants","-Wno-unknown-pragmas","$(inherited)");
			};
			name = MinSizeRel;
		};
		E698281E24AD4024A327098B /* RelWithDebInfo */ = {
			isa = XCBuildConfiguration;
			buildSettings = {
				COMBINE_HIDPI_IMAGES = YES;
				GCC_GENERATE_DEBUGGING_SYMBOLS = YES;
				GCC_INLINES_ARE_PRIVATE_EXTERN = NO;
				GCC_OPTIMIZATION_LEVEL = 0;
				GCC_PREPROCESSOR_DEFINITIONS = ("'CMAKE_INTDIR=\"$(CONFIGURATION)$(EFFECTIVE_PLATFORM_NAME)\"'");
				GCC_SYMBOLS_PRIVATE_EXTERN = NO;
				INSTALL_PATH = "";
				OTHER_LDFLAGS = " ";
				OTHER_REZFLAGS = "";
				PRODUCT_NAME = ZERO_CHECK;
				SECTORDER_FLAGS = "";
				SYMROOT = "/Users/yamadapc/projects/file-saver/xcode";
				USE_HEADERMAP = NO;
				WARNING_CFLAGS = ("-Wmost","-Wno-four-char-constants","-Wno-unknown-pragmas","$(inherited)");
			};
			name = RelWithDebInfo;
		};
		FA6AE38AB23A4067A31FBF97 /* Debug */ = {
			isa = XCBuildConfiguration;
			buildSettings = {
				COMBINE_HIDPI_IMAGES = YES;
				EXECUTABLE_PREFIX = lib;
				EXECUTABLE_SUFFIX = .a;
				GCC_GENERATE_DEBUGGING_SYMBOLS = YES;
				GCC_INLINES_ARE_PRIVATE_EXTERN = NO;
				GCC_OPTIMIZATION_LEVEL = 0;
				GCC_PREPROCESSOR_DEFINITIONS = ("'CMAKE_INTDIR=\"$(CONFIGURATION)$(EFFECTIVE_PLATFORM_NAME)\"'");
				GCC_SYMBOLS_PRIVATE_EXTERN = NO;
				HEADER_SEARCH_PATHS = (/usr/local/include);
				INSTALL_PATH = "";
				LIBRARY_STYLE = STATIC;
				OTHER_CPLUSPLUSFLAGS = "   '-std=gnu++1z'  ";
				OTHER_LIBTOOLFLAGS = " ";
				OTHER_REZFLAGS = "";
				PRODUCT_NAME = libfilesaver;
				SECTORDER_FLAGS = "";
				SYMROOT = "/Users/yamadapc/projects/file-saver/xcode";
				USE_HEADERMAP = NO;
				WARNING_CFLAGS = ("-Wmost","-Wno-four-char-constants","-Wno-unknown-pragmas","$(inherited)");
			};
			name = Debug;
		};
		FBECDA984D5D4356ACA083A7 /* MinSizeRel */ = {
			isa = XCBuildConfiguration;
			buildSettings = {
				COMBINE_HIDPI_IMAGES = YES;
				GCC_GENERATE_DEBUGGING_SYMBOLS = YES;
				GCC_INLINES_ARE_PRIVATE_EXTERN = NO;
				GCC_OPTIMIZATION_LEVEL = 0;
				GCC_PREPROCESSOR_DEFINITIONS = ("'CMAKE_INTDIR=\"$(CONFIGURATION)$(EFFECTIVE_PLATFORM_NAME)\"'");
				GCC_SYMBOLS_PRIVATE_EXTERN = NO;
				INSTALL_PATH = "";
				OTHER_LDFLAGS = " ";
				OTHER_REZFLAGS = "";
				PRODUCT_NAME = ALL_BUILD;
				SECTORDER_FLAGS = "";
				SYMROOT = "/Users/yamadapc/projects/file-saver/xcode";
				USE_HEADERMAP = NO;
				WARNING_CFLAGS = ("-Wmost","-Wno-four-char-constants","-Wno-unknown-pragmas","$(inherited)");
			};
			name = MinSizeRel;
		};
/* End XCBuildConfiguration section */

/* Begin XCConfigurationList section */
		86BBAD9248B44BFEAB70E59D /* Build configuration list for PBXAggregateTarget "ALL_BUILD" */ = {
			isa = XCConfigurationList;
			buildConfigurations = (
				BE1B047455B6498E8F1EDD21 /* Debug */,
				6F4E81E9A501473B959DAA2D /* Release */,
				FBECDA984D5D4356ACA083A7 /* MinSizeRel */,
				1545D3287EC44BDC9ACA080A /* RelWithDebInfo */,
			);
			defaultConfigurationIsVisible = 0;
			defaultConfigurationName = Debug;
		};
		A1D6FD0C370F4D749A5DDA4E /* Build configuration list for PBXNativeTarget "libfilesaver" */ = {
			isa = XCConfigurationList;
			buildConfigurations = (
				FA6AE38AB23A4067A31FBF97 /* Debug */,
				DA565FEFED1845DD9F4B1532 /* Release */,
				58032FEC113443029A3C6B1C /* MinSizeRel */,
				6D84AFADE67342218C559C8A /* RelWithDebInfo */,
			);
			defaultConfigurationIsVisible = 0;
			defaultConfigurationName = Debug;
		};
		AE71DC5F8DA0454C91B33FBB /* Build configuration list for PBXNativeTarget "file_saver" */ = {
			isa = XCConfigurationList;
			buildConfigurations = (
				2060226DF6484BF6802FEDEE /* Debug */,
				1F2A787BAA4C4ABAAC865D92 /* Release */,
				A1640B412C564181B2BFDA9C /* MinSizeRel */,
				2197A854B75B4819AE825391 /* RelWithDebInfo */,
			);
			defaultConfigurationIsVisible = 0;
			defaultConfigurationName = Debug;
		};
		DB7B3C027CDF4BD7A13206F8 /* Build configuration list for PBXProject "file_saver" */ = {
			isa = XCConfigurationList;
			buildConfigurations = (
				AC1295FA31A24237AC88724E /* Debug */,
				95069F514CFF4165852A2299 /* Release */,
				291DD6D968404122B7ED6234 /* MinSizeRel */,
				5FE127B115D84B69ABC71BF5 /* RelWithDebInfo */,
			);
			defaultConfigurationIsVisible = 0;
			defaultConfigurationName = Debug;
		};
		EB6FBBD0460842B9B6F1D161 /* Build configuration list for PBXAggregateTarget "ZERO_CHECK" */ = {
			isa = XCConfigurationList;
			buildConfigurations = (
				750E009EC00D4FBAB3B758BE /* Debug */,
				7899A22888214FFB8C881B3C /* Release */,
				DF9ED09914EF424194377BCD /* MinSizeRel */,
				E698281E24AD4024A327098B /* RelWithDebInfo */,
			);
			defaultConfigurationIsVisible = 0;
			defaultConfigurationName = Debug;
		};
/* End XCConfigurationList section */
	};
	rootObject = 5F99CA199B21434EBB21D3D5 /* Project object */;
}
