{
  "object": {
    "pins": [
      {
        "package": "Charts",
        "repositoryURL": "https://github.com/spacenation/swiftui-charts",
        "state": {
          "branch": null,
          "revision": "b044e7eb04d0026490eecb115f4fc07197dad942",
          "version": "1.1.0"
        }
      }
    ]
  },
  "version": 1
}
